{
  "version": 4,
  "terraform_version": "1.6.6",
  "serial": 698,
  "lineage": "966cfc14-174d-fdab-deed-ff79ebddab92",
  "outputs": {
    "endpoints": {
      "value": [
        "https://euw1-main-xmpp-1.dev.meet.alve.live",
        "https://euw1-main-jicofo-1.dev.meet.alve.live",
        "https://euw1-main-jvb-1.dev.meet.alve.live",
        "https://euw1-main-jvb-2.dev.meet.alve.live",
        "https://euw1-main-jvb-3.dev.meet.alve.live"
      ],
      "type": [
        "tuple",
        [
          "string",
          "string",
          "string",
          "string",
          "string"
        ]
      ]
    },
    "install_scripts": {
      "value": [
        "#!/bin/bash\nset -e\n\n# Install Docker\nsudo apt update\nsudo apt-get -y install apt-transport-https ca-certificates curl software-properties-common\ncurl -fsSL https://download.docker.com/linux/ubuntu/gpg | sudo apt-key add -\nsudo add-apt-repository -y \"deb [arch=amd64] https://download.docker.com/linux/ubuntu $(lsb_release -cs) stable\"\nsudo apt update\nsudo apt-get -y install docker-ce\nsudo usermod -a -G docker $(whoami)\nsudo apt-get install docker-compose -y\n\n# Add user 'jitsi'\nsudo adduser jitsi\nsudo usermod -a -G docker jitsi\n\n# Grant sudo privileges to the user 'jitsi'\n# sudo usermod -aG sudo jitsi\n\n# Switch to the user 'jitsi'\nsu - jitsi\ncd ~\n\n# Clone repository\ngit clone https://accountsosoci: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@github.com/alvelive/docker-jitsi-meet.git\ncd docker-jitsi-meet\n\n# Create ENV\ncat \u003c\u003cEOT \u003e.env\nPUBLIC_URL=\"https://euw1-main-xmpp-1.dev.meet.alve.live\"\nLOG_LEVEL=\"trace\"\nCONFIG=\"~/.jitsi-meet-cfg\"\nHTTP_PORT=\"8000\"\nHTTPS_PORT=\"8443\"\nTZ=\"UTC\"\nETHERPAD_TITLE=\"Alve\"\nETHERPAD_DEFAULT_PAD_TEXT=\"Welcome to Alve!\\n\\n\"\nETHERPAD_SKIN_NAME=\"colibris\"\nETHERPAD_SKIN_VARIANTS=\"super-light-toolbar super-light-editor light-background full-width-editor\"\n\n# Frontend (web service)\nDEPLOYMENTINFO_ENVIRONMENT=\"production\"\nDEPLOYMENTINFO_ENVIRONMENT_TYPE=\"cloud\"\nDEPLOYMENTINFO_REGION=\"euw1\"\nDEPLOYMENTINFO_SHARD=\"main\"\nDEPLOYMENTINFO_USERREGION=\"euw1\"\n\n# Prosody\nENABLE_OCTO=\"true\"\nENABLE_AUTH=\"true\"\nENABLE_LETSENCRYPT=\"true\"\nLETSENCRYPT_DOMAIN=\"euw1-main-xmpp-1.dev.meet.alve.live\"\nLETSENCRYPT_EMAIL=\"accounts@osoci.com\"\n\n# XMPP server (prosody service)\nENABLE_S2S=\"true\"\nXMPP_DOMAIN=\"euw1-main-xmpp.dev.meet.alve.live\"\nXMPP_AUTH_DOMAIN=\"auth.euw1-main-xmpp.dev.meet.alve.live\"\nXMPP_GUEST_DOMAIN=\"guest.euw1-main-xmpp.dev.meet.alve.live\"\nXMPP_MUC_DOMAIN=\"muc.euw1-main-xmpp.dev.meet.alve.live\"\nXMPP_INTERNAL_MUC_DOMAIN=\"internal-muc.euw1-main-xmpp.dev.meet.alve.live\"\nJWT_APP_ID=\"alve-jitsi\"\nJWT_APP_SECRET=\"3ee6445142aa64175105f61e8d5a371d\"\nJWT_ALLOW_EMPTY=\"false\"\n\n# Focus component (jicofo service)\nJICOFO_OCTO_REGION=\"euw1\"\nJICOFO_AUTH_PASSWORD=\"3882d0d27804bd6f83b74bf7115c2552\"\nENABLE_VISITORS=\"false\"\n\n# Video Bridge (jvb service)\nENABLE_COLIBRI_WEBSOCKET=\"false\"\nJVB_XMPP_SERVER=\"euw1-main-xmpp.dev.meet.alve.live\"\nJVB_AUTH_PASSWORD=\"f3c4af26eaccad3a9666185731632f93\"\n\n# Secrets\nJICOFO_COMPONENT_SECRET=\"e66d8e8806d4b9c4ae359f96b9fdfb18\"\n\nEOT\n\n# Export env to current session\nexport $(cat .env | xargs)\n\n# Copy custom plugins to config dir\nmkdir -p ~/$CONFIG/prosody\ncp -R ./custom-prosody-plugins ~/$CONFIG/prosody/prosody-plugins-custom\n\n# Generate required config directories\nmkdir -p ~/$CONFIG/{web,transcripts,prosody/config,jicofo,jvb,jigasi,jibri}\n\n# Start services in selected profiles\ndocker compose --profile xmpp up -d --build\n",
        "#!/bin/bash\nset -e\n\n# Install Docker\nsudo apt update\nsudo apt-get -y install apt-transport-https ca-certificates curl software-properties-common\ncurl -fsSL https://download.docker.com/linux/ubuntu/gpg | sudo apt-key add -\nsudo add-apt-repository -y \"deb [arch=amd64] https://download.docker.com/linux/ubuntu $(lsb_release -cs) stable\"\nsudo apt update\nsudo apt-get -y install docker-ce\nsudo usermod -a -G docker $(whoami)\nsudo apt-get install docker-compose -y\n\n# Add user 'jitsi'\nsudo adduser jitsi\nsudo usermod -a -G docker jitsi\n\n# Grant sudo privileges to the user 'jitsi'\n# sudo usermod -aG sudo jitsi\n\n# Switch to the user 'jitsi'\nsu - jitsi\ncd ~\n\n# Clone repository\ngit clone https://accountsosoci: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@github.com/alvelive/docker-jitsi-meet.git\ncd docker-jitsi-meet\n\n# Create ENV\ncat \u003c\u003cEOT \u003e.env\nPUBLIC_URL=\"https://euw1-main-jicofo-1.dev.meet.alve.live\"\nLOG_LEVEL=\"trace\"\nCONFIG=\"~/.jitsi-meet-cfg\"\nHTTP_PORT=\"8000\"\nHTTPS_PORT=\"8443\"\nTZ=\"UTC\"\nETHERPAD_TITLE=\"Alve\"\nETHERPAD_DEFAULT_PAD_TEXT=\"Welcome to Alve!\\n\\n\"\nETHERPAD_SKIN_NAME=\"colibris\"\nETHERPAD_SKIN_VARIANTS=\"super-light-toolbar super-light-editor light-background full-width-editor\"\n\n# Frontend (web service)\nDEPLOYMENTINFO_ENVIRONMENT=\"production\"\nDEPLOYMENTINFO_ENVIRONMENT_TYPE=\"cloud\"\nDEPLOYMENTINFO_REGION=\"euw1\"\nDEPLOYMENTINFO_SHARD=\"main\"\nDEPLOYMENTINFO_USERREGION=\"euw1\"\n\n# Prosody\nENABLE_OCTO=\"true\"\nENABLE_AUTH=\"true\"\nENABLE_LETSENCRYPT=\"true\"\nLETSENCRYPT_DOMAIN=\"euw1-main-jicofo-1.dev.meet.alve.live\"\nLETSENCRYPT_EMAIL=\"accounts@osoci.com\"\n\n# XMPP server (prosody service)\nENABLE_S2S=\"true\"\nXMPP_DOMAIN=\"euw1-main-xmpp.dev.meet.alve.live\"\nXMPP_AUTH_DOMAIN=\"auth.euw1-main-xmpp.dev.meet.alve.live\"\nXMPP_GUEST_DOMAIN=\"guest.euw1-main-xmpp.dev.meet.alve.live\"\nXMPP_MUC_DOMAIN=\"muc.euw1-main-xmpp.dev.meet.alve.live\"\nXMPP_INTERNAL_MUC_DOMAIN=\"internal-muc.euw1-main-xmpp.dev.meet.alve.live\"\nJWT_APP_ID=\"alve-jitsi\"\nJWT_APP_SECRET=\"3ee6445142aa64175105f61e8d5a371d\"\nJWT_ALLOW_EMPTY=\"false\"\n\n# Focus component (jicofo service)\nJICOFO_OCTO_REGION=\"euw1\"\nJICOFO_AUTH_PASSWORD=\"3882d0d27804bd6f83b74bf7115c2552\"\nENABLE_VISITORS=\"false\"\n\n# Video Bridge (jvb service)\nENABLE_COLIBRI_WEBSOCKET=\"false\"\nJVB_XMPP_SERVER=\"euw1-main-xmpp.dev.meet.alve.live\"\nJVB_AUTH_PASSWORD=\"f3c4af26eaccad3a9666185731632f93\"\n\n# Secrets\nJICOFO_COMPONENT_SECRET=\"e66d8e8806d4b9c4ae359f96b9fdfb18\"\n\nEOT\n\n# Export env to current session\nexport $(cat .env | xargs)\n\n# Copy custom plugins to config dir\nmkdir -p ~/$CONFIG/prosody\ncp -R ./custom-prosody-plugins ~/$CONFIG/prosody/prosody-plugins-custom\n\n# Generate required config directories\nmkdir -p ~/$CONFIG/{web,transcripts,prosody/config,jicofo,jvb,jigasi,jibri}\n\n# Start services in selected profiles\ndocker compose --profile jicofo up -d --build\n",
        "#!/bin/bash\nset -e\n\n# Install Docker\nsudo apt update\nsudo apt-get -y install apt-transport-https ca-certificates curl software-properties-common\ncurl -fsSL https://download.docker.com/linux/ubuntu/gpg | sudo apt-key add -\nsudo add-apt-repository -y \"deb [arch=amd64] https://download.docker.com/linux/ubuntu $(lsb_release -cs) stable\"\nsudo apt update\nsudo apt-get -y install docker-ce\nsudo usermod -a -G docker $(whoami)\nsudo apt-get install docker-compose -y\n\n# Add user 'jitsi'\nsudo adduser jitsi\nsudo usermod -a -G docker jitsi\n\n# Grant sudo privileges to the user 'jitsi'\n# sudo usermod -aG sudo jitsi\n\n# Switch to the user 'jitsi'\nsu - jitsi\ncd ~\n\n# Clone repository\ngit clone https://accountsosoci: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@github.com/alvelive/docker-jitsi-meet.git\ncd docker-jitsi-meet\n\n# Create ENV\ncat \u003c\u003cEOT \u003e.env\nPUBLIC_URL=\"https://euw1-main-jvb-1.dev.meet.alve.live\"\nLOG_LEVEL=\"trace\"\nCONFIG=\"~/.jitsi-meet-cfg\"\nHTTP_PORT=\"8000\"\nHTTPS_PORT=\"8443\"\nTZ=\"UTC\"\nETHERPAD_TITLE=\"Alve\"\nETHERPAD_DEFAULT_PAD_TEXT=\"Welcome to Alve!\\n\\n\"\nETHERPAD_SKIN_NAME=\"colibris\"\nETHERPAD_SKIN_VARIANTS=\"super-light-toolbar super-light-editor light-background full-width-editor\"\n\n# Frontend (web service)\nDEPLOYMENTINFO_ENVIRONMENT=\"production\"\nDEPLOYMENTINFO_ENVIRONMENT_TYPE=\"cloud\"\nDEPLOYMENTINFO_REGION=\"euw1\"\nDEPLOYMENTINFO_SHARD=\"main\"\nDEPLOYMENTINFO_USERREGION=\"euw1\"\n\n# Prosody\nENABLE_OCTO=\"true\"\nENABLE_AUTH=\"true\"\nENABLE_LETSENCRYPT=\"true\"\nLETSENCRYPT_DOMAIN=\"euw1-main-jvb-1.dev.meet.alve.live\"\nLETSENCRYPT_EMAIL=\"accounts@osoci.com\"\n\n# XMPP server (prosody service)\nENABLE_S2S=\"true\"\nXMPP_DOMAIN=\"euw1-main-xmpp.dev.meet.alve.live\"\nXMPP_AUTH_DOMAIN=\"auth.euw1-main-xmpp.dev.meet.alve.live\"\nXMPP_GUEST_DOMAIN=\"guest.euw1-main-xmpp.dev.meet.alve.live\"\nXMPP_MUC_DOMAIN=\"muc.euw1-main-xmpp.dev.meet.alve.live\"\nXMPP_INTERNAL_MUC_DOMAIN=\"internal-muc.euw1-main-xmpp.dev.meet.alve.live\"\nJWT_APP_ID=\"alve-jitsi\"\nJWT_APP_SECRET=\"3ee6445142aa64175105f61e8d5a371d\"\nJWT_ALLOW_EMPTY=\"false\"\n\n# Focus component (jicofo service)\nJICOFO_OCTO_REGION=\"euw1\"\nJICOFO_AUTH_PASSWORD=\"3882d0d27804bd6f83b74bf7115c2552\"\nENABLE_VISITORS=\"false\"\n\n# Video Bridge (jvb service)\nENABLE_COLIBRI_WEBSOCKET=\"false\"\nJVB_XMPP_SERVER=\"euw1-main-xmpp.dev.meet.alve.live\"\nJVB_AUTH_PASSWORD=\"f3c4af26eaccad3a9666185731632f93\"\n\n# Secrets\nJICOFO_COMPONENT_SECRET=\"e66d8e8806d4b9c4ae359f96b9fdfb18\"\n\nEOT\n\n# Export env to current session\nexport $(cat .env | xargs)\n\n# Copy custom plugins to config dir\nmkdir -p ~/$CONFIG/prosody\ncp -R ./custom-prosody-plugins ~/$CONFIG/prosody/prosody-plugins-custom\n\n# Generate required config directories\nmkdir -p ~/$CONFIG/{web,transcripts,prosody/config,jicofo,jvb,jigasi,jibri}\n\n# Start services in selected profiles\ndocker compose --profile jvb up -d --build\n",
        "#!/bin/bash\nset -e\n\n# Install Docker\nsudo apt update\nsudo apt-get -y install apt-transport-https ca-certificates curl software-properties-common\ncurl -fsSL https://download.docker.com/linux/ubuntu/gpg | sudo apt-key add -\nsudo add-apt-repository -y \"deb [arch=amd64] https://download.docker.com/linux/ubuntu $(lsb_release -cs) stable\"\nsudo apt update\nsudo apt-get -y install docker-ce\nsudo usermod -a -G docker $(whoami)\nsudo apt-get install docker-compose -y\n\n# Add user 'jitsi'\nsudo adduser jitsi\nsudo usermod -a -G docker jitsi\n\n# Grant sudo privileges to the user 'jitsi'\n# sudo usermod -aG sudo jitsi\n\n# Switch to the user 'jitsi'\nsu - jitsi\ncd ~\n\n# Clone repository\ngit clone https://accountsosoci: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@github.com/alvelive/docker-jitsi-meet.git\ncd docker-jitsi-meet\n\n# Create ENV\ncat \u003c\u003cEOT \u003e.env\nPUBLIC_URL=\"https://euw1-main-jvb-2.dev.meet.alve.live\"\nLOG_LEVEL=\"trace\"\nCONFIG=\"~/.jitsi-meet-cfg\"\nHTTP_PORT=\"8000\"\nHTTPS_PORT=\"8443\"\nTZ=\"UTC\"\nETHERPAD_TITLE=\"Alve\"\nETHERPAD_DEFAULT_PAD_TEXT=\"Welcome to Alve!\\n\\n\"\nETHERPAD_SKIN_NAME=\"colibris\"\nETHERPAD_SKIN_VARIANTS=\"super-light-toolbar super-light-editor light-background full-width-editor\"\n\n# Frontend (web service)\nDEPLOYMENTINFO_ENVIRONMENT=\"production\"\nDEPLOYMENTINFO_ENVIRONMENT_TYPE=\"cloud\"\nDEPLOYMENTINFO_REGION=\"euw1\"\nDEPLOYMENTINFO_SHARD=\"main\"\nDEPLOYMENTINFO_USERREGION=\"euw1\"\n\n# Prosody\nENABLE_OCTO=\"true\"\nENABLE_AUTH=\"true\"\nENABLE_LETSENCRYPT=\"true\"\nLETSENCRYPT_DOMAIN=\"euw1-main-jvb-2.dev.meet.alve.live\"\nLETSENCRYPT_EMAIL=\"accounts@osoci.com\"\n\n# XMPP server (prosody service)\nENABLE_S2S=\"true\"\nXMPP_DOMAIN=\"euw1-main-xmpp.dev.meet.alve.live\"\nXMPP_AUTH_DOMAIN=\"auth.euw1-main-xmpp.dev.meet.alve.live\"\nXMPP_GUEST_DOMAIN=\"guest.euw1-main-xmpp.dev.meet.alve.live\"\nXMPP_MUC_DOMAIN=\"muc.euw1-main-xmpp.dev.meet.alve.live\"\nXMPP_INTERNAL_MUC_DOMAIN=\"internal-muc.euw1-main-xmpp.dev.meet.alve.live\"\nJWT_APP_ID=\"alve-jitsi\"\nJWT_APP_SECRET=\"3ee6445142aa64175105f61e8d5a371d\"\nJWT_ALLOW_EMPTY=\"false\"\n\n# Focus component (jicofo service)\nJICOFO_OCTO_REGION=\"euw1\"\nJICOFO_AUTH_PASSWORD=\"3882d0d27804bd6f83b74bf7115c2552\"\nENABLE_VISITORS=\"false\"\n\n# Video Bridge (jvb service)\nENABLE_COLIBRI_WEBSOCKET=\"false\"\nJVB_XMPP_SERVER=\"euw1-main-xmpp.dev.meet.alve.live\"\nJVB_AUTH_PASSWORD=\"f3c4af26eaccad3a9666185731632f93\"\n\n# Secrets\nJICOFO_COMPONENT_SECRET=\"e66d8e8806d4b9c4ae359f96b9fdfb18\"\n\nEOT\n\n# Export env to current session\nexport $(cat .env | xargs)\n\n# Copy custom plugins to config dir\nmkdir -p ~/$CONFIG/prosody\ncp -R ./custom-prosody-plugins ~/$CONFIG/prosody/prosody-plugins-custom\n\n# Generate required config directories\nmkdir -p ~/$CONFIG/{web,transcripts,prosody/config,jicofo,jvb,jigasi,jibri}\n\n# Start services in selected profiles\ndocker compose --profile jvb up -d --build\n",
        "#!/bin/bash\nset -e\n\n# Install Docker\nsudo apt update\nsudo apt-get -y install apt-transport-https ca-certificates curl software-properties-common\ncurl -fsSL https://download.docker.com/linux/ubuntu/gpg | sudo apt-key add -\nsudo add-apt-repository -y \"deb [arch=amd64] https://download.docker.com/linux/ubuntu $(lsb_release -cs) stable\"\nsudo apt update\nsudo apt-get -y install docker-ce\nsudo usermod -a -G docker $(whoami)\nsudo apt-get install docker-compose -y\n\n# Add user 'jitsi'\nsudo adduser jitsi\nsudo usermod -a -G docker jitsi\n\n# Grant sudo privileges to the user 'jitsi'\n# sudo usermod -aG sudo jitsi\n\n# Switch to the user 'jitsi'\nsu - jitsi\ncd ~\n\n# Clone repository\ngit clone https://accountsosoci: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@github.com/alvelive/docker-jitsi-meet.git\ncd docker-jitsi-meet\n\n# Create ENV\ncat \u003c\u003cEOT \u003e.env\nPUBLIC_URL=\"https://euw1-main-jvb-3.dev.meet.alve.live\"\nLOG_LEVEL=\"trace\"\nCONFIG=\"~/.jitsi-meet-cfg\"\nHTTP_PORT=\"8000\"\nHTTPS_PORT=\"8443\"\nTZ=\"UTC\"\nETHERPAD_TITLE=\"Alve\"\nETHERPAD_DEFAULT_PAD_TEXT=\"Welcome to Alve!\\n\\n\"\nETHERPAD_SKIN_NAME=\"colibris\"\nETHERPAD_SKIN_VARIANTS=\"super-light-toolbar super-light-editor light-background full-width-editor\"\n\n# Frontend (web service)\nDEPLOYMENTINFO_ENVIRONMENT=\"production\"\nDEPLOYMENTINFO_ENVIRONMENT_TYPE=\"cloud\"\nDEPLOYMENTINFO_REGION=\"euw1\"\nDEPLOYMENTINFO_SHARD=\"main\"\nDEPLOYMENTINFO_USERREGION=\"euw1\"\n\n# Prosody\nENABLE_OCTO=\"true\"\nENABLE_AUTH=\"true\"\nENABLE_LETSENCRYPT=\"true\"\nLETSENCRYPT_DOMAIN=\"euw1-main-jvb-3.dev.meet.alve.live\"\nLETSENCRYPT_EMAIL=\"accounts@osoci.com\"\n\n# XMPP server (prosody service)\nENABLE_S2S=\"true\"\nXMPP_DOMAIN=\"euw1-main-xmpp.dev.meet.alve.live\"\nXMPP_AUTH_DOMAIN=\"auth.euw1-main-xmpp.dev.meet.alve.live\"\nXMPP_GUEST_DOMAIN=\"guest.euw1-main-xmpp.dev.meet.alve.live\"\nXMPP_MUC_DOMAIN=\"muc.euw1-main-xmpp.dev.meet.alve.live\"\nXMPP_INTERNAL_MUC_DOMAIN=\"internal-muc.euw1-main-xmpp.dev.meet.alve.live\"\nJWT_APP_ID=\"alve-jitsi\"\nJWT_APP_SECRET=\"3ee6445142aa64175105f61e8d5a371d\"\nJWT_ALLOW_EMPTY=\"false\"\n\n# Focus component (jicofo service)\nJICOFO_OCTO_REGION=\"euw1\"\nJICOFO_AUTH_PASSWORD=\"3882d0d27804bd6f83b74bf7115c2552\"\nENABLE_VISITORS=\"false\"\n\n# Video Bridge (jvb service)\nENABLE_COLIBRI_WEBSOCKET=\"false\"\nJVB_XMPP_SERVER=\"euw1-main-xmpp.dev.meet.alve.live\"\nJVB_AUTH_PASSWORD=\"f3c4af26eaccad3a9666185731632f93\"\n\n# Secrets\nJICOFO_COMPONENT_SECRET=\"e66d8e8806d4b9c4ae359f96b9fdfb18\"\n\nEOT\n\n# Export env to current session\nexport $(cat .env | xargs)\n\n# Copy custom plugins to config dir\nmkdir -p ~/$CONFIG/prosody\ncp -R ./custom-prosody-plugins ~/$CONFIG/prosody/prosody-plugins-custom\n\n# Generate required config directories\nmkdir -p ~/$CONFIG/{web,transcripts,prosody/config,jicofo,jvb,jigasi,jibri}\n\n# Start services in selected profiles\ndocker compose --profile jvb up -d --build\n"
      ],
      "type": [
        "tuple",
        [
          "string",
          "string",
          "string",
          "string",
          "string"
        ]
      ]
    },
    "jwt_app_secret": {
      "value": "3ee6445142aa64175105f61e8d5a371d",
      "type": "string"
    },
    "services": {
      "value": [
        "euw1-main-xmpp-1.dev.meet.alve.live",
        "euw1-main-jicofo-1.dev.meet.alve.live",
        "euw1-main-jvb-1.dev.meet.alve.live",
        "euw1-main-jvb-2.dev.meet.alve.live",
        "euw1-main-jvb-3.dev.meet.alve.live"
      ],
      "type": [
        "tuple",
        [
          "string",
          "string",
          "string",
          "string",
          "string"
        ]
      ]
    }
  },
  "resources": [
    {
      "mode": "data",
      "type": "aws_ami",
      "name": "latest_ubuntu",
      "provider": "provider[\"registry.terraform.io/hashicorp/aws\"]",
      "instances": [
        {
          "schema_version": 0,
          "attributes": {
            "architecture": "x86_64",
            "arn": "arn:aws:ec2:eu-west-1::image/ami-0905a3c97561e0b69",
            "block_device_mappings": [
              {
                "device_name": "/dev/sda1",
                "ebs": {
                  "delete_on_termination": "true",
                  "encrypted": "false",
                  "iops": "0",
                  "snapshot_id": "snap-000c4d65305cde84b",
                  "throughput": "0",
                  "volume_size": "8",
                  "volume_type": "gp2"
                },
                "no_device": "",
                "virtual_name": ""
              },
              {
                "device_name": "/dev/sdb",
                "ebs": {},
                "no_device": "",
                "virtual_name": "ephemeral0"
              },
              {
                "device_name": "/dev/sdc",
                "ebs": {},
                "no_device": "",
                "virtual_name": "ephemeral1"
              }
            ],
            "boot_mode": "legacy-bios",
            "creation_date": "2023-12-07T03:26:58.000Z",
            "deprecation_time": "2025-12-07T03:26:58.000Z",
            "description": "Canonical, Ubuntu, 22.04 LTS, amd64 jammy image build on 2023-12-07",
            "ena_support": true,
            "executable_users": null,
            "filter": [
              {
                "name": "name",
                "values": [
                  "ubuntu/images/*/ubuntu-jammy-22.04-*"
                ]
              }
            ],
            "hypervisor": "xen",
            "id": "ami-0905a3c97561e0b69",
            "image_id": "ami-0905a3c97561e0b69",
            "image_location": "amazon/ubuntu/images/hvm-ssd/ubuntu-jammy-22.04-amd64-server-20231207",
            "image_owner_alias": "amazon",
            "image_type": "machine",
            "imds_support": "",
            "include_deprecated": false,
            "kernel_id": "",
            "most_recent": true,
            "name": "ubuntu/images/hvm-ssd/ubuntu-jammy-22.04-amd64-server-20231207",
            "name_regex": null,
            "owner_id": "099720109477",
            "owners": [
              "099720109477"
            ],
            "platform": "",
            "platform_details": "Linux/UNIX",
            "product_codes": [],
            "public": true,
            "ramdisk_id": "",
            "root_device_name": "/dev/sda1",
            "root_device_type": "ebs",
            "root_snapshot_id": "snap-000c4d65305cde84b",
            "sriov_net_support": "simple",
            "state": "available",
            "state_reason": {
              "code": "UNSET",
              "message": "UNSET"
            },
            "tags": {},
            "timeouts": null,
            "tpm_support": "",
            "usage_operation": "RunInstances",
            "virtualization_type": "hvm"
          },
          "sensitive_attributes": []
        }
      ]
    },
    {
      "mode": "data",
      "type": "cloudflare_zone",
      "name": "public",
      "provider": "provider[\"registry.terraform.io/cloudflare/cloudflare\"]",
      "instances": [
        {
          "schema_version": 0,
          "attributes": {
            "account_id": "1bd00fa8d7f1fd4526dfd1853febdc52",
            "id": "af263e6d9efc2a0e8534567c4f0b6be7",
            "name": "alve.live",
            "name_servers": [
              "gracie.ns.cloudflare.com",
              "yew.ns.cloudflare.com"
            ],
            "paused": false,
            "plan": "Free Website",
            "status": "active",
            "vanity_name_servers": [],
            "zone_id": "af263e6d9efc2a0e8534567c4f0b6be7"
          },
          "sensitive_attributes": []
        }
      ]
    },
    {
      "mode": "managed",
      "type": "aws_eip",
      "name": "lb",
      "provider": "provider[\"registry.terraform.io/hashicorp/aws\"]",
      "instances": [
        {
          "index_key": 0,
          "schema_version": 0,
          "attributes": {
            "address": null,
            "allocation_id": "eipalloc-0d91fe9d4f88a447d",
            "associate_with_private_ip": null,
            "association_id": "eipassoc-0430ce08818b27876",
            "carrier_ip": "",
            "customer_owned_ip": "",
            "customer_owned_ipv4_pool": "",
            "domain": "vpc",
            "id": "eipalloc-0d91fe9d4f88a447d",
            "instance": "i-0278759306e0a6ad9",
            "network_border_group": "eu-west-1",
            "network_interface": "eni-0e847b87852fd4496",
            "private_dns": "ip-10-0-0-112.eu-west-1.compute.internal",
            "private_ip": "10.0.0.112",
            "public_dns": "ec2-99-81-77-22.eu-west-1.compute.amazonaws.com",
            "public_ip": "99.81.77.22",
            "public_ipv4_pool": "amazon",
            "tags": {},
            "tags_all": {},
            "timeouts": null,
            "vpc": true
          },
          "sensitive_attributes": [],
          "private": "eyJlMmJmYjczMC1lY2FhLTExZTYtOGY4OC0zNDM2M2JjN2M0YzAiOnsiZGVsZXRlIjoxODAwMDAwMDAwMDAsInJlYWQiOjkwMDAwMDAwMDAwMCwidXBkYXRlIjozMDAwMDAwMDAwMDB9fQ==",
          "dependencies": [
            "aws_instance.services",
            "aws_internet_gateway.main",
            "aws_key_pair.ssh_key",
            "aws_route_table.main_route_table",
            "aws_route_table_association.route_table_association",
            "aws_security_group.jitsi",
            "aws_subnet.main",
            "aws_vpc.main",
            "data.aws_ami.latest_ubuntu",
            "random_id.jicofo_auth_password",
            "random_id.jicofo_component_secret",
            "random_id.jvb_auth_password",
            "random_id.jwt_app_secret"
          ]
        },
        {
          "index_key": 1,
          "schema_version": 0,
          "attributes": {
            "address": null,
            "allocation_id": "eipalloc-0b70ef24c86bf3df2",
            "associate_with_private_ip": null,
            "association_id": "eipassoc-043753f028be440b2",
            "carrier_ip": "",
            "customer_owned_ip": "",
            "customer_owned_ipv4_pool": "",
            "domain": "vpc",
            "id": "eipalloc-0b70ef24c86bf3df2",
            "instance": "i-01a97a982fcad4560",
            "network_border_group": "eu-west-1",
            "network_interface": "eni-0313744bb89eaf7ba",
            "private_dns": "ip-10-0-0-136.eu-west-1.compute.internal",
            "private_ip": "10.0.0.136",
            "public_dns": "ec2-52-48-32-201.eu-west-1.compute.amazonaws.com",
            "public_ip": "52.48.32.201",
            "public_ipv4_pool": "amazon",
            "tags": {},
            "tags_all": {},
            "timeouts": null,
            "vpc": true
          },
          "sensitive_attributes": [],
          "private": "eyJlMmJmYjczMC1lY2FhLTExZTYtOGY4OC0zNDM2M2JjN2M0YzAiOnsiZGVsZXRlIjoxODAwMDAwMDAwMDAsInJlYWQiOjkwMDAwMDAwMDAwMCwidXBkYXRlIjozMDAwMDAwMDAwMDB9fQ==",
          "dependencies": [
            "aws_instance.services",
            "aws_internet_gateway.main",
            "aws_key_pair.ssh_key",
            "aws_route_table.main_route_table",
            "aws_route_table_association.route_table_association",
            "aws_security_group.jitsi",
            "aws_subnet.main",
            "aws_vpc.main",
            "data.aws_ami.latest_ubuntu",
            "random_id.jicofo_auth_password",
            "random_id.jicofo_component_secret",
            "random_id.jvb_auth_password",
            "random_id.jwt_app_secret"
          ]
        },
        {
          "index_key": 2,
          "schema_version": 0,
          "attributes": {
            "address": null,
            "allocation_id": "eipalloc-00f140030f234a7d7",
            "associate_with_private_ip": null,
            "association_id": "eipassoc-0dd5a56d483a672f1",
            "carrier_ip": "",
            "customer_owned_ip": "",
            "customer_owned_ipv4_pool": "",
            "domain": "vpc",
            "id": "eipalloc-00f140030f234a7d7",
            "instance": "i-04577fc3a7b4a9168",
            "network_border_group": "eu-west-1",
            "network_interface": "eni-0ad9183083692b6f3",
            "private_dns": "ip-10-0-0-49.eu-west-1.compute.internal",
            "private_ip": "10.0.0.49",
            "public_dns": "ec2-34-240-97-31.eu-west-1.compute.amazonaws.com",
            "public_ip": "34.240.97.31",
            "public_ipv4_pool": "amazon",
            "tags": {},
            "tags_all": {},
            "timeouts": null,
            "vpc": true
          },
          "sensitive_attributes": [],
          "private": "eyJlMmJmYjczMC1lY2FhLTExZTYtOGY4OC0zNDM2M2JjN2M0YzAiOnsiZGVsZXRlIjoxODAwMDAwMDAwMDAsInJlYWQiOjkwMDAwMDAwMDAwMCwidXBkYXRlIjozMDAwMDAwMDAwMDB9fQ==",
          "dependencies": [
            "aws_instance.services",
            "aws_internet_gateway.main",
            "aws_key_pair.ssh_key",
            "aws_route_table.main_route_table",
            "aws_route_table_association.route_table_association",
            "aws_security_group.jitsi",
            "aws_subnet.main",
            "aws_vpc.main",
            "data.aws_ami.latest_ubuntu",
            "random_id.jicofo_auth_password",
            "random_id.jicofo_component_secret",
            "random_id.jvb_auth_password",
            "random_id.jwt_app_secret"
          ]
        },
        {
          "index_key": 3,
          "schema_version": 0,
          "attributes": {
            "address": null,
            "allocation_id": "eipalloc-0caf92da94d89a491",
            "associate_with_private_ip": null,
            "association_id": "eipassoc-04aca66c4508dc588",
            "carrier_ip": "",
            "customer_owned_ip": "",
            "customer_owned_ipv4_pool": "",
            "domain": "vpc",
            "id": "eipalloc-0caf92da94d89a491",
            "instance": "i-0622cebd2cb337bb4",
            "network_border_group": "eu-west-1",
            "network_interface": "eni-0fda948879260eecd",
            "private_dns": "ip-10-0-0-225.eu-west-1.compute.internal",
            "private_ip": "10.0.0.225",
            "public_dns": "ec2-52-212-126-16.eu-west-1.compute.amazonaws.com",
            "public_ip": "52.212.126.16",
            "public_ipv4_pool": "amazon",
            "tags": {},
            "tags_all": {},
            "timeouts": null,
            "vpc": true
          },
          "sensitive_attributes": [],
          "private": "eyJlMmJmYjczMC1lY2FhLTExZTYtOGY4OC0zNDM2M2JjN2M0YzAiOnsiZGVsZXRlIjoxODAwMDAwMDAwMDAsInJlYWQiOjkwMDAwMDAwMDAwMCwidXBkYXRlIjozMDAwMDAwMDAwMDB9fQ==",
          "dependencies": [
            "aws_instance.services",
            "aws_internet_gateway.main",
            "aws_key_pair.ssh_key",
            "aws_route_table.main_route_table",
            "aws_route_table_association.route_table_association",
            "aws_security_group.jitsi",
            "aws_subnet.main",
            "aws_vpc.main",
            "data.aws_ami.latest_ubuntu",
            "random_id.jicofo_auth_password",
            "random_id.jicofo_component_secret",
            "random_id.jvb_auth_password",
            "random_id.jwt_app_secret"
          ]
        },
        {
          "index_key": 4,
          "schema_version": 0,
          "attributes": {
            "address": null,
            "allocation_id": "eipalloc-007c94d25dba98e06",
            "associate_with_private_ip": null,
            "association_id": "eipassoc-043cab2baa0ec85b4",
            "carrier_ip": "",
            "customer_owned_ip": "",
            "customer_owned_ipv4_pool": "",
            "domain": "vpc",
            "id": "eipalloc-007c94d25dba98e06",
            "instance": "i-09d0e1df69357025a",
            "network_border_group": "eu-west-1",
            "network_interface": "eni-0cfd448a72d080f34",
            "private_dns": "ip-10-0-0-201.eu-west-1.compute.internal",
            "private_ip": "10.0.0.201",
            "public_dns": "ec2-54-75-137-94.eu-west-1.compute.amazonaws.com",
            "public_ip": "54.75.137.94",
            "public_ipv4_pool": "amazon",
            "tags": {},
            "tags_all": {},
            "timeouts": null,
            "vpc": true
          },
          "sensitive_attributes": [],
          "private": "eyJlMmJmYjczMC1lY2FhLTExZTYtOGY4OC0zNDM2M2JjN2M0YzAiOnsiZGVsZXRlIjoxODAwMDAwMDAwMDAsInJlYWQiOjkwMDAwMDAwMDAwMCwidXBkYXRlIjozMDAwMDAwMDAwMDB9fQ==",
          "dependencies": [
            "aws_instance.services",
            "aws_internet_gateway.main",
            "aws_key_pair.ssh_key",
            "aws_route_table.main_route_table",
            "aws_route_table_association.route_table_association",
            "aws_security_group.jitsi",
            "aws_subnet.main",
            "aws_vpc.main",
            "data.aws_ami.latest_ubuntu",
            "random_id.jicofo_auth_password",
            "random_id.jicofo_component_secret",
            "random_id.jvb_auth_password",
            "random_id.jwt_app_secret"
          ]
        }
      ]
    },
    {
      "mode": "managed",
      "type": "aws_instance",
      "name": "services",
      "provider": "provider[\"registry.terraform.io/hashicorp/aws\"]",
      "instances": [
        {
          "index_key": 0,
          "schema_version": 1,
          "attributes": {
            "ami": "ami-0905a3c97561e0b69",
            "arn": "arn:aws:ec2:eu-west-1:716052451530:instance/i-0278759306e0a6ad9",
            "associate_public_ip_address": true,
            "availability_zone": "eu-west-1c",
            "capacity_reservation_specification": [
              {
                "capacity_reservation_preference": "open",
                "capacity_reservation_target": []
              }
            ],
            "cpu_core_count": 1,
            "cpu_options": [
              {
                "amd_sev_snp": "",
                "core_count": 1,
                "threads_per_core": 1
              }
            ],
            "cpu_threads_per_core": 1,
            "credit_specification": [
              {
                "cpu_credits": "standard"
              }
            ],
            "disable_api_stop": false,
            "disable_api_termination": false,
            "ebs_block_device": [],
            "ebs_optimized": false,
            "enclave_options": [
              {
                "enabled": false
              }
            ],
            "ephemeral_block_device": [],
            "get_password_data": false,
            "hibernation": false,
            "host_id": "",
            "host_resource_group_arn": null,
            "iam_instance_profile": "",
            "id": "i-0278759306e0a6ad9",
            "instance_initiated_shutdown_behavior": "stop",
            "instance_lifecycle": "",
            "instance_market_options": [],
            "instance_state": "running",
            "instance_type": "t2.micro",
            "ipv6_address_count": 0,
            "ipv6_addresses": [],
            "key_name": "jitsi-dev.meet.alve.live",
            "launch_template": [],
            "maintenance_options": [
              {
                "auto_recovery": "default"
              }
            ],
            "metadata_options": [
              {
                "http_endpoint": "enabled",
                "http_protocol_ipv6": "disabled",
                "http_put_response_hop_limit": 1,
                "http_tokens": "optional",
                "instance_metadata_tags": "disabled"
              }
            ],
            "monitoring": false,
            "network_interface": [],
            "outpost_arn": "",
            "password_data": "",
            "placement_group": "",
            "placement_partition_number": 0,
            "primary_network_interface_id": "eni-0e847b87852fd4496",
            "private_dns": "ip-10-0-0-112.eu-west-1.compute.internal",
            "private_dns_name_options": [
              {
                "enable_resource_name_dns_a_record": false,
                "enable_resource_name_dns_aaaa_record": false,
                "hostname_type": "ip-name"
              }
            ],
            "private_ip": "10.0.0.112",
            "public_dns": "ec2-99-81-77-22.eu-west-1.compute.amazonaws.com",
            "public_ip": "99.81.77.22",
            "root_block_device": [
              {
                "delete_on_termination": true,
                "device_name": "/dev/sda1",
                "encrypted": false,
                "iops": 100,
                "kms_key_id": "",
                "tags": {},
                "throughput": 0,
                "volume_id": "vol-053039b21e64a8b03",
                "volume_size": 8,
                "volume_type": "gp2"
              }
            ],
            "secondary_private_ips": [],
            "security_groups": [],
            "source_dest_check": true,
            "spot_instance_request_id": "",
            "subnet_id": "subnet-0afc9109d054e45c2",
            "tags": {
              "Name": "euw1-main-xmpp-1.dev.meet.alve.live"
            },
            "tags_all": {
              "Name": "euw1-main-xmpp-1.dev.meet.alve.live"
            },
            "tenancy": "default",
            "timeouts": null,
            "user_data": "a87fd1bae7ebdfa2a91f2ea5298426f8c9b6c1e5",
            "user_data_base64": null,
            "user_data_replace_on_change": false,
            "volume_tags": null,
            "vpc_security_group_ids": [
              "sg-0a90d71aabd58fee5"
            ]
          },
          "sensitive_attributes": [],
          "private": "eyJlMmJmYjczMC1lY2FhLTExZTYtOGY4OC0zNDM2M2JjN2M0YzAiOnsiY3JlYXRlIjo2MDAwMDAwMDAwMDAsImRlbGV0ZSI6MTIwMDAwMDAwMDAwMCwidXBkYXRlIjo2MDAwMDAwMDAwMDB9LCJzY2hlbWFfdmVyc2lvbiI6IjEifQ==",
          "dependencies": [
            "aws_internet_gateway.main",
            "aws_key_pair.ssh_key",
            "aws_route_table.main_route_table",
            "aws_route_table_association.route_table_association",
            "aws_security_group.jitsi",
            "aws_subnet.main",
            "aws_vpc.main",
            "data.aws_ami.latest_ubuntu",
            "random_id.jicofo_auth_password",
            "random_id.jicofo_component_secret",
            "random_id.jvb_auth_password",
            "random_id.jwt_app_secret"
          ],
          "create_before_destroy": true
        },
        {
          "index_key": 1,
          "schema_version": 1,
          "attributes": {
            "ami": "ami-0905a3c97561e0b69",
            "arn": "arn:aws:ec2:eu-west-1:716052451530:instance/i-01a97a982fcad4560",
            "associate_public_ip_address": true,
            "availability_zone": "eu-west-1c",
            "capacity_reservation_specification": [
              {
                "capacity_reservation_preference": "open",
                "capacity_reservation_target": []
              }
            ],
            "cpu_core_count": 1,
            "cpu_options": [
              {
                "amd_sev_snp": "",
                "core_count": 1,
                "threads_per_core": 1
              }
            ],
            "cpu_threads_per_core": 1,
            "credit_specification": [
              {
                "cpu_credits": "standard"
              }
            ],
            "disable_api_stop": false,
            "disable_api_termination": false,
            "ebs_block_device": [],
            "ebs_optimized": false,
            "enclave_options": [
              {
                "enabled": false
              }
            ],
            "ephemeral_block_device": [],
            "get_password_data": false,
            "hibernation": false,
            "host_id": "",
            "host_resource_group_arn": null,
            "iam_instance_profile": "",
            "id": "i-01a97a982fcad4560",
            "instance_initiated_shutdown_behavior": "stop",
            "instance_lifecycle": "",
            "instance_market_options": [],
            "instance_state": "running",
            "instance_type": "t2.micro",
            "ipv6_address_count": 0,
            "ipv6_addresses": [],
            "key_name": "jitsi-dev.meet.alve.live",
            "launch_template": [],
            "maintenance_options": [
              {
                "auto_recovery": "default"
              }
            ],
            "metadata_options": [
              {
                "http_endpoint": "enabled",
                "http_protocol_ipv6": "disabled",
                "http_put_response_hop_limit": 1,
                "http_tokens": "optional",
                "instance_metadata_tags": "disabled"
              }
            ],
            "monitoring": false,
            "network_interface": [],
            "outpost_arn": "",
            "password_data": "",
            "placement_group": "",
            "placement_partition_number": 0,
            "primary_network_interface_id": "eni-0313744bb89eaf7ba",
            "private_dns": "ip-10-0-0-136.eu-west-1.compute.internal",
            "private_dns_name_options": [
              {
                "enable_resource_name_dns_a_record": false,
                "enable_resource_name_dns_aaaa_record": false,
                "hostname_type": "ip-name"
              }
            ],
            "private_ip": "10.0.0.136",
            "public_dns": "ec2-52-48-32-201.eu-west-1.compute.amazonaws.com",
            "public_ip": "52.48.32.201",
            "root_block_device": [
              {
                "delete_on_termination": true,
                "device_name": "/dev/sda1",
                "encrypted": false,
                "iops": 100,
                "kms_key_id": "",
                "tags": {},
                "throughput": 0,
                "volume_id": "vol-0debf3e35da0a80fd",
                "volume_size": 8,
                "volume_type": "gp2"
              }
            ],
            "secondary_private_ips": [],
            "security_groups": [],
            "source_dest_check": true,
            "spot_instance_request_id": "",
            "subnet_id": "subnet-0afc9109d054e45c2",
            "tags": {
              "Name": "euw1-main-jicofo-1.dev.meet.alve.live"
            },
            "tags_all": {
              "Name": "euw1-main-jicofo-1.dev.meet.alve.live"
            },
            "tenancy": "default",
            "timeouts": null,
            "user_data": "ed4bbda2b4c781fee6ab19d36163f9a2a1a34f6c",
            "user_data_base64": null,
            "user_data_replace_on_change": false,
            "volume_tags": null,
            "vpc_security_group_ids": [
              "sg-0a90d71aabd58fee5"
            ]
          },
          "sensitive_attributes": [],
          "private": "eyJlMmJmYjczMC1lY2FhLTExZTYtOGY4OC0zNDM2M2JjN2M0YzAiOnsiY3JlYXRlIjo2MDAwMDAwMDAwMDAsImRlbGV0ZSI6MTIwMDAwMDAwMDAwMCwidXBkYXRlIjo2MDAwMDAwMDAwMDB9LCJzY2hlbWFfdmVyc2lvbiI6IjEifQ==",
          "dependencies": [
            "aws_internet_gateway.main",
            "aws_key_pair.ssh_key",
            "aws_route_table.main_route_table",
            "aws_route_table_association.route_table_association",
            "aws_security_group.jitsi",
            "aws_subnet.main",
            "aws_vpc.main",
            "data.aws_ami.latest_ubuntu",
            "random_id.jicofo_auth_password",
            "random_id.jicofo_component_secret",
            "random_id.jvb_auth_password",
            "random_id.jwt_app_secret"
          ],
          "create_before_destroy": true
        },
        {
          "index_key": 2,
          "schema_version": 1,
          "attributes": {
            "ami": "ami-0905a3c97561e0b69",
            "arn": "arn:aws:ec2:eu-west-1:716052451530:instance/i-04577fc3a7b4a9168",
            "associate_public_ip_address": true,
            "availability_zone": "eu-west-1c",
            "capacity_reservation_specification": [
              {
                "capacity_reservation_preference": "open",
                "capacity_reservation_target": []
              }
            ],
            "cpu_core_count": 1,
            "cpu_options": [
              {
                "amd_sev_snp": "",
                "core_count": 1,
                "threads_per_core": 1
              }
            ],
            "cpu_threads_per_core": 1,
            "credit_specification": [
              {
                "cpu_credits": "standard"
              }
            ],
            "disable_api_stop": false,
            "disable_api_termination": false,
            "ebs_block_device": [],
            "ebs_optimized": false,
            "enclave_options": [
              {
                "enabled": false
              }
            ],
            "ephemeral_block_device": [],
            "get_password_data": false,
            "hibernation": false,
            "host_id": "",
            "host_resource_group_arn": null,
            "iam_instance_profile": "",
            "id": "i-04577fc3a7b4a9168",
            "instance_initiated_shutdown_behavior": "stop",
            "instance_lifecycle": "",
            "instance_market_options": [],
            "instance_state": "running",
            "instance_type": "t2.micro",
            "ipv6_address_count": 0,
            "ipv6_addresses": [],
            "key_name": "jitsi-dev.meet.alve.live",
            "launch_template": [],
            "maintenance_options": [
              {
                "auto_recovery": "default"
              }
            ],
            "metadata_options": [
              {
                "http_endpoint": "enabled",
                "http_protocol_ipv6": "disabled",
                "http_put_response_hop_limit": 1,
                "http_tokens": "optional",
                "instance_metadata_tags": "disabled"
              }
            ],
            "monitoring": false,
            "network_interface": [],
            "outpost_arn": "",
            "password_data": "",
            "placement_group": "",
            "placement_partition_number": 0,
            "primary_network_interface_id": "eni-0ad9183083692b6f3",
            "private_dns": "ip-10-0-0-49.eu-west-1.compute.internal",
            "private_dns_name_options": [
              {
                "enable_resource_name_dns_a_record": false,
                "enable_resource_name_dns_aaaa_record": false,
                "hostname_type": "ip-name"
              }
            ],
            "private_ip": "10.0.0.49",
            "public_dns": "ec2-34-240-97-31.eu-west-1.compute.amazonaws.com",
            "public_ip": "34.240.97.31",
            "root_block_device": [
              {
                "delete_on_termination": true,
                "device_name": "/dev/sda1",
                "encrypted": false,
                "iops": 100,
                "kms_key_id": "",
                "tags": {},
                "throughput": 0,
                "volume_id": "vol-0aba2b60ed4cc1017",
                "volume_size": 8,
                "volume_type": "gp2"
              }
            ],
            "secondary_private_ips": [],
            "security_groups": [],
            "source_dest_check": true,
            "spot_instance_request_id": "",
            "subnet_id": "subnet-0afc9109d054e45c2",
            "tags": {
              "Name": "euw1-main-jvb-1.dev.meet.alve.live"
            },
            "tags_all": {
              "Name": "euw1-main-jvb-1.dev.meet.alve.live"
            },
            "tenancy": "default",
            "timeouts": null,
            "user_data": "66ca4be3abffdb0b95527264b88dd37e7c31bbbb",
            "user_data_base64": null,
            "user_data_replace_on_change": false,
            "volume_tags": null,
            "vpc_security_group_ids": [
              "sg-0a90d71aabd58fee5"
            ]
          },
          "sensitive_attributes": [],
          "private": "eyJlMmJmYjczMC1lY2FhLTExZTYtOGY4OC0zNDM2M2JjN2M0YzAiOnsiY3JlYXRlIjo2MDAwMDAwMDAwMDAsImRlbGV0ZSI6MTIwMDAwMDAwMDAwMCwidXBkYXRlIjo2MDAwMDAwMDAwMDB9LCJzY2hlbWFfdmVyc2lvbiI6IjEifQ==",
          "dependencies": [
            "aws_internet_gateway.main",
            "aws_key_pair.ssh_key",
            "aws_route_table.main_route_table",
            "aws_route_table_association.route_table_association",
            "aws_security_group.jitsi",
            "aws_subnet.main",
            "aws_vpc.main",
            "data.aws_ami.latest_ubuntu",
            "random_id.jicofo_auth_password",
            "random_id.jicofo_component_secret",
            "random_id.jvb_auth_password",
            "random_id.jwt_app_secret"
          ],
          "create_before_destroy": true
        },
        {
          "index_key": 3,
          "schema_version": 1,
          "attributes": {
            "ami": "ami-0905a3c97561e0b69",
            "arn": "arn:aws:ec2:eu-west-1:716052451530:instance/i-0622cebd2cb337bb4",
            "associate_public_ip_address": true,
            "availability_zone": "eu-west-1c",
            "capacity_reservation_specification": [
              {
                "capacity_reservation_preference": "open",
                "capacity_reservation_target": []
              }
            ],
            "cpu_core_count": 1,
            "cpu_options": [
              {
                "amd_sev_snp": "",
                "core_count": 1,
                "threads_per_core": 1
              }
            ],
            "cpu_threads_per_core": 1,
            "credit_specification": [
              {
                "cpu_credits": "standard"
              }
            ],
            "disable_api_stop": false,
            "disable_api_termination": false,
            "ebs_block_device": [],
            "ebs_optimized": false,
            "enclave_options": [
              {
                "enabled": false
              }
            ],
            "ephemeral_block_device": [],
            "get_password_data": false,
            "hibernation": false,
            "host_id": "",
            "host_resource_group_arn": null,
            "iam_instance_profile": "",
            "id": "i-0622cebd2cb337bb4",
            "instance_initiated_shutdown_behavior": "stop",
            "instance_lifecycle": "",
            "instance_market_options": [],
            "instance_state": "running",
            "instance_type": "t2.micro",
            "ipv6_address_count": 0,
            "ipv6_addresses": [],
            "key_name": "jitsi-dev.meet.alve.live",
            "launch_template": [],
            "maintenance_options": [
              {
                "auto_recovery": "default"
              }
            ],
            "metadata_options": [
              {
                "http_endpoint": "enabled",
                "http_protocol_ipv6": "disabled",
                "http_put_response_hop_limit": 1,
                "http_tokens": "optional",
                "instance_metadata_tags": "disabled"
              }
            ],
            "monitoring": false,
            "network_interface": [],
            "outpost_arn": "",
            "password_data": "",
            "placement_group": "",
            "placement_partition_number": 0,
            "primary_network_interface_id": "eni-0fda948879260eecd",
            "private_dns": "ip-10-0-0-225.eu-west-1.compute.internal",
            "private_dns_name_options": [
              {
                "enable_resource_name_dns_a_record": false,
                "enable_resource_name_dns_aaaa_record": false,
                "hostname_type": "ip-name"
              }
            ],
            "private_ip": "10.0.0.225",
            "public_dns": "ec2-52-212-126-16.eu-west-1.compute.amazonaws.com",
            "public_ip": "52.212.126.16",
            "root_block_device": [
              {
                "delete_on_termination": true,
                "device_name": "/dev/sda1",
                "encrypted": false,
                "iops": 100,
                "kms_key_id": "",
                "tags": {},
                "throughput": 0,
                "volume_id": "vol-04f49320b56903555",
                "volume_size": 8,
                "volume_type": "gp2"
              }
            ],
            "secondary_private_ips": [],
            "security_groups": [],
            "source_dest_check": true,
            "spot_instance_request_id": "",
            "subnet_id": "subnet-0afc9109d054e45c2",
            "tags": {
              "Name": "euw1-main-jvb-2.dev.meet.alve.live"
            },
            "tags_all": {
              "Name": "euw1-main-jvb-2.dev.meet.alve.live"
            },
            "tenancy": "default",
            "timeouts": null,
            "user_data": "2cf2532833bb1a3a629cf8e652cd4dda5acf328f",
            "user_data_base64": null,
            "user_data_replace_on_change": false,
            "volume_tags": null,
            "vpc_security_group_ids": [
              "sg-0a90d71aabd58fee5"
            ]
          },
          "sensitive_attributes": [],
          "private": "eyJlMmJmYjczMC1lY2FhLTExZTYtOGY4OC0zNDM2M2JjN2M0YzAiOnsiY3JlYXRlIjo2MDAwMDAwMDAwMDAsImRlbGV0ZSI6MTIwMDAwMDAwMDAwMCwidXBkYXRlIjo2MDAwMDAwMDAwMDB9LCJzY2hlbWFfdmVyc2lvbiI6IjEifQ==",
          "dependencies": [
            "aws_internet_gateway.main",
            "aws_key_pair.ssh_key",
            "aws_route_table.main_route_table",
            "aws_route_table_association.route_table_association",
            "aws_security_group.jitsi",
            "aws_subnet.main",
            "aws_vpc.main",
            "data.aws_ami.latest_ubuntu",
            "random_id.jicofo_auth_password",
            "random_id.jicofo_component_secret",
            "random_id.jvb_auth_password",
            "random_id.jwt_app_secret"
          ],
          "create_before_destroy": true
        },
        {
          "index_key": 4,
          "schema_version": 1,
          "attributes": {
            "ami": "ami-0905a3c97561e0b69",
            "arn": "arn:aws:ec2:eu-west-1:716052451530:instance/i-09d0e1df69357025a",
            "associate_public_ip_address": true,
            "availability_zone": "eu-west-1c",
            "capacity_reservation_specification": [
              {
                "capacity_reservation_preference": "open",
                "capacity_reservation_target": []
              }
            ],
            "cpu_core_count": 1,
            "cpu_options": [
              {
                "amd_sev_snp": "",
                "core_count": 1,
                "threads_per_core": 1
              }
            ],
            "cpu_threads_per_core": 1,
            "credit_specification": [
              {
                "cpu_credits": "standard"
              }
            ],
            "disable_api_stop": false,
            "disable_api_termination": false,
            "ebs_block_device": [],
            "ebs_optimized": false,
            "enclave_options": [
              {
                "enabled": false
              }
            ],
            "ephemeral_block_device": [],
            "get_password_data": false,
            "hibernation": false,
            "host_id": "",
            "host_resource_group_arn": null,
            "iam_instance_profile": "",
            "id": "i-09d0e1df69357025a",
            "instance_initiated_shutdown_behavior": "stop",
            "instance_lifecycle": "",
            "instance_market_options": [],
            "instance_state": "running",
            "instance_type": "t2.micro",
            "ipv6_address_count": 0,
            "ipv6_addresses": [],
            "key_name": "jitsi-dev.meet.alve.live",
            "launch_template": [],
            "maintenance_options": [
              {
                "auto_recovery": "default"
              }
            ],
            "metadata_options": [
              {
                "http_endpoint": "enabled",
                "http_protocol_ipv6": "disabled",
                "http_put_response_hop_limit": 1,
                "http_tokens": "optional",
                "instance_metadata_tags": "disabled"
              }
            ],
            "monitoring": false,
            "network_interface": [],
            "outpost_arn": "",
            "password_data": "",
            "placement_group": "",
            "placement_partition_number": 0,
            "primary_network_interface_id": "eni-0cfd448a72d080f34",
            "private_dns": "ip-10-0-0-201.eu-west-1.compute.internal",
            "private_dns_name_options": [
              {
                "enable_resource_name_dns_a_record": false,
                "enable_resource_name_dns_aaaa_record": false,
                "hostname_type": "ip-name"
              }
            ],
            "private_ip": "10.0.0.201",
            "public_dns": "ec2-54-75-137-94.eu-west-1.compute.amazonaws.com",
            "public_ip": "54.75.137.94",
            "root_block_device": [
              {
                "delete_on_termination": true,
                "device_name": "/dev/sda1",
                "encrypted": false,
                "iops": 100,
                "kms_key_id": "",
                "tags": {},
                "throughput": 0,
                "volume_id": "vol-02bb09c98ca24b4b6",
                "volume_size": 8,
                "volume_type": "gp2"
              }
            ],
            "secondary_private_ips": [],
            "security_groups": [],
            "source_dest_check": true,
            "spot_instance_request_id": "",
            "subnet_id": "subnet-0afc9109d054e45c2",
            "tags": {
              "Name": "euw1-main-jvb-3.dev.meet.alve.live"
            },
            "tags_all": {
              "Name": "euw1-main-jvb-3.dev.meet.alve.live"
            },
            "tenancy": "default",
            "timeouts": null,
            "user_data": "0df8af26d0bb548980115652d00500844a760b53",
            "user_data_base64": null,
            "user_data_replace_on_change": false,
            "volume_tags": null,
            "vpc_security_group_ids": [
              "sg-0a90d71aabd58fee5"
            ]
          },
          "sensitive_attributes": [],
          "private": "eyJlMmJmYjczMC1lY2FhLTExZTYtOGY4OC0zNDM2M2JjN2M0YzAiOnsiY3JlYXRlIjo2MDAwMDAwMDAwMDAsImRlbGV0ZSI6MTIwMDAwMDAwMDAwMCwidXBkYXRlIjo2MDAwMDAwMDAwMDB9LCJzY2hlbWFfdmVyc2lvbiI6IjEifQ==",
          "dependencies": [
            "aws_internet_gateway.main",
            "aws_key_pair.ssh_key",
            "aws_route_table.main_route_table",
            "aws_route_table_association.route_table_association",
            "aws_security_group.jitsi",
            "aws_subnet.main",
            "aws_vpc.main",
            "data.aws_ami.latest_ubuntu",
            "random_id.jicofo_auth_password",
            "random_id.jicofo_component_secret",
            "random_id.jvb_auth_password",
            "random_id.jwt_app_secret"
          ],
          "create_before_destroy": true
        }
      ]
    },
    {
      "mode": "managed",
      "type": "aws_internet_gateway",
      "name": "main",
      "provider": "provider[\"registry.terraform.io/hashicorp/aws\"]",
      "instances": [
        {
          "schema_version": 0,
          "attributes": {
            "arn": "arn:aws:ec2:eu-west-1:716052451530:internet-gateway/igw-0f0f0ae69f45fa1ca",
            "id": "igw-0f0f0ae69f45fa1ca",
            "owner_id": "716052451530",
            "tags": {
              "Name": "InternetGateway Jitsi"
            },
            "tags_all": {
              "Name": "InternetGateway Jitsi"
            },
            "timeouts": null,
            "vpc_id": "vpc-07613b1f17d4d8b57"
          },
          "sensitive_attributes": [],
          "private": "eyJlMmJmYjczMC1lY2FhLTExZTYtOGY4OC0zNDM2M2JjN2M0YzAiOnsiY3JlYXRlIjoxMjAwMDAwMDAwMDAwLCJkZWxldGUiOjEyMDAwMDAwMDAwMDAsInVwZGF0ZSI6MTIwMDAwMDAwMDAwMH19",
          "dependencies": [
            "aws_vpc.main"
          ],
          "create_before_destroy": true
        }
      ]
    },
    {
      "mode": "managed",
      "type": "aws_key_pair",
      "name": "ssh_key",
      "provider": "provider[\"registry.terraform.io/hashicorp/aws\"]",
      "instances": [
        {
          "schema_version": 1,
          "attributes": {
            "arn": "arn:aws:ec2:eu-west-1:716052451530:key-pair/jitsi-dev.meet.alve.live",
            "fingerprint": "8a:d1:0f:65:dc:72:73:d4:d7:27:eb:ef:89:0a:cb:05",
            "id": "jitsi-dev.meet.alve.live",
            "key_name": "jitsi-dev.meet.alve.live",
            "key_name_prefix": "",
            "key_pair_id": "key-08291ea6aa98cac6d",
            "key_type": "rsa",
            "public_key": "ssh-rsa AAAAB3NzaC1yc2EAAAADAQABAAABgQDLAxd3pDaLdxCsYm7oyLs4eiOx3pbG2Wmw0gL2Iq4fc92yq4j9PPff9hHeDhkCqghq6LthFKdPIJd2i2lYhWTgZIgtMecheZ99WLZXlFkWwL0InzysE7g/gonI/JVYzJd1GTTdYFx0VD9JeyDA85nBR9MgTj/rmftjonK0vSYUxU8PCh+Pv76q5xynO8p8cD7TBfvRcYscsBRH1HxRd9bOF6IDirij77fzoGPuT/DuNTil0le5g02hGlUJXBjKqXL1fOitddVq+Ltup2pCFs+Q6q0UhpFe/HwmkGaSbNqodVm+ZaK1UnQY64BNyTxWmkQRaO0eHqRgvlkP47h7OmA5DOySXTONMeB1swR4/mAfpF+HJanGtMb1g+tEWVS3ygtkKtbg/fgDGzCtIsTTbewNj6lXMMHBB6peOQWpWw70gARIGxopRrt+CBz7+neer8pYt2pg9EJaD2+u3VkhHCVMmYR3DT4I8v4ugwNoLnpyKPPTtZVH29VnyVjNjr6Xuvk= alve@distopia.local",
            "tags": {},
            "tags_all": {}
          },
          "sensitive_attributes": [],
          "private": "eyJzY2hlbWFfdmVyc2lvbiI6IjEifQ==",
          "create_before_destroy": true
        }
      ]
    },
    {
      "mode": "managed",
      "type": "aws_route53_record",
      "name": "master_a",
      "provider": "provider[\"registry.terraform.io/hashicorp/aws\"]",
      "instances": [
        {
          "index_key": 0,
          "schema_version": 2,
          "attributes": {
            "alias": [],
            "allow_overwrite": true,
            "cidr_routing_policy": [],
            "failover_routing_policy": [],
            "fqdn": "euw1-main-xmpp-1.dev.meet.alve.live",
            "geolocation_routing_policy": [],
            "health_check_id": "",
            "id": "Z039780237FZJ0P3UZZZX_euw1-main-xmpp-1_A",
            "latency_routing_policy": [],
            "multivalue_answer_routing_policy": false,
            "name": "euw1-main-xmpp-1",
            "records": [
              "99.81.77.22"
            ],
            "set_identifier": "",
            "ttl": 300,
            "type": "A",
            "weighted_routing_policy": [],
            "zone_id": "Z039780237FZJ0P3UZZZX"
          },
          "sensitive_attributes": [],
          "private": "eyJzY2hlbWFfdmVyc2lvbiI6IjIifQ==",
          "dependencies": [
            "aws_eip.lb",
            "aws_instance.services",
            "aws_internet_gateway.main",
            "aws_key_pair.ssh_key",
            "aws_route53_zone.public",
            "aws_route_table.main_route_table",
            "aws_route_table_association.route_table_association",
            "aws_security_group.jitsi",
            "aws_subnet.main",
            "aws_vpc.main",
            "data.aws_ami.latest_ubuntu",
            "random_id.jicofo_auth_password",
            "random_id.jicofo_component_secret",
            "random_id.jvb_auth_password",
            "random_id.jwt_app_secret"
          ]
        },
        {
          "index_key": 1,
          "schema_version": 2,
          "attributes": {
            "alias": [],
            "allow_overwrite": true,
            "cidr_routing_policy": [],
            "failover_routing_policy": [],
            "fqdn": "euw1-main-jicofo-1.dev.meet.alve.live",
            "geolocation_routing_policy": [],
            "health_check_id": "",
            "id": "Z039780237FZJ0P3UZZZX_euw1-main-jicofo-1_A",
            "latency_routing_policy": [],
            "multivalue_answer_routing_policy": false,
            "name": "euw1-main-jicofo-1",
            "records": [
              "52.48.32.201"
            ],
            "set_identifier": "",
            "ttl": 300,
            "type": "A",
            "weighted_routing_policy": [],
            "zone_id": "Z039780237FZJ0P3UZZZX"
          },
          "sensitive_attributes": [],
          "private": "eyJzY2hlbWFfdmVyc2lvbiI6IjIifQ==",
          "dependencies": [
            "aws_eip.lb",
            "aws_instance.services",
            "aws_internet_gateway.main",
            "aws_key_pair.ssh_key",
            "aws_route53_zone.public",
            "aws_route_table.main_route_table",
            "aws_route_table_association.route_table_association",
            "aws_security_group.jitsi",
            "aws_subnet.main",
            "aws_vpc.main",
            "data.aws_ami.latest_ubuntu",
            "random_id.jicofo_auth_password",
            "random_id.jicofo_component_secret",
            "random_id.jvb_auth_password",
            "random_id.jwt_app_secret"
          ]
        },
        {
          "index_key": 2,
          "schema_version": 2,
          "attributes": {
            "alias": [],
            "allow_overwrite": true,
            "cidr_routing_policy": [],
            "failover_routing_policy": [],
            "fqdn": "euw1-main-jvb-1.dev.meet.alve.live",
            "geolocation_routing_policy": [],
            "health_check_id": "",
            "id": "Z039780237FZJ0P3UZZZX_euw1-main-jvb-1_A",
            "latency_routing_policy": [],
            "multivalue_answer_routing_policy": false,
            "name": "euw1-main-jvb-1",
            "records": [
              "34.240.97.31"
            ],
            "set_identifier": "",
            "ttl": 300,
            "type": "A",
            "weighted_routing_policy": [],
            "zone_id": "Z039780237FZJ0P3UZZZX"
          },
          "sensitive_attributes": [],
          "private": "eyJzY2hlbWFfdmVyc2lvbiI6IjIifQ==",
          "dependencies": [
            "aws_eip.lb",
            "aws_instance.services",
            "aws_internet_gateway.main",
            "aws_key_pair.ssh_key",
            "aws_route53_zone.public",
            "aws_route_table.main_route_table",
            "aws_route_table_association.route_table_association",
            "aws_security_group.jitsi",
            "aws_subnet.main",
            "aws_vpc.main",
            "data.aws_ami.latest_ubuntu",
            "random_id.jicofo_auth_password",
            "random_id.jicofo_component_secret",
            "random_id.jvb_auth_password",
            "random_id.jwt_app_secret"
          ]
        },
        {
          "index_key": 3,
          "schema_version": 2,
          "attributes": {
            "alias": [],
            "allow_overwrite": true,
            "cidr_routing_policy": [],
            "failover_routing_policy": [],
            "fqdn": "euw1-main-jvb-2.dev.meet.alve.live",
            "geolocation_routing_policy": [],
            "health_check_id": "",
            "id": "Z039780237FZJ0P3UZZZX_euw1-main-jvb-2_A",
            "latency_routing_policy": [],
            "multivalue_answer_routing_policy": false,
            "name": "euw1-main-jvb-2",
            "records": [
              "52.212.126.16"
            ],
            "set_identifier": "",
            "ttl": 300,
            "type": "A",
            "weighted_routing_policy": [],
            "zone_id": "Z039780237FZJ0P3UZZZX"
          },
          "sensitive_attributes": [],
          "private": "eyJzY2hlbWFfdmVyc2lvbiI6IjIifQ==",
          "dependencies": [
            "aws_eip.lb",
            "aws_instance.services",
            "aws_internet_gateway.main",
            "aws_key_pair.ssh_key",
            "aws_route53_zone.public",
            "aws_route_table.main_route_table",
            "aws_route_table_association.route_table_association",
            "aws_security_group.jitsi",
            "aws_subnet.main",
            "aws_vpc.main",
            "data.aws_ami.latest_ubuntu",
            "random_id.jicofo_auth_password",
            "random_id.jicofo_component_secret",
            "random_id.jvb_auth_password",
            "random_id.jwt_app_secret"
          ]
        },
        {
          "index_key": 4,
          "schema_version": 2,
          "attributes": {
            "alias": [],
            "allow_overwrite": true,
            "cidr_routing_policy": [],
            "failover_routing_policy": [],
            "fqdn": "euw1-main-jvb-3.dev.meet.alve.live",
            "geolocation_routing_policy": [],
            "health_check_id": "",
            "id": "Z039780237FZJ0P3UZZZX_euw1-main-jvb-3_A",
            "latency_routing_policy": [],
            "multivalue_answer_routing_policy": false,
            "name": "euw1-main-jvb-3",
            "records": [
              "54.75.137.94"
            ],
            "set_identifier": "",
            "ttl": 300,
            "type": "A",
            "weighted_routing_policy": [],
            "zone_id": "Z039780237FZJ0P3UZZZX"
          },
          "sensitive_attributes": [],
          "private": "eyJzY2hlbWFfdmVyc2lvbiI6IjIifQ==",
          "dependencies": [
            "aws_eip.lb",
            "aws_instance.services",
            "aws_internet_gateway.main",
            "aws_key_pair.ssh_key",
            "aws_route53_zone.public",
            "aws_route_table.main_route_table",
            "aws_route_table_association.route_table_association",
            "aws_security_group.jitsi",
            "aws_subnet.main",
            "aws_vpc.main",
            "data.aws_ami.latest_ubuntu",
            "random_id.jicofo_auth_password",
            "random_id.jicofo_component_secret",
            "random_id.jvb_auth_password",
            "random_id.jwt_app_secret"
          ]
        }
      ]
    },
    {
      "mode": "managed",
      "type": "aws_route53_zone",
      "name": "public",
      "provider": "provider[\"registry.terraform.io/hashicorp/aws\"]",
      "instances": [
        {
          "schema_version": 0,
          "attributes": {
            "arn": "arn:aws:route53:::hostedzone/Z039780237FZJ0P3UZZZX",
            "comment": "Managed by Terraform",
            "delegation_set_id": "",
            "force_destroy": false,
            "id": "Z039780237FZJ0P3UZZZX",
            "name": "dev.meet.alve.live",
            "name_servers": [
              "ns-1082.awsdns-07.org",
              "ns-1673.awsdns-17.co.uk",
              "ns-323.awsdns-40.com",
              "ns-823.awsdns-38.net"
            ],
            "primary_name_server": "ns-1673.awsdns-17.co.uk",
            "tags": {},
            "tags_all": {},
            "vpc": [],
            "zone_id": "Z039780237FZJ0P3UZZZX"
          },
          "sensitive_attributes": [],
          "private": "bnVsbA==",
          "create_before_destroy": true
        }
      ]
    },
    {
      "mode": "managed",
      "type": "aws_route_table",
      "name": "main_route_table",
      "provider": "provider[\"registry.terraform.io/hashicorp/aws\"]",
      "instances": [
        {
          "schema_version": 0,
          "attributes": {
            "arn": "arn:aws:ec2:eu-west-1:716052451530:route-table/rtb-0fc3273f454a3a4ac",
            "id": "rtb-0fc3273f454a3a4ac",
            "owner_id": "716052451530",
            "propagating_vgws": [],
            "route": [
              {
                "carrier_gateway_id": "",
                "cidr_block": "0.0.0.0/0",
                "core_network_arn": "",
                "destination_prefix_list_id": "",
                "egress_only_gateway_id": "",
                "gateway_id": "igw-0f0f0ae69f45fa1ca",
                "ipv6_cidr_block": "",
                "local_gateway_id": "",
                "nat_gateway_id": "",
                "network_interface_id": "",
                "transit_gateway_id": "",
                "vpc_endpoint_id": "",
                "vpc_peering_connection_id": ""
              }
            ],
            "tags": {
              "Name": "Main"
            },
            "tags_all": {
              "Name": "Main"
            },
            "timeouts": null,
            "vpc_id": "vpc-07613b1f17d4d8b57"
          },
          "sensitive_attributes": [],
          "private": "eyJlMmJmYjczMC1lY2FhLTExZTYtOGY4OC0zNDM2M2JjN2M0YzAiOnsiY3JlYXRlIjozMDAwMDAwMDAwMDAsImRlbGV0ZSI6MzAwMDAwMDAwMDAwLCJ1cGRhdGUiOjEyMDAwMDAwMDAwMH19",
          "dependencies": [
            "aws_internet_gateway.main",
            "aws_vpc.main"
          ],
          "create_before_destroy": true
        }
      ]
    },
    {
      "mode": "managed",
      "type": "aws_route_table_association",
      "name": "route_table_association",
      "provider": "provider[\"registry.terraform.io/hashicorp/aws\"]",
      "instances": [
        {
          "schema_version": 0,
          "attributes": {
            "gateway_id": "",
            "id": "rtbassoc-04e79e86e93e301fb",
            "route_table_id": "rtb-0fc3273f454a3a4ac",
            "subnet_id": "subnet-0afc9109d054e45c2",
            "timeouts": null
          },
          "sensitive_attributes": [],
          "private": "eyJlMmJmYjczMC1lY2FhLTExZTYtOGY4OC0zNDM2M2JjN2M0YzAiOnsiY3JlYXRlIjozMDAwMDAwMDAwMDAsImRlbGV0ZSI6MzAwMDAwMDAwMDAwLCJ1cGRhdGUiOjEyMDAwMDAwMDAwMH19",
          "dependencies": [
            "aws_internet_gateway.main",
            "aws_route_table.main_route_table",
            "aws_subnet.main",
            "aws_vpc.main"
          ],
          "create_before_destroy": true
        }
      ]
    },
    {
      "mode": "managed",
      "type": "aws_security_group",
      "name": "jitsi",
      "provider": "provider[\"registry.terraform.io/hashicorp/aws\"]",
      "instances": [
        {
          "schema_version": 1,
          "attributes": {
            "arn": "arn:aws:ec2:eu-west-1:716052451530:security-group/sg-0a90d71aabd58fee5",
            "description": "Jitsi",
            "egress": [
              {
                "cidr_blocks": [
                  "0.0.0.0/0"
                ],
                "description": "",
                "from_port": 0,
                "ipv6_cidr_blocks": [],
                "prefix_list_ids": [],
                "protocol": "-1",
                "security_groups": [],
                "self": false,
                "to_port": 0
              }
            ],
            "id": "sg-0a90d71aabd58fee5",
            "ingress": [
              {
                "cidr_blocks": [
                  "0.0.0.0/0"
                ],
                "description": "",
                "from_port": 10000,
                "ipv6_cidr_blocks": [],
                "prefix_list_ids": [],
                "protocol": "udp",
                "security_groups": [],
                "self": false,
                "to_port": 10000
              },
              {
                "cidr_blocks": [
                  "0.0.0.0/0"
                ],
                "description": "",
                "from_port": 22,
                "ipv6_cidr_blocks": [],
                "prefix_list_ids": [],
                "protocol": "tcp",
                "security_groups": [],
                "self": false,
                "to_port": 22
              },
              {
                "cidr_blocks": [
                  "0.0.0.0/0"
                ],
                "description": "",
                "from_port": 443,
                "ipv6_cidr_blocks": [],
                "prefix_list_ids": [],
                "protocol": "tcp",
                "security_groups": [],
                "self": false,
                "to_port": 443
              },
              {
                "cidr_blocks": [
                  "0.0.0.0/0"
                ],
                "description": "",
                "from_port": 5222,
                "ipv6_cidr_blocks": [],
                "prefix_list_ids": [],
                "protocol": "tcp",
                "security_groups": [],
                "self": false,
                "to_port": 5222
              },
              {
                "cidr_blocks": [
                  "0.0.0.0/0"
                ],
                "description": "",
                "from_port": 5269,
                "ipv6_cidr_blocks": [],
                "prefix_list_ids": [],
                "protocol": "tcp",
                "security_groups": [],
                "self": false,
                "to_port": 5269
              },
              {
                "cidr_blocks": [
                  "0.0.0.0/0"
                ],
                "description": "",
                "from_port": 5280,
                "ipv6_cidr_blocks": [],
                "prefix_list_ids": [],
                "protocol": "tcp",
                "security_groups": [],
                "self": false,
                "to_port": 5280
              },
              {
                "cidr_blocks": [
                  "0.0.0.0/0"
                ],
                "description": "",
                "from_port": 5347,
                "ipv6_cidr_blocks": [],
                "prefix_list_ids": [],
                "protocol": "tcp",
                "security_groups": [],
                "self": false,
                "to_port": 5347
              },
              {
                "cidr_blocks": [
                  "0.0.0.0/0"
                ],
                "description": "",
                "from_port": 8080,
                "ipv6_cidr_blocks": [],
                "prefix_list_ids": [],
                "protocol": "tcp",
                "security_groups": [],
                "self": false,
                "to_port": 8080
              },
              {
                "cidr_blocks": [
                  "0.0.0.0/0"
                ],
                "description": "",
                "from_port": 80,
                "ipv6_cidr_blocks": [],
                "prefix_list_ids": [],
                "protocol": "tcp",
                "security_groups": [],
                "self": false,
                "to_port": 80
              },
              {
                "cidr_blocks": [
                  "0.0.0.0/0"
                ],
                "description": "",
                "from_port": 8888,
                "ipv6_cidr_blocks": [],
                "prefix_list_ids": [],
                "protocol": "tcp",
                "security_groups": [],
                "self": false,
                "to_port": 8888
              }
            ],
            "name": "Jitsi sg",
            "name_prefix": "",
            "owner_id": "716052451530",
            "revoke_rules_on_delete": false,
            "tags": {
              "Name": "Jitsi sg"
            },
            "tags_all": {
              "Name": "Jitsi sg"
            },
            "timeouts": null,
            "vpc_id": "vpc-07613b1f17d4d8b57"
          },
          "sensitive_attributes": [],
          "private": "eyJlMmJmYjczMC1lY2FhLTExZTYtOGY4OC0zNDM2M2JjN2M0YzAiOnsiY3JlYXRlIjo2MDAwMDAwMDAwMDAsImRlbGV0ZSI6OTAwMDAwMDAwMDAwfSwic2NoZW1hX3ZlcnNpb24iOiIxIn0=",
          "dependencies": [
            "aws_vpc.main"
          ],
          "create_before_destroy": true
        }
      ]
    },
    {
      "mode": "managed",
      "type": "aws_subnet",
      "name": "main",
      "provider": "provider[\"registry.terraform.io/hashicorp/aws\"]",
      "instances": [
        {
          "schema_version": 1,
          "attributes": {
            "arn": "arn:aws:ec2:eu-west-1:716052451530:subnet/subnet-0afc9109d054e45c2",
            "assign_ipv6_address_on_creation": false,
            "availability_zone": "eu-west-1c",
            "availability_zone_id": "euw1-az1",
            "cidr_block": "10.0.0.0/24",
            "customer_owned_ipv4_pool": "",
            "enable_dns64": false,
            "enable_lni_at_device_index": 0,
            "enable_resource_name_dns_a_record_on_launch": false,
            "enable_resource_name_dns_aaaa_record_on_launch": false,
            "id": "subnet-0afc9109d054e45c2",
            "ipv6_cidr_block": "",
            "ipv6_cidr_block_association_id": "",
            "ipv6_native": false,
            "map_customer_owned_ip_on_launch": false,
            "map_public_ip_on_launch": false,
            "outpost_arn": "",
            "owner_id": "716052451530",
            "private_dns_hostname_type_on_launch": "ip-name",
            "tags": {
              "Name": "Subnet Jitsi"
            },
            "tags_all": {
              "Name": "Subnet Jitsi"
            },
            "timeouts": null,
            "vpc_id": "vpc-07613b1f17d4d8b57"
          },
          "sensitive_attributes": [],
          "private": "eyJlMmJmYjczMC1lY2FhLTExZTYtOGY4OC0zNDM2M2JjN2M0YzAiOnsiY3JlYXRlIjo2MDAwMDAwMDAwMDAsImRlbGV0ZSI6MTIwMDAwMDAwMDAwMH0sInNjaGVtYV92ZXJzaW9uIjoiMSJ9",
          "dependencies": [
            "aws_vpc.main"
          ],
          "create_before_destroy": true
        }
      ]
    },
    {
      "mode": "managed",
      "type": "aws_vpc",
      "name": "main",
      "provider": "provider[\"registry.terraform.io/hashicorp/aws\"]",
      "instances": [
        {
          "schema_version": 1,
          "attributes": {
            "arn": "arn:aws:ec2:eu-west-1:716052451530:vpc/vpc-07613b1f17d4d8b57",
            "assign_generated_ipv6_cidr_block": false,
            "cidr_block": "10.0.0.0/16",
            "default_network_acl_id": "acl-0a5632cea5f30d325",
            "default_route_table_id": "rtb-01a8bbdc006b7165d",
            "default_security_group_id": "sg-0f1a412a1b82504fc",
            "dhcp_options_id": "dopt-0a91b022c513b5717",
            "enable_dns_hostnames": true,
            "enable_dns_support": true,
            "enable_network_address_usage_metrics": false,
            "id": "vpc-07613b1f17d4d8b57",
            "instance_tenancy": "default",
            "ipv4_ipam_pool_id": null,
            "ipv4_netmask_length": null,
            "ipv6_association_id": "",
            "ipv6_cidr_block": "",
            "ipv6_cidr_block_network_border_group": "",
            "ipv6_ipam_pool_id": "",
            "ipv6_netmask_length": 0,
            "main_route_table_id": "rtb-01a8bbdc006b7165d",
            "owner_id": "716052451530",
            "tags": {
              "Name": "Main vpc Jitsi"
            },
            "tags_all": {
              "Name": "Main vpc Jitsi"
            }
          },
          "sensitive_attributes": [],
          "private": "eyJzY2hlbWFfdmVyc2lvbiI6IjEifQ==",
          "create_before_destroy": true
        }
      ]
    },
    {
      "mode": "managed",
      "type": "cloudflare_record",
      "name": "public_ns",
      "provider": "provider[\"registry.terraform.io/cloudflare/cloudflare\"]",
      "instances": [
        {
          "index_key": 0,
          "schema_version": 2,
          "attributes": {
            "allow_overwrite": false,
            "comment": "",
            "created_on": "2023-12-29T14:01:51.990914Z",
            "data": [],
            "hostname": "dev.meet.alve.live",
            "id": "825ac0252572de0cd8fa8b197a412ebc",
            "metadata": {
              "auto_added": "false",
              "managed_by_apps": "false",
              "managed_by_argo_tunnel": "false",
              "source": "primary"
            },
            "modified_on": "2023-12-29T14:01:51.990914Z",
            "name": "dev.meet",
            "priority": null,
            "proxiable": false,
            "proxied": false,
            "tags": [],
            "timeouts": null,
            "ttl": 86400,
            "type": "NS",
            "value": "ns-1082.awsdns-07.org",
            "zone_id": "af263e6d9efc2a0e8534567c4f0b6be7"
          },
          "sensitive_attributes": [],
          "private": "eyJlMmJmYjczMC1lY2FhLTExZTYtOGY4OC0zNDM2M2JjN2M0YzAiOnsiY3JlYXRlIjozMDAwMDAwMDAwMCwidXBkYXRlIjozMDAwMDAwMDAwMH0sInNjaGVtYV92ZXJzaW9uIjoiMiJ9",
          "dependencies": [
            "aws_route53_zone.public",
            "data.cloudflare_zone.public"
          ]
        },
        {
          "index_key": 1,
          "schema_version": 2,
          "attributes": {
            "allow_overwrite": false,
            "comment": "",
            "created_on": "2023-12-29T14:01:51.973798Z",
            "data": [],
            "hostname": "dev.meet.alve.live",
            "id": "8a05eca7178ee1246e8f81978cbac022",
            "metadata": {
              "auto_added": "false",
              "managed_by_apps": "false",
              "managed_by_argo_tunnel": "false",
              "source": "primary"
            },
            "modified_on": "2023-12-29T14:01:51.973798Z",
            "name": "dev.meet",
            "priority": null,
            "proxiable": false,
            "proxied": false,
            "tags": [],
            "timeouts": null,
            "ttl": 86400,
            "type": "NS",
            "value": "ns-1673.awsdns-17.co.uk",
            "zone_id": "af263e6d9efc2a0e8534567c4f0b6be7"
          },
          "sensitive_attributes": [],
          "private": "eyJlMmJmYjczMC1lY2FhLTExZTYtOGY4OC0zNDM2M2JjN2M0YzAiOnsiY3JlYXRlIjozMDAwMDAwMDAwMCwidXBkYXRlIjozMDAwMDAwMDAwMH0sInNjaGVtYV92ZXJzaW9uIjoiMiJ9",
          "dependencies": [
            "aws_route53_zone.public",
            "data.cloudflare_zone.public"
          ]
        },
        {
          "index_key": 2,
          "schema_version": 2,
          "attributes": {
            "allow_overwrite": false,
            "comment": "",
            "created_on": "2023-12-29T14:01:51.806499Z",
            "data": [],
            "hostname": "dev.meet.alve.live",
            "id": "2e931c84965f7ff45067f6ce4848c2f2",
            "metadata": {
              "auto_added": "false",
              "managed_by_apps": "false",
              "managed_by_argo_tunnel": "false",
              "source": "primary"
            },
            "modified_on": "2023-12-29T14:01:51.806499Z",
            "name": "dev.meet",
            "priority": null,
            "proxiable": false,
            "proxied": false,
            "tags": [],
            "timeouts": null,
            "ttl": 86400,
            "type": "NS",
            "value": "ns-323.awsdns-40.com",
            "zone_id": "af263e6d9efc2a0e8534567c4f0b6be7"
          },
          "sensitive_attributes": [],
          "private": "eyJlMmJmYjczMC1lY2FhLTExZTYtOGY4OC0zNDM2M2JjN2M0YzAiOnsiY3JlYXRlIjozMDAwMDAwMDAwMCwidXBkYXRlIjozMDAwMDAwMDAwMH0sInNjaGVtYV92ZXJzaW9uIjoiMiJ9",
          "dependencies": [
            "aws_route53_zone.public",
            "data.cloudflare_zone.public"
          ]
        },
        {
          "index_key": 3,
          "schema_version": 2,
          "attributes": {
            "allow_overwrite": false,
            "comment": "",
            "created_on": "2023-12-29T14:01:51.988883Z",
            "data": [],
            "hostname": "dev.meet.alve.live",
            "id": "813f04c64f63b2a46f03ef678125a484",
            "metadata": {
              "auto_added": "false",
              "managed_by_apps": "false",
              "managed_by_argo_tunnel": "false",
              "source": "primary"
            },
            "modified_on": "2023-12-29T14:01:51.988883Z",
            "name": "dev.meet",
            "priority": null,
            "proxiable": false,
            "proxied": false,
            "tags": [],
            "timeouts": null,
            "ttl": 86400,
            "type": "NS",
            "value": "ns-823.awsdns-38.net",
            "zone_id": "af263e6d9efc2a0e8534567c4f0b6be7"
          },
          "sensitive_attributes": [],
          "private": "eyJlMmJmYjczMC1lY2FhLTExZTYtOGY4OC0zNDM2M2JjN2M0YzAiOnsiY3JlYXRlIjozMDAwMDAwMDAwMCwidXBkYXRlIjozMDAwMDAwMDAwMH0sInNjaGVtYV92ZXJzaW9uIjoiMiJ9",
          "dependencies": [
            "aws_route53_zone.public",
            "data.cloudflare_zone.public"
          ]
        }
      ]
    },
    {
      "mode": "managed",
      "type": "random_id",
      "name": "jicofo_auth_password",
      "provider": "provider[\"registry.terraform.io/hashicorp/random\"]",
      "instances": [
        {
          "schema_version": 0,
          "attributes": {
            "b64_std": "OILQ0ngEvW+Dt0v3EVwlUg==",
            "b64_url": "OILQ0ngEvW-Dt0v3EVwlUg",
            "byte_length": 16,
            "dec": "75116001771820435483466095143600006482",
            "hex": "3882d0d27804bd6f83b74bf7115c2552",
            "id": "OILQ0ngEvW-Dt0v3EVwlUg",
            "keepers": null,
            "prefix": null
          },
          "sensitive_attributes": [],
          "create_before_destroy": true
        }
      ]
    },
    {
      "mode": "managed",
      "type": "random_id",
      "name": "jicofo_component_secret",
      "provider": "provider[\"registry.terraform.io/hashicorp/random\"]",
      "instances": [
        {
          "schema_version": 0,
          "attributes": {
            "b64_std": "5m2OiAbUucSuNZ+Wuf37GA==",
            "b64_url": "5m2OiAbUucSuNZ-Wuf37GA",
            "byte_length": 16,
            "dec": "306291290267418847055136217330926615320",
            "hex": "e66d8e8806d4b9c4ae359f96b9fdfb18",
            "id": "5m2OiAbUucSuNZ-Wuf37GA",
            "keepers": null,
            "prefix": null
          },
          "sensitive_attributes": [],
          "create_before_destroy": true
        }
      ]
    },
    {
      "mode": "managed",
      "type": "random_id",
      "name": "jvb_auth_password",
      "provider": "provider[\"registry.terraform.io/hashicorp/random\"]",
      "instances": [
        {
          "schema_version": 0,
          "attributes": {
            "b64_std": "88SvJurMrTqWZhhXMWMvkw==",
            "b64_url": "88SvJurMrTqWZhhXMWMvkw",
            "byte_length": 16,
            "dec": "324023645665025129130732311725394309011",
            "hex": "f3c4af26eaccad3a9666185731632f93",
            "id": "88SvJurMrTqWZhhXMWMvkw",
            "keepers": null,
            "prefix": null
          },
          "sensitive_attributes": [],
          "create_before_destroy": true
        }
      ]
    },
    {
      "mode": "managed",
      "type": "random_id",
      "name": "jwt_app_secret",
      "provider": "provider[\"registry.terraform.io/hashicorp/random\"]",
      "instances": [
        {
          "schema_version": 0,
          "attributes": {
            "b64_std": "PuZEUUKqZBdRBfYejVo3HQ==",
            "b64_url": "PuZEUUKqZBdRBfYejVo3HQ",
            "byte_length": 16,
            "dec": "83607749658094007147903230641662736157",
            "hex": "3ee6445142aa64175105f61e8d5a371d",
            "id": "PuZEUUKqZBdRBfYejVo3HQ",
            "keepers": null,
            "prefix": null
          },
          "sensitive_attributes": [],
          "create_before_destroy": true
        }
      ]
    }
  ],
  "check_results": null
}
