{
  "version": 4,
  "terraform_version": "1.6.6",
  "serial": 39,
  "lineage": "eb87fe74-2d34-0461-d0dd-7970b1f52cbb",
  "outputs": {
    "endpoints": {
      "value": [
        "https://euw1-main-xmpp-1.dev.meet.alve.live",
        "https://euw1-main-jicofo-1.dev.meet.alve.live",
        "https://euw1-main-jvb-1.dev.meet.alve.live",
        "https://euw1-main-jvb-2.dev.meet.alve.live",
        "https://euw1-main-jvb-3.dev.meet.alve.live"
      ],
      "type": [
        "tuple",
        [
          "string",
          "string",
          "string",
          "string",
          "string"
        ]
      ]
    },
    "install_scripts": {
      "value": [
        "#!/bin/bash\r\nset -e\r\n\r\nsu - ubuntu\r\n\r\n# Install Docker\r\nsudo apt update\r\nsudo apt-get -y install apt-transport-https ca-certificates curl software-properties-common\r\ncurl -fsSL https://download.docker.com/linux/ubuntu/gpg | sudo apt-key add -\r\nsudo add-apt-repository -y \"deb [arch=amd64] https://download.docker.com/linux/ubuntu $(lsb_release -cs) stable\"\r\nsudo apt update\r\nsudo apt-get -y install docker-ce\r\nsudo usermod -a -G docker $(whoami)\r\nsudo apt-get install docker-compose -y\r\n\r\n\r\n# Clone repository\r\ngit clone https://accountsosoci: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@github.com/alvelive/docker-jitsi-meet.git\r\ncd docker-jitsi-meet\r\n\r\n# Create ENV\r\ncat \u003c\u003cEOT \u003e.env\r\nPUBLIC_URL=\"https://euw1-main-xmpp-1.dev.meet.alve.live\"\r\nLOG_LEVEL=\"trace\"\r\nCONFIG=\"~/.jitsi-meet-cfg\"\r\nHTTP_PORT=\"8000\"\r\nHTTPS_PORT=\"8443\"\r\nTZ=\"UTC\"\r\nETHERPAD_TITLE=\"Alve\"\r\nETHERPAD_DEFAULT_PAD_TEXT=\"Welcome to Alve!\\n\\n\"\r\nETHERPAD_SKIN_NAME=\"colibris\"\r\nETHERPAD_SKIN_VARIANTS=\"super-light-toolbar super-light-editor light-background full-width-editor\"\r\n\r\n# Frontend (web service)\r\nDEPLOYMENTINFO_ENVIRONMENT=\"production\"\r\nDEPLOYMENTINFO_ENVIRONMENT_TYPE=\"cloud\"\r\nDEPLOYMENTINFO_REGION=\"euw1\"\r\nDEPLOYMENTINFO_SHARD=\"main\"\r\nDEPLOYMENTINFO_USERREGION=\"euw1\"\r\n\r\n# Prosody\r\nENABLE_OCTO=\"true\"\r\nENABLE_AUTH=\"true\"\r\nENABLE_LETSENCRYPT=\"true\"\r\nLETSENCRYPT_DOMAIN=\"euw1-main-xmpp-1.dev.meet.alve.live\"\r\nLETSENCRYPT_EMAIL=\"accounts@osoci.com\"\r\n\r\n# XMPP server (prosody service)\r\nENABLE_S2S=\"true\"\r\nXMPP_DOMAIN=\"euw1-main-xmpp.dev.meet.alve.live\"\r\nXMPP_AUTH_DOMAIN=\"auth.euw1-main-xmpp.dev.meet.alve.live\"\r\nXMPP_GUEST_DOMAIN=\"guest.euw1-main-xmpp.dev.meet.alve.live\"\r\nXMPP_MUC_DOMAIN=\"muc.euw1-main-xmpp.dev.meet.alve.live\"\r\nXMPP_INTERNAL_MUC_DOMAIN=\"internal-muc.euw1-main-xmpp.dev.meet.alve.live\"\r\nJWT_APP_ID=\"alve-jitsi\"\r\nJWT_APP_SECRET=\"f6207949197ff0be4af7b520ffc03d7e\"\r\nJWT_ALLOW_EMPTY=\"false\"\r\n\r\n# Focus component (jicofo service)\r\nJICOFO_OCTO_REGION=\"euw1\"\r\nJICOFO_AUTH_PASSWORD=\"e2921f9c4971f3fc37f61559fb2a2003\"\r\nENABLE_VISITORS=\"false\"\r\n\r\n# Video Bridge (jvb service)\r\nENABLE_COLIBRI_WEBSOCKET=\"false\"\r\nJVB_XMPP_SERVER=\"euw1-main-xmpp.dev.meet.alve.live\"\r\nJVB_AUTH_PASSWORD=\"0327928f197d4e0837529458da275bed\"\r\n\r\n# Secrets\r\nJICOFO_COMPONENT_SECRET=\"1853a660a185e3e38d66f4c822dbafb6\"\r\n\r\nEOT\r\n\r\n# Export env to current session\r\nsource .env\r\n\r\n# Copy custom plugins to config dir\r\nmkdir -p ~/$CONFIG/prosody\r\ncp -R ./custom-prosody-plugins ~/$CONFIG/prosody/prosody-plugins-custom\r\n\r\n# Generate required config directories\r\nmkdir -p ~/$CONFIG/{web,transcripts,prosody/config,jicofo,jvb,jigasi,jibri}\r\n\r\n\r\n\r\n# Start services in selected profiles\r\ndocker compose --profile xmpp up -d --build\r\n",
        "#!/bin/bash\r\nset -e\r\n\r\nsu - ubuntu\r\n\r\n# Install Docker\r\nsudo apt update\r\nsudo apt-get -y install apt-transport-https ca-certificates curl software-properties-common\r\ncurl -fsSL https://download.docker.com/linux/ubuntu/gpg | sudo apt-key add -\r\nsudo add-apt-repository -y \"deb [arch=amd64] https://download.docker.com/linux/ubuntu $(lsb_release -cs) stable\"\r\nsudo apt update\r\nsudo apt-get -y install docker-ce\r\nsudo usermod -a -G docker $(whoami)\r\nsudo apt-get install docker-compose -y\r\n\r\n\r\n# Clone repository\r\ngit clone https://accountsosoci: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@github.com/alvelive/docker-jitsi-meet.git\r\ncd docker-jitsi-meet\r\n\r\n# Create ENV\r\ncat \u003c\u003cEOT \u003e.env\r\nPUBLIC_URL=\"https://euw1-main-jicofo-1.dev.meet.alve.live\"\r\nLOG_LEVEL=\"trace\"\r\nCONFIG=\"~/.jitsi-meet-cfg\"\r\nHTTP_PORT=\"8000\"\r\nHTTPS_PORT=\"8443\"\r\nTZ=\"UTC\"\r\nETHERPAD_TITLE=\"Alve\"\r\nETHERPAD_DEFAULT_PAD_TEXT=\"Welcome to Alve!\\n\\n\"\r\nETHERPAD_SKIN_NAME=\"colibris\"\r\nETHERPAD_SKIN_VARIANTS=\"super-light-toolbar super-light-editor light-background full-width-editor\"\r\n\r\n# Frontend (web service)\r\nDEPLOYMENTINFO_ENVIRONMENT=\"production\"\r\nDEPLOYMENTINFO_ENVIRONMENT_TYPE=\"cloud\"\r\nDEPLOYMENTINFO_REGION=\"euw1\"\r\nDEPLOYMENTINFO_SHARD=\"main\"\r\nDEPLOYMENTINFO_USERREGION=\"euw1\"\r\n\r\n# Prosody\r\nENABLE_OCTO=\"true\"\r\nENABLE_AUTH=\"true\"\r\nENABLE_LETSENCRYPT=\"true\"\r\nLETSENCRYPT_DOMAIN=\"euw1-main-jicofo-1.dev.meet.alve.live\"\r\nLETSENCRYPT_EMAIL=\"accounts@osoci.com\"\r\n\r\n# XMPP server (prosody service)\r\nENABLE_S2S=\"true\"\r\nXMPP_DOMAIN=\"euw1-main-xmpp.dev.meet.alve.live\"\r\nXMPP_AUTH_DOMAIN=\"auth.euw1-main-xmpp.dev.meet.alve.live\"\r\nXMPP_GUEST_DOMAIN=\"guest.euw1-main-xmpp.dev.meet.alve.live\"\r\nXMPP_MUC_DOMAIN=\"muc.euw1-main-xmpp.dev.meet.alve.live\"\r\nXMPP_INTERNAL_MUC_DOMAIN=\"internal-muc.euw1-main-xmpp.dev.meet.alve.live\"\r\nJWT_APP_ID=\"alve-jitsi\"\r\nJWT_APP_SECRET=\"f6207949197ff0be4af7b520ffc03d7e\"\r\nJWT_ALLOW_EMPTY=\"false\"\r\n\r\n# Focus component (jicofo service)\r\nJICOFO_OCTO_REGION=\"euw1\"\r\nJICOFO_AUTH_PASSWORD=\"e2921f9c4971f3fc37f61559fb2a2003\"\r\nENABLE_VISITORS=\"false\"\r\n\r\n# Video Bridge (jvb service)\r\nENABLE_COLIBRI_WEBSOCKET=\"false\"\r\nJVB_XMPP_SERVER=\"euw1-main-xmpp.dev.meet.alve.live\"\r\nJVB_AUTH_PASSWORD=\"0327928f197d4e0837529458da275bed\"\r\n\r\n# Secrets\r\nJICOFO_COMPONENT_SECRET=\"1853a660a185e3e38d66f4c822dbafb6\"\r\n\r\nEOT\r\n\r\n# Export env to current session\r\nsource .env\r\n\r\n# Copy custom plugins to config dir\r\nmkdir -p ~/$CONFIG/prosody\r\ncp -R ./custom-prosody-plugins ~/$CONFIG/prosody/prosody-plugins-custom\r\n\r\n# Generate required config directories\r\nmkdir -p ~/$CONFIG/{web,transcripts,prosody/config,jicofo,jvb,jigasi,jibri}\r\n\r\n\r\n\r\n# Start services in selected profiles\r\ndocker compose --profile jicofo up -d --build\r\n",
        "#!/bin/bash\r\nset -e\r\n\r\nsu - ubuntu\r\n\r\n# Install Docker\r\nsudo apt update\r\nsudo apt-get -y install apt-transport-https ca-certificates curl software-properties-common\r\ncurl -fsSL https://download.docker.com/linux/ubuntu/gpg | sudo apt-key add -\r\nsudo add-apt-repository -y \"deb [arch=amd64] https://download.docker.com/linux/ubuntu $(lsb_release -cs) stable\"\r\nsudo apt update\r\nsudo apt-get -y install docker-ce\r\nsudo usermod -a -G docker $(whoami)\r\nsudo apt-get install docker-compose -y\r\n\r\n\r\n# Clone repository\r\ngit clone https://accountsosoci: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@github.com/alvelive/docker-jitsi-meet.git\r\ncd docker-jitsi-meet\r\n\r\n# Create ENV\r\ncat \u003c\u003cEOT \u003e.env\r\nPUBLIC_URL=\"https://euw1-main-jvb-1.dev.meet.alve.live\"\r\nLOG_LEVEL=\"trace\"\r\nCONFIG=\"~/.jitsi-meet-cfg\"\r\nHTTP_PORT=\"8000\"\r\nHTTPS_PORT=\"8443\"\r\nTZ=\"UTC\"\r\nETHERPAD_TITLE=\"Alve\"\r\nETHERPAD_DEFAULT_PAD_TEXT=\"Welcome to Alve!\\n\\n\"\r\nETHERPAD_SKIN_NAME=\"colibris\"\r\nETHERPAD_SKIN_VARIANTS=\"super-light-toolbar super-light-editor light-background full-width-editor\"\r\n\r\n# Frontend (web service)\r\nDEPLOYMENTINFO_ENVIRONMENT=\"production\"\r\nDEPLOYMENTINFO_ENVIRONMENT_TYPE=\"cloud\"\r\nDEPLOYMENTINFO_REGION=\"euw1\"\r\nDEPLOYMENTINFO_SHARD=\"main\"\r\nDEPLOYMENTINFO_USERREGION=\"euw1\"\r\n\r\n# Prosody\r\nENABLE_OCTO=\"true\"\r\nENABLE_AUTH=\"true\"\r\nENABLE_LETSENCRYPT=\"true\"\r\nLETSENCRYPT_DOMAIN=\"euw1-main-jvb-1.dev.meet.alve.live\"\r\nLETSENCRYPT_EMAIL=\"accounts@osoci.com\"\r\n\r\n# XMPP server (prosody service)\r\nENABLE_S2S=\"true\"\r\nXMPP_DOMAIN=\"euw1-main-xmpp.dev.meet.alve.live\"\r\nXMPP_AUTH_DOMAIN=\"auth.euw1-main-xmpp.dev.meet.alve.live\"\r\nXMPP_GUEST_DOMAIN=\"guest.euw1-main-xmpp.dev.meet.alve.live\"\r\nXMPP_MUC_DOMAIN=\"muc.euw1-main-xmpp.dev.meet.alve.live\"\r\nXMPP_INTERNAL_MUC_DOMAIN=\"internal-muc.euw1-main-xmpp.dev.meet.alve.live\"\r\nJWT_APP_ID=\"alve-jitsi\"\r\nJWT_APP_SECRET=\"f6207949197ff0be4af7b520ffc03d7e\"\r\nJWT_ALLOW_EMPTY=\"false\"\r\n\r\n# Focus component (jicofo service)\r\nJICOFO_OCTO_REGION=\"euw1\"\r\nJICOFO_AUTH_PASSWORD=\"e2921f9c4971f3fc37f61559fb2a2003\"\r\nENABLE_VISITORS=\"false\"\r\n\r\n# Video Bridge (jvb service)\r\nENABLE_COLIBRI_WEBSOCKET=\"false\"\r\nJVB_XMPP_SERVER=\"euw1-main-xmpp.dev.meet.alve.live\"\r\nJVB_AUTH_PASSWORD=\"0327928f197d4e0837529458da275bed\"\r\n\r\n# Secrets\r\nJICOFO_COMPONENT_SECRET=\"1853a660a185e3e38d66f4c822dbafb6\"\r\n\r\nEOT\r\n\r\n# Export env to current session\r\nsource .env\r\n\r\n# Copy custom plugins to config dir\r\nmkdir -p ~/$CONFIG/prosody\r\ncp -R ./custom-prosody-plugins ~/$CONFIG/prosody/prosody-plugins-custom\r\n\r\n# Generate required config directories\r\nmkdir -p ~/$CONFIG/{web,transcripts,prosody/config,jicofo,jvb,jigasi,jibri}\r\n\r\n\r\n\r\n# Start services in selected profiles\r\ndocker compose --profile jvb up -d --build\r\n",
        "#!/bin/bash\r\nset -e\r\n\r\nsu - ubuntu\r\n\r\n# Install Docker\r\nsudo apt update\r\nsudo apt-get -y install apt-transport-https ca-certificates curl software-properties-common\r\ncurl -fsSL https://download.docker.com/linux/ubuntu/gpg | sudo apt-key add -\r\nsudo add-apt-repository -y \"deb [arch=amd64] https://download.docker.com/linux/ubuntu $(lsb_release -cs) stable\"\r\nsudo apt update\r\nsudo apt-get -y install docker-ce\r\nsudo usermod -a -G docker $(whoami)\r\nsudo apt-get install docker-compose -y\r\n\r\n\r\n# Clone repository\r\ngit clone https://accountsosoci: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@github.com/alvelive/docker-jitsi-meet.git\r\ncd docker-jitsi-meet\r\n\r\n# Create ENV\r\ncat \u003c\u003cEOT \u003e.env\r\nPUBLIC_URL=\"https://euw1-main-jvb-2.dev.meet.alve.live\"\r\nLOG_LEVEL=\"trace\"\r\nCONFIG=\"~/.jitsi-meet-cfg\"\r\nHTTP_PORT=\"8000\"\r\nHTTPS_PORT=\"8443\"\r\nTZ=\"UTC\"\r\nETHERPAD_TITLE=\"Alve\"\r\nETHERPAD_DEFAULT_PAD_TEXT=\"Welcome to Alve!\\n\\n\"\r\nETHERPAD_SKIN_NAME=\"colibris\"\r\nETHERPAD_SKIN_VARIANTS=\"super-light-toolbar super-light-editor light-background full-width-editor\"\r\n\r\n# Frontend (web service)\r\nDEPLOYMENTINFO_ENVIRONMENT=\"production\"\r\nDEPLOYMENTINFO_ENVIRONMENT_TYPE=\"cloud\"\r\nDEPLOYMENTINFO_REGION=\"euw1\"\r\nDEPLOYMENTINFO_SHARD=\"main\"\r\nDEPLOYMENTINFO_USERREGION=\"euw1\"\r\n\r\n# Prosody\r\nENABLE_OCTO=\"true\"\r\nENABLE_AUTH=\"true\"\r\nENABLE_LETSENCRYPT=\"true\"\r\nLETSENCRYPT_DOMAIN=\"euw1-main-jvb-2.dev.meet.alve.live\"\r\nLETSENCRYPT_EMAIL=\"accounts@osoci.com\"\r\n\r\n# XMPP server (prosody service)\r\nENABLE_S2S=\"true\"\r\nXMPP_DOMAIN=\"euw1-main-xmpp.dev.meet.alve.live\"\r\nXMPP_AUTH_DOMAIN=\"auth.euw1-main-xmpp.dev.meet.alve.live\"\r\nXMPP_GUEST_DOMAIN=\"guest.euw1-main-xmpp.dev.meet.alve.live\"\r\nXMPP_MUC_DOMAIN=\"muc.euw1-main-xmpp.dev.meet.alve.live\"\r\nXMPP_INTERNAL_MUC_DOMAIN=\"internal-muc.euw1-main-xmpp.dev.meet.alve.live\"\r\nJWT_APP_ID=\"alve-jitsi\"\r\nJWT_APP_SECRET=\"f6207949197ff0be4af7b520ffc03d7e\"\r\nJWT_ALLOW_EMPTY=\"false\"\r\n\r\n# Focus component (jicofo service)\r\nJICOFO_OCTO_REGION=\"euw1\"\r\nJICOFO_AUTH_PASSWORD=\"e2921f9c4971f3fc37f61559fb2a2003\"\r\nENABLE_VISITORS=\"false\"\r\n\r\n# Video Bridge (jvb service)\r\nENABLE_COLIBRI_WEBSOCKET=\"false\"\r\nJVB_XMPP_SERVER=\"euw1-main-xmpp.dev.meet.alve.live\"\r\nJVB_AUTH_PASSWORD=\"0327928f197d4e0837529458da275bed\"\r\n\r\n# Secrets\r\nJICOFO_COMPONENT_SECRET=\"1853a660a185e3e38d66f4c822dbafb6\"\r\n\r\nEOT\r\n\r\n# Export env to current session\r\nsource .env\r\n\r\n# Copy custom plugins to config dir\r\nmkdir -p ~/$CONFIG/prosody\r\ncp -R ./custom-prosody-plugins ~/$CONFIG/prosody/prosody-plugins-custom\r\n\r\n# Generate required config directories\r\nmkdir -p ~/$CONFIG/{web,transcripts,prosody/config,jicofo,jvb,jigasi,jibri}\r\n\r\n\r\n\r\n# Start services in selected profiles\r\ndocker compose --profile jvb up -d --build\r\n",
        "#!/bin/bash\r\nset -e\r\n\r\nsu - ubuntu\r\n\r\n# Install Docker\r\nsudo apt update\r\nsudo apt-get -y install apt-transport-https ca-certificates curl software-properties-common\r\ncurl -fsSL https://download.docker.com/linux/ubuntu/gpg | sudo apt-key add -\r\nsudo add-apt-repository -y \"deb [arch=amd64] https://download.docker.com/linux/ubuntu $(lsb_release -cs) stable\"\r\nsudo apt update\r\nsudo apt-get -y install docker-ce\r\nsudo usermod -a -G docker $(whoami)\r\nsudo apt-get install docker-compose -y\r\n\r\n\r\n# Clone repository\r\ngit clone https://accountsosoci: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@github.com/alvelive/docker-jitsi-meet.git\r\ncd docker-jitsi-meet\r\n\r\n# Create ENV\r\ncat \u003c\u003cEOT \u003e.env\r\nPUBLIC_URL=\"https://euw1-main-jvb-3.dev.meet.alve.live\"\r\nLOG_LEVEL=\"trace\"\r\nCONFIG=\"~/.jitsi-meet-cfg\"\r\nHTTP_PORT=\"8000\"\r\nHTTPS_PORT=\"8443\"\r\nTZ=\"UTC\"\r\nETHERPAD_TITLE=\"Alve\"\r\nETHERPAD_DEFAULT_PAD_TEXT=\"Welcome to Alve!\\n\\n\"\r\nETHERPAD_SKIN_NAME=\"colibris\"\r\nETHERPAD_SKIN_VARIANTS=\"super-light-toolbar super-light-editor light-background full-width-editor\"\r\n\r\n# Frontend (web service)\r\nDEPLOYMENTINFO_ENVIRONMENT=\"production\"\r\nDEPLOYMENTINFO_ENVIRONMENT_TYPE=\"cloud\"\r\nDEPLOYMENTINFO_REGION=\"euw1\"\r\nDEPLOYMENTINFO_SHARD=\"main\"\r\nDEPLOYMENTINFO_USERREGION=\"euw1\"\r\n\r\n# Prosody\r\nENABLE_OCTO=\"true\"\r\nENABLE_AUTH=\"true\"\r\nENABLE_LETSENCRYPT=\"true\"\r\nLETSENCRYPT_DOMAIN=\"euw1-main-jvb-3.dev.meet.alve.live\"\r\nLETSENCRYPT_EMAIL=\"accounts@osoci.com\"\r\n\r\n# XMPP server (prosody service)\r\nENABLE_S2S=\"true\"\r\nXMPP_DOMAIN=\"euw1-main-xmpp.dev.meet.alve.live\"\r\nXMPP_AUTH_DOMAIN=\"auth.euw1-main-xmpp.dev.meet.alve.live\"\r\nXMPP_GUEST_DOMAIN=\"guest.euw1-main-xmpp.dev.meet.alve.live\"\r\nXMPP_MUC_DOMAIN=\"muc.euw1-main-xmpp.dev.meet.alve.live\"\r\nXMPP_INTERNAL_MUC_DOMAIN=\"internal-muc.euw1-main-xmpp.dev.meet.alve.live\"\r\nJWT_APP_ID=\"alve-jitsi\"\r\nJWT_APP_SECRET=\"f6207949197ff0be4af7b520ffc03d7e\"\r\nJWT_ALLOW_EMPTY=\"false\"\r\n\r\n# Focus component (jicofo service)\r\nJICOFO_OCTO_REGION=\"euw1\"\r\nJICOFO_AUTH_PASSWORD=\"e2921f9c4971f3fc37f61559fb2a2003\"\r\nENABLE_VISITORS=\"false\"\r\n\r\n# Video Bridge (jvb service)\r\nENABLE_COLIBRI_WEBSOCKET=\"false\"\r\nJVB_XMPP_SERVER=\"euw1-main-xmpp.dev.meet.alve.live\"\r\nJVB_AUTH_PASSWORD=\"0327928f197d4e0837529458da275bed\"\r\n\r\n# Secrets\r\nJICOFO_COMPONENT_SECRET=\"1853a660a185e3e38d66f4c822dbafb6\"\r\n\r\nEOT\r\n\r\n# Export env to current session\r\nsource .env\r\n\r\n# Copy custom plugins to config dir\r\nmkdir -p ~/$CONFIG/prosody\r\ncp -R ./custom-prosody-plugins ~/$CONFIG/prosody/prosody-plugins-custom\r\n\r\n# Generate required config directories\r\nmkdir -p ~/$CONFIG/{web,transcripts,prosody/config,jicofo,jvb,jigasi,jibri}\r\n\r\n\r\n\r\n# Start services in selected profiles\r\ndocker compose --profile jvb up -d --build\r\n"
      ],
      "type": [
        "tuple",
        [
          "string",
          "string",
          "string",
          "string",
          "string"
        ]
      ]
    },
    "jwt_app_secret": {
      "value": "f6207949197ff0be4af7b520ffc03d7e",
      "type": "string"
    },
    "services": {
      "value": [
        "euw1-main-xmpp-1.dev.meet.alve.live",
        "euw1-main-jicofo-1.dev.meet.alve.live",
        "euw1-main-jvb-1.dev.meet.alve.live",
        "euw1-main-jvb-2.dev.meet.alve.live",
        "euw1-main-jvb-3.dev.meet.alve.live"
      ],
      "type": [
        "tuple",
        [
          "string",
          "string",
          "string",
          "string",
          "string"
        ]
      ]
    }
  },
  "resources": [
    {
      "mode": "data",
      "type": "aws_ami",
      "name": "latest_ubuntu",
      "provider": "provider[\"registry.terraform.io/hashicorp/aws\"]",
      "instances": [
        {
          "schema_version": 0,
          "attributes": {
            "architecture": "x86_64",
            "arn": "arn:aws:ec2:eu-west-1::image/ami-0905a3c97561e0b69",
            "block_device_mappings": [
              {
                "device_name": "/dev/sda1",
                "ebs": {
                  "delete_on_termination": "true",
                  "encrypted": "false",
                  "iops": "0",
                  "snapshot_id": "snap-000c4d65305cde84b",
                  "throughput": "0",
                  "volume_size": "8",
                  "volume_type": "gp2"
                },
                "no_device": "",
                "virtual_name": ""
              },
              {
                "device_name": "/dev/sdb",
                "ebs": {},
                "no_device": "",
                "virtual_name": "ephemeral0"
              },
              {
                "device_name": "/dev/sdc",
                "ebs": {},
                "no_device": "",
                "virtual_name": "ephemeral1"
              }
            ],
            "boot_mode": "legacy-bios",
            "creation_date": "2023-12-07T03:26:58.000Z",
            "deprecation_time": "2025-12-07T03:26:58.000Z",
            "description": "Canonical, Ubuntu, 22.04 LTS, amd64 jammy image build on 2023-12-07",
            "ena_support": true,
            "executable_users": null,
            "filter": [
              {
                "name": "name",
                "values": [
                  "ubuntu/images/*/ubuntu-jammy-22.04-*"
                ]
              }
            ],
            "hypervisor": "xen",
            "id": "ami-0905a3c97561e0b69",
            "image_id": "ami-0905a3c97561e0b69",
            "image_location": "amazon/ubuntu/images/hvm-ssd/ubuntu-jammy-22.04-amd64-server-20231207",
            "image_owner_alias": "amazon",
            "image_type": "machine",
            "imds_support": "",
            "include_deprecated": false,
            "kernel_id": "",
            "most_recent": true,
            "name": "ubuntu/images/hvm-ssd/ubuntu-jammy-22.04-amd64-server-20231207",
            "name_regex": null,
            "owner_id": "099720109477",
            "owners": [
              "099720109477"
            ],
            "platform": "",
            "platform_details": "Linux/UNIX",
            "product_codes": [],
            "public": true,
            "ramdisk_id": "",
            "root_device_name": "/dev/sda1",
            "root_device_type": "ebs",
            "root_snapshot_id": "snap-000c4d65305cde84b",
            "sriov_net_support": "simple",
            "state": "available",
            "state_reason": {
              "code": "UNSET",
              "message": "UNSET"
            },
            "tags": {},
            "timeouts": null,
            "tpm_support": "",
            "usage_operation": "RunInstances",
            "virtualization_type": "hvm"
          },
          "sensitive_attributes": []
        }
      ]
    },
    {
      "mode": "data",
      "type": "cloudflare_zone",
      "name": "public",
      "provider": "provider[\"registry.terraform.io/cloudflare/cloudflare\"]",
      "instances": [
        {
          "schema_version": 0,
          "attributes": {
            "account_id": "1bd00fa8d7f1fd4526dfd1853febdc52",
            "id": "af263e6d9efc2a0e8534567c4f0b6be7",
            "name": "alve.live",
            "name_servers": [
              "gracie.ns.cloudflare.com",
              "yew.ns.cloudflare.com"
            ],
            "paused": false,
            "plan": "Free Website",
            "status": "active",
            "vanity_name_servers": [],
            "zone_id": "af263e6d9efc2a0e8534567c4f0b6be7"
          },
          "sensitive_attributes": []
        }
      ]
    },
    {
      "mode": "managed",
      "type": "aws_eip",
      "name": "lb",
      "provider": "provider[\"registry.terraform.io/hashicorp/aws\"]",
      "instances": [
        {
          "index_key": 0,
          "schema_version": 0,
          "attributes": {
            "address": null,
            "allocation_id": "eipalloc-0508ae6010f662f97",
            "associate_with_private_ip": null,
            "association_id": "eipassoc-0ee9cd6d50355e755",
            "carrier_ip": "",
            "customer_owned_ip": "",
            "customer_owned_ipv4_pool": "",
            "domain": "vpc",
            "id": "eipalloc-0508ae6010f662f97",
            "instance": "i-05d328f066968594f",
            "network_border_group": "eu-west-1",
            "network_interface": "eni-06b4438fa4cde6224",
            "private_dns": "ip-10-0-0-167.eu-west-1.compute.internal",
            "private_ip": "10.0.0.167",
            "public_dns": "ec2-34-248-154-128.eu-west-1.compute.amazonaws.com",
            "public_ip": "34.248.154.128",
            "public_ipv4_pool": "amazon",
            "tags": {},
            "tags_all": {},
            "timeouts": null,
            "vpc": true
          },
          "sensitive_attributes": [],
          "private": "eyJlMmJmYjczMC1lY2FhLTExZTYtOGY4OC0zNDM2M2JjN2M0YzAiOnsiZGVsZXRlIjoxODAwMDAwMDAwMDAsInJlYWQiOjkwMDAwMDAwMDAwMCwidXBkYXRlIjozMDAwMDAwMDAwMDB9fQ==",
          "dependencies": [
            "aws_instance.services",
            "aws_internet_gateway.main",
            "aws_key_pair.ssh_key",
            "aws_route_table.main_route_table",
            "aws_route_table_association.route_table_association",
            "aws_security_group.jitsi",
            "aws_subnet.main",
            "aws_vpc.main",
            "data.aws_ami.latest_ubuntu",
            "random_id.jicofo_auth_password",
            "random_id.jicofo_component_secret",
            "random_id.jvb_auth_password",
            "random_id.jwt_app_secret"
          ]
        },
        {
          "index_key": 1,
          "schema_version": 0,
          "attributes": {
            "address": null,
            "allocation_id": "eipalloc-0025f97dc2178caae",
            "associate_with_private_ip": null,
            "association_id": "eipassoc-0cbfc2d7db965aed0",
            "carrier_ip": "",
            "customer_owned_ip": "",
            "customer_owned_ipv4_pool": "",
            "domain": "vpc",
            "id": "eipalloc-0025f97dc2178caae",
            "instance": "i-01bb27277600fb2bc",
            "network_border_group": "eu-west-1",
            "network_interface": "eni-00ac8fb6e69609e80",
            "private_dns": "ip-10-0-0-148.eu-west-1.compute.internal",
            "private_ip": "10.0.0.148",
            "public_dns": "ec2-52-49-93-133.eu-west-1.compute.amazonaws.com",
            "public_ip": "52.49.93.133",
            "public_ipv4_pool": "amazon",
            "tags": {},
            "tags_all": {},
            "timeouts": null,
            "vpc": true
          },
          "sensitive_attributes": [],
          "private": "eyJlMmJmYjczMC1lY2FhLTExZTYtOGY4OC0zNDM2M2JjN2M0YzAiOnsiZGVsZXRlIjoxODAwMDAwMDAwMDAsInJlYWQiOjkwMDAwMDAwMDAwMCwidXBkYXRlIjozMDAwMDAwMDAwMDB9fQ==",
          "dependencies": [
            "aws_instance.services",
            "aws_internet_gateway.main",
            "aws_key_pair.ssh_key",
            "aws_route_table.main_route_table",
            "aws_route_table_association.route_table_association",
            "aws_security_group.jitsi",
            "aws_subnet.main",
            "aws_vpc.main",
            "data.aws_ami.latest_ubuntu",
            "random_id.jicofo_auth_password",
            "random_id.jicofo_component_secret",
            "random_id.jvb_auth_password",
            "random_id.jwt_app_secret"
          ]
        },
        {
          "index_key": 2,
          "schema_version": 0,
          "attributes": {
            "address": null,
            "allocation_id": "eipalloc-03c04d36d757d27e2",
            "associate_with_private_ip": null,
            "association_id": "eipassoc-0842447f22be55c27",
            "carrier_ip": "",
            "customer_owned_ip": "",
            "customer_owned_ipv4_pool": "",
            "domain": "vpc",
            "id": "eipalloc-03c04d36d757d27e2",
            "instance": "i-03995a1261d17d4ac",
            "network_border_group": "eu-west-1",
            "network_interface": "eni-035d8949883646ce8",
            "private_dns": "ip-10-0-0-64.eu-west-1.compute.internal",
            "private_ip": "10.0.0.64",
            "public_dns": "ec2-3-255-15-132.eu-west-1.compute.amazonaws.com",
            "public_ip": "3.255.15.132",
            "public_ipv4_pool": "amazon",
            "tags": {},
            "tags_all": {},
            "timeouts": null,
            "vpc": true
          },
          "sensitive_attributes": [],
          "private": "eyJlMmJmYjczMC1lY2FhLTExZTYtOGY4OC0zNDM2M2JjN2M0YzAiOnsiZGVsZXRlIjoxODAwMDAwMDAwMDAsInJlYWQiOjkwMDAwMDAwMDAwMCwidXBkYXRlIjozMDAwMDAwMDAwMDB9fQ==",
          "dependencies": [
            "aws_instance.services",
            "aws_internet_gateway.main",
            "aws_key_pair.ssh_key",
            "aws_route_table.main_route_table",
            "aws_route_table_association.route_table_association",
            "aws_security_group.jitsi",
            "aws_subnet.main",
            "aws_vpc.main",
            "data.aws_ami.latest_ubuntu",
            "random_id.jicofo_auth_password",
            "random_id.jicofo_component_secret",
            "random_id.jvb_auth_password",
            "random_id.jwt_app_secret"
          ]
        },
        {
          "index_key": 3,
          "schema_version": 0,
          "attributes": {
            "address": null,
            "allocation_id": "eipalloc-06045fa39d40a8add",
            "associate_with_private_ip": null,
            "association_id": "eipassoc-036bfb139727d25da",
            "carrier_ip": "",
            "customer_owned_ip": "",
            "customer_owned_ipv4_pool": "",
            "domain": "vpc",
            "id": "eipalloc-06045fa39d40a8add",
            "instance": "i-082706d30f377248b",
            "network_border_group": "eu-west-1",
            "network_interface": "eni-089ede175b5f500a0",
            "private_dns": "ip-10-0-0-25.eu-west-1.compute.internal",
            "private_ip": "10.0.0.25",
            "public_dns": "ec2-34-248-80-72.eu-west-1.compute.amazonaws.com",
            "public_ip": "34.248.80.72",
            "public_ipv4_pool": "amazon",
            "tags": {},
            "tags_all": {},
            "timeouts": null,
            "vpc": true
          },
          "sensitive_attributes": [],
          "private": "eyJlMmJmYjczMC1lY2FhLTExZTYtOGY4OC0zNDM2M2JjN2M0YzAiOnsiZGVsZXRlIjoxODAwMDAwMDAwMDAsInJlYWQiOjkwMDAwMDAwMDAwMCwidXBkYXRlIjozMDAwMDAwMDAwMDB9fQ==",
          "dependencies": [
            "aws_instance.services",
            "aws_internet_gateway.main",
            "aws_key_pair.ssh_key",
            "aws_route_table.main_route_table",
            "aws_route_table_association.route_table_association",
            "aws_security_group.jitsi",
            "aws_subnet.main",
            "aws_vpc.main",
            "data.aws_ami.latest_ubuntu",
            "random_id.jicofo_auth_password",
            "random_id.jicofo_component_secret",
            "random_id.jvb_auth_password",
            "random_id.jwt_app_secret"
          ]
        },
        {
          "index_key": 4,
          "schema_version": 0,
          "attributes": {
            "address": null,
            "allocation_id": "eipalloc-0a04aac60f67af351",
            "associate_with_private_ip": null,
            "association_id": "eipassoc-038500843aafdb581",
            "carrier_ip": "",
            "customer_owned_ip": "",
            "customer_owned_ipv4_pool": "",
            "domain": "vpc",
            "id": "eipalloc-0a04aac60f67af351",
            "instance": "i-0904a7fe561f6225a",
            "network_border_group": "eu-west-1",
            "network_interface": "eni-09b71b29d0f11c590",
            "private_dns": "ip-10-0-0-145.eu-west-1.compute.internal",
            "private_ip": "10.0.0.145",
            "public_dns": "ec2-54-228-182-111.eu-west-1.compute.amazonaws.com",
            "public_ip": "54.228.182.111",
            "public_ipv4_pool": "amazon",
            "tags": {},
            "tags_all": {},
            "timeouts": null,
            "vpc": true
          },
          "sensitive_attributes": [],
          "private": "eyJlMmJmYjczMC1lY2FhLTExZTYtOGY4OC0zNDM2M2JjN2M0YzAiOnsiZGVsZXRlIjoxODAwMDAwMDAwMDAsInJlYWQiOjkwMDAwMDAwMDAwMCwidXBkYXRlIjozMDAwMDAwMDAwMDB9fQ==",
          "dependencies": [
            "aws_instance.services",
            "aws_internet_gateway.main",
            "aws_key_pair.ssh_key",
            "aws_route_table.main_route_table",
            "aws_route_table_association.route_table_association",
            "aws_security_group.jitsi",
            "aws_subnet.main",
            "aws_vpc.main",
            "data.aws_ami.latest_ubuntu",
            "random_id.jicofo_auth_password",
            "random_id.jicofo_component_secret",
            "random_id.jvb_auth_password",
            "random_id.jwt_app_secret"
          ]
        }
      ]
    },
    {
      "mode": "managed",
      "type": "aws_instance",
      "name": "services",
      "provider": "provider[\"registry.terraform.io/hashicorp/aws\"]",
      "instances": [
        {
          "index_key": 0,
          "schema_version": 1,
          "attributes": {
            "ami": "ami-0905a3c97561e0b69",
            "arn": "arn:aws:ec2:eu-west-1:716052451530:instance/i-05d328f066968594f",
            "associate_public_ip_address": true,
            "availability_zone": "eu-west-1a",
            "capacity_reservation_specification": [
              {
                "capacity_reservation_preference": "open",
                "capacity_reservation_target": []
              }
            ],
            "cpu_core_count": 1,
            "cpu_options": [
              {
                "amd_sev_snp": "",
                "core_count": 1,
                "threads_per_core": 1
              }
            ],
            "cpu_threads_per_core": 1,
            "credit_specification": [
              {
                "cpu_credits": "standard"
              }
            ],
            "disable_api_stop": false,
            "disable_api_termination": false,
            "ebs_block_device": [],
            "ebs_optimized": false,
            "enclave_options": [
              {
                "enabled": false
              }
            ],
            "ephemeral_block_device": [],
            "get_password_data": false,
            "hibernation": false,
            "host_id": "",
            "host_resource_group_arn": null,
            "iam_instance_profile": "",
            "id": "i-05d328f066968594f",
            "instance_initiated_shutdown_behavior": "stop",
            "instance_lifecycle": "",
            "instance_market_options": [],
            "instance_state": "running",
            "instance_type": "t2.micro",
            "ipv6_address_count": 0,
            "ipv6_addresses": [],
            "key_name": "jitsi-dev.meet.alve.live",
            "launch_template": [],
            "maintenance_options": [
              {
                "auto_recovery": "default"
              }
            ],
            "metadata_options": [
              {
                "http_endpoint": "enabled",
                "http_protocol_ipv6": "disabled",
                "http_put_response_hop_limit": 1,
                "http_tokens": "optional",
                "instance_metadata_tags": "disabled"
              }
            ],
            "monitoring": false,
            "network_interface": [],
            "outpost_arn": "",
            "password_data": "",
            "placement_group": "",
            "placement_partition_number": 0,
            "primary_network_interface_id": "eni-06b4438fa4cde6224",
            "private_dns": "ip-10-0-0-167.eu-west-1.compute.internal",
            "private_dns_name_options": [
              {
                "enable_resource_name_dns_a_record": false,
                "enable_resource_name_dns_aaaa_record": false,
                "hostname_type": "ip-name"
              }
            ],
            "private_ip": "10.0.0.167",
            "public_dns": "ec2-34-248-154-128.eu-west-1.compute.amazonaws.com",
            "public_ip": "34.248.154.128",
            "root_block_device": [
              {
                "delete_on_termination": true,
                "device_name": "/dev/sda1",
                "encrypted": false,
                "iops": 100,
                "kms_key_id": "",
                "tags": {},
                "throughput": 0,
                "volume_id": "vol-088589f1ac95b15b3",
                "volume_size": 8,
                "volume_type": "gp2"
              }
            ],
            "secondary_private_ips": [],
            "security_groups": [],
            "source_dest_check": true,
            "spot_instance_request_id": "",
            "subnet_id": "subnet-080074bab54408a0a",
            "tags": {
              "Name": "euw1-main-xmpp-1.dev.meet.alve.live"
            },
            "tags_all": {
              "Name": "euw1-main-xmpp-1.dev.meet.alve.live"
            },
            "tenancy": "default",
            "timeouts": null,
            "user_data": "492de8757665305e2bac1c00857fde88e8a0c250",
            "user_data_base64": null,
            "user_data_replace_on_change": false,
            "volume_tags": null,
            "vpc_security_group_ids": [
              "sg-0fefbbddff394c5a7"
            ]
          },
          "sensitive_attributes": [],
          "private": "eyJlMmJmYjczMC1lY2FhLTExZTYtOGY4OC0zNDM2M2JjN2M0YzAiOnsiY3JlYXRlIjo2MDAwMDAwMDAwMDAsImRlbGV0ZSI6MTIwMDAwMDAwMDAwMCwidXBkYXRlIjo2MDAwMDAwMDAwMDB9LCJzY2hlbWFfdmVyc2lvbiI6IjEifQ==",
          "dependencies": [
            "aws_internet_gateway.main",
            "aws_key_pair.ssh_key",
            "aws_route_table.main_route_table",
            "aws_route_table_association.route_table_association",
            "aws_security_group.jitsi",
            "aws_subnet.main",
            "aws_vpc.main",
            "data.aws_ami.latest_ubuntu",
            "random_id.jicofo_auth_password",
            "random_id.jicofo_component_secret",
            "random_id.jvb_auth_password",
            "random_id.jwt_app_secret"
          ],
          "create_before_destroy": true
        },
        {
          "index_key": 1,
          "schema_version": 1,
          "attributes": {
            "ami": "ami-0905a3c97561e0b69",
            "arn": "arn:aws:ec2:eu-west-1:716052451530:instance/i-01bb27277600fb2bc",
            "associate_public_ip_address": true,
            "availability_zone": "eu-west-1a",
            "capacity_reservation_specification": [
              {
                "capacity_reservation_preference": "open",
                "capacity_reservation_target": []
              }
            ],
            "cpu_core_count": 1,
            "cpu_options": [
              {
                "amd_sev_snp": "",
                "core_count": 1,
                "threads_per_core": 1
              }
            ],
            "cpu_threads_per_core": 1,
            "credit_specification": [
              {
                "cpu_credits": "standard"
              }
            ],
            "disable_api_stop": false,
            "disable_api_termination": false,
            "ebs_block_device": [],
            "ebs_optimized": false,
            "enclave_options": [
              {
                "enabled": false
              }
            ],
            "ephemeral_block_device": [],
            "get_password_data": false,
            "hibernation": false,
            "host_id": "",
            "host_resource_group_arn": null,
            "iam_instance_profile": "",
            "id": "i-01bb27277600fb2bc",
            "instance_initiated_shutdown_behavior": "stop",
            "instance_lifecycle": "",
            "instance_market_options": [],
            "instance_state": "running",
            "instance_type": "t2.micro",
            "ipv6_address_count": 0,
            "ipv6_addresses": [],
            "key_name": "jitsi-dev.meet.alve.live",
            "launch_template": [],
            "maintenance_options": [
              {
                "auto_recovery": "default"
              }
            ],
            "metadata_options": [
              {
                "http_endpoint": "enabled",
                "http_protocol_ipv6": "disabled",
                "http_put_response_hop_limit": 1,
                "http_tokens": "optional",
                "instance_metadata_tags": "disabled"
              }
            ],
            "monitoring": false,
            "network_interface": [],
            "outpost_arn": "",
            "password_data": "",
            "placement_group": "",
            "placement_partition_number": 0,
            "primary_network_interface_id": "eni-00ac8fb6e69609e80",
            "private_dns": "ip-10-0-0-148.eu-west-1.compute.internal",
            "private_dns_name_options": [
              {
                "enable_resource_name_dns_a_record": false,
                "enable_resource_name_dns_aaaa_record": false,
                "hostname_type": "ip-name"
              }
            ],
            "private_ip": "10.0.0.148",
            "public_dns": "ec2-52-49-93-133.eu-west-1.compute.amazonaws.com",
            "public_ip": "52.49.93.133",
            "root_block_device": [
              {
                "delete_on_termination": true,
                "device_name": "/dev/sda1",
                "encrypted": false,
                "iops": 100,
                "kms_key_id": "",
                "tags": {},
                "throughput": 0,
                "volume_id": "vol-03cd5dd9d444b3337",
                "volume_size": 8,
                "volume_type": "gp2"
              }
            ],
            "secondary_private_ips": [],
            "security_groups": [],
            "source_dest_check": true,
            "spot_instance_request_id": "",
            "subnet_id": "subnet-080074bab54408a0a",
            "tags": {
              "Name": "euw1-main-jicofo-1.dev.meet.alve.live"
            },
            "tags_all": {
              "Name": "euw1-main-jicofo-1.dev.meet.alve.live"
            },
            "tenancy": "default",
            "timeouts": null,
            "user_data": "89e5dfcfe672b8782efa8eba2df8fb4865fc4ee0",
            "user_data_base64": null,
            "user_data_replace_on_change": false,
            "volume_tags": null,
            "vpc_security_group_ids": [
              "sg-0fefbbddff394c5a7"
            ]
          },
          "sensitive_attributes": [],
          "private": "eyJlMmJmYjczMC1lY2FhLTExZTYtOGY4OC0zNDM2M2JjN2M0YzAiOnsiY3JlYXRlIjo2MDAwMDAwMDAwMDAsImRlbGV0ZSI6MTIwMDAwMDAwMDAwMCwidXBkYXRlIjo2MDAwMDAwMDAwMDB9LCJzY2hlbWFfdmVyc2lvbiI6IjEifQ==",
          "dependencies": [
            "aws_internet_gateway.main",
            "aws_key_pair.ssh_key",
            "aws_route_table.main_route_table",
            "aws_route_table_association.route_table_association",
            "aws_security_group.jitsi",
            "aws_subnet.main",
            "aws_vpc.main",
            "data.aws_ami.latest_ubuntu",
            "random_id.jicofo_auth_password",
            "random_id.jicofo_component_secret",
            "random_id.jvb_auth_password",
            "random_id.jwt_app_secret"
          ],
          "create_before_destroy": true
        },
        {
          "index_key": 2,
          "schema_version": 1,
          "attributes": {
            "ami": "ami-0905a3c97561e0b69",
            "arn": "arn:aws:ec2:eu-west-1:716052451530:instance/i-03995a1261d17d4ac",
            "associate_public_ip_address": true,
            "availability_zone": "eu-west-1a",
            "capacity_reservation_specification": [
              {
                "capacity_reservation_preference": "open",
                "capacity_reservation_target": []
              }
            ],
            "cpu_core_count": 1,
            "cpu_options": [
              {
                "amd_sev_snp": "",
                "core_count": 1,
                "threads_per_core": 1
              }
            ],
            "cpu_threads_per_core": 1,
            "credit_specification": [
              {
                "cpu_credits": "standard"
              }
            ],
            "disable_api_stop": false,
            "disable_api_termination": false,
            "ebs_block_device": [],
            "ebs_optimized": false,
            "enclave_options": [
              {
                "enabled": false
              }
            ],
            "ephemeral_block_device": [],
            "get_password_data": false,
            "hibernation": false,
            "host_id": "",
            "host_resource_group_arn": null,
            "iam_instance_profile": "",
            "id": "i-03995a1261d17d4ac",
            "instance_initiated_shutdown_behavior": "stop",
            "instance_lifecycle": "",
            "instance_market_options": [],
            "instance_state": "running",
            "instance_type": "t2.micro",
            "ipv6_address_count": 0,
            "ipv6_addresses": [],
            "key_name": "jitsi-dev.meet.alve.live",
            "launch_template": [],
            "maintenance_options": [
              {
                "auto_recovery": "default"
              }
            ],
            "metadata_options": [
              {
                "http_endpoint": "enabled",
                "http_protocol_ipv6": "disabled",
                "http_put_response_hop_limit": 1,
                "http_tokens": "optional",
                "instance_metadata_tags": "disabled"
              }
            ],
            "monitoring": false,
            "network_interface": [],
            "outpost_arn": "",
            "password_data": "",
            "placement_group": "",
            "placement_partition_number": 0,
            "primary_network_interface_id": "eni-035d8949883646ce8",
            "private_dns": "ip-10-0-0-64.eu-west-1.compute.internal",
            "private_dns_name_options": [
              {
                "enable_resource_name_dns_a_record": false,
                "enable_resource_name_dns_aaaa_record": false,
                "hostname_type": "ip-name"
              }
            ],
            "private_ip": "10.0.0.64",
            "public_dns": "ec2-3-255-15-132.eu-west-1.compute.amazonaws.com",
            "public_ip": "3.255.15.132",
            "root_block_device": [
              {
                "delete_on_termination": true,
                "device_name": "/dev/sda1",
                "encrypted": false,
                "iops": 100,
                "kms_key_id": "",
                "tags": {},
                "throughput": 0,
                "volume_id": "vol-04f947c2db19aab95",
                "volume_size": 8,
                "volume_type": "gp2"
              }
            ],
            "secondary_private_ips": [],
            "security_groups": [],
            "source_dest_check": true,
            "spot_instance_request_id": "",
            "subnet_id": "subnet-080074bab54408a0a",
            "tags": {
              "Name": "euw1-main-jvb-1.dev.meet.alve.live"
            },
            "tags_all": {
              "Name": "euw1-main-jvb-1.dev.meet.alve.live"
            },
            "tenancy": "default",
            "timeouts": null,
            "user_data": "ed95087b1157fc8c57c28fb05dcba5537423e960",
            "user_data_base64": null,
            "user_data_replace_on_change": false,
            "volume_tags": null,
            "vpc_security_group_ids": [
              "sg-0fefbbddff394c5a7"
            ]
          },
          "sensitive_attributes": [],
          "private": "eyJlMmJmYjczMC1lY2FhLTExZTYtOGY4OC0zNDM2M2JjN2M0YzAiOnsiY3JlYXRlIjo2MDAwMDAwMDAwMDAsImRlbGV0ZSI6MTIwMDAwMDAwMDAwMCwidXBkYXRlIjo2MDAwMDAwMDAwMDB9LCJzY2hlbWFfdmVyc2lvbiI6IjEifQ==",
          "dependencies": [
            "aws_internet_gateway.main",
            "aws_key_pair.ssh_key",
            "aws_route_table.main_route_table",
            "aws_route_table_association.route_table_association",
            "aws_security_group.jitsi",
            "aws_subnet.main",
            "aws_vpc.main",
            "data.aws_ami.latest_ubuntu",
            "random_id.jicofo_auth_password",
            "random_id.jicofo_component_secret",
            "random_id.jvb_auth_password",
            "random_id.jwt_app_secret"
          ],
          "create_before_destroy": true
        },
        {
          "index_key": 3,
          "schema_version": 1,
          "attributes": {
            "ami": "ami-0905a3c97561e0b69",
            "arn": "arn:aws:ec2:eu-west-1:716052451530:instance/i-082706d30f377248b",
            "associate_public_ip_address": true,
            "availability_zone": "eu-west-1a",
            "capacity_reservation_specification": [
              {
                "capacity_reservation_preference": "open",
                "capacity_reservation_target": []
              }
            ],
            "cpu_core_count": 1,
            "cpu_options": [
              {
                "amd_sev_snp": "",
                "core_count": 1,
                "threads_per_core": 1
              }
            ],
            "cpu_threads_per_core": 1,
            "credit_specification": [
              {
                "cpu_credits": "standard"
              }
            ],
            "disable_api_stop": false,
            "disable_api_termination": false,
            "ebs_block_device": [],
            "ebs_optimized": false,
            "enclave_options": [
              {
                "enabled": false
              }
            ],
            "ephemeral_block_device": [],
            "get_password_data": false,
            "hibernation": false,
            "host_id": "",
            "host_resource_group_arn": null,
            "iam_instance_profile": "",
            "id": "i-082706d30f377248b",
            "instance_initiated_shutdown_behavior": "stop",
            "instance_lifecycle": "",
            "instance_market_options": [],
            "instance_state": "running",
            "instance_type": "t2.micro",
            "ipv6_address_count": 0,
            "ipv6_addresses": [],
            "key_name": "jitsi-dev.meet.alve.live",
            "launch_template": [],
            "maintenance_options": [
              {
                "auto_recovery": "default"
              }
            ],
            "metadata_options": [
              {
                "http_endpoint": "enabled",
                "http_protocol_ipv6": "disabled",
                "http_put_response_hop_limit": 1,
                "http_tokens": "optional",
                "instance_metadata_tags": "disabled"
              }
            ],
            "monitoring": false,
            "network_interface": [],
            "outpost_arn": "",
            "password_data": "",
            "placement_group": "",
            "placement_partition_number": 0,
            "primary_network_interface_id": "eni-089ede175b5f500a0",
            "private_dns": "ip-10-0-0-25.eu-west-1.compute.internal",
            "private_dns_name_options": [
              {
                "enable_resource_name_dns_a_record": false,
                "enable_resource_name_dns_aaaa_record": false,
                "hostname_type": "ip-name"
              }
            ],
            "private_ip": "10.0.0.25",
            "public_dns": "ec2-34-248-80-72.eu-west-1.compute.amazonaws.com",
            "public_ip": "34.248.80.72",
            "root_block_device": [
              {
                "delete_on_termination": true,
                "device_name": "/dev/sda1",
                "encrypted": false,
                "iops": 100,
                "kms_key_id": "",
                "tags": {},
                "throughput": 0,
                "volume_id": "vol-0ec7d774bb9489340",
                "volume_size": 8,
                "volume_type": "gp2"
              }
            ],
            "secondary_private_ips": [],
            "security_groups": [],
            "source_dest_check": true,
            "spot_instance_request_id": "",
            "subnet_id": "subnet-080074bab54408a0a",
            "tags": {
              "Name": "euw1-main-jvb-2.dev.meet.alve.live"
            },
            "tags_all": {
              "Name": "euw1-main-jvb-2.dev.meet.alve.live"
            },
            "tenancy": "default",
            "timeouts": null,
            "user_data": "4ebd9a0494530b9cb10193b2b16e55305bd8cff1",
            "user_data_base64": null,
            "user_data_replace_on_change": false,
            "volume_tags": null,
            "vpc_security_group_ids": [
              "sg-0fefbbddff394c5a7"
            ]
          },
          "sensitive_attributes": [],
          "private": "eyJlMmJmYjczMC1lY2FhLTExZTYtOGY4OC0zNDM2M2JjN2M0YzAiOnsiY3JlYXRlIjo2MDAwMDAwMDAwMDAsImRlbGV0ZSI6MTIwMDAwMDAwMDAwMCwidXBkYXRlIjo2MDAwMDAwMDAwMDB9LCJzY2hlbWFfdmVyc2lvbiI6IjEifQ==",
          "dependencies": [
            "aws_internet_gateway.main",
            "aws_key_pair.ssh_key",
            "aws_route_table.main_route_table",
            "aws_route_table_association.route_table_association",
            "aws_security_group.jitsi",
            "aws_subnet.main",
            "aws_vpc.main",
            "data.aws_ami.latest_ubuntu",
            "random_id.jicofo_auth_password",
            "random_id.jicofo_component_secret",
            "random_id.jvb_auth_password",
            "random_id.jwt_app_secret"
          ],
          "create_before_destroy": true
        },
        {
          "index_key": 4,
          "schema_version": 1,
          "attributes": {
            "ami": "ami-0905a3c97561e0b69",
            "arn": "arn:aws:ec2:eu-west-1:716052451530:instance/i-0904a7fe561f6225a",
            "associate_public_ip_address": true,
            "availability_zone": "eu-west-1a",
            "capacity_reservation_specification": [
              {
                "capacity_reservation_preference": "open",
                "capacity_reservation_target": []
              }
            ],
            "cpu_core_count": 1,
            "cpu_options": [
              {
                "amd_sev_snp": "",
                "core_count": 1,
                "threads_per_core": 1
              }
            ],
            "cpu_threads_per_core": 1,
            "credit_specification": [
              {
                "cpu_credits": "standard"
              }
            ],
            "disable_api_stop": false,
            "disable_api_termination": false,
            "ebs_block_device": [],
            "ebs_optimized": false,
            "enclave_options": [
              {
                "enabled": false
              }
            ],
            "ephemeral_block_device": [],
            "get_password_data": false,
            "hibernation": false,
            "host_id": "",
            "host_resource_group_arn": null,
            "iam_instance_profile": "",
            "id": "i-0904a7fe561f6225a",
            "instance_initiated_shutdown_behavior": "stop",
            "instance_lifecycle": "",
            "instance_market_options": [],
            "instance_state": "running",
            "instance_type": "t2.micro",
            "ipv6_address_count": 0,
            "ipv6_addresses": [],
            "key_name": "jitsi-dev.meet.alve.live",
            "launch_template": [],
            "maintenance_options": [
              {
                "auto_recovery": "default"
              }
            ],
            "metadata_options": [
              {
                "http_endpoint": "enabled",
                "http_protocol_ipv6": "disabled",
                "http_put_response_hop_limit": 1,
                "http_tokens": "optional",
                "instance_metadata_tags": "disabled"
              }
            ],
            "monitoring": false,
            "network_interface": [],
            "outpost_arn": "",
            "password_data": "",
            "placement_group": "",
            "placement_partition_number": 0,
            "primary_network_interface_id": "eni-09b71b29d0f11c590",
            "private_dns": "ip-10-0-0-145.eu-west-1.compute.internal",
            "private_dns_name_options": [
              {
                "enable_resource_name_dns_a_record": false,
                "enable_resource_name_dns_aaaa_record": false,
                "hostname_type": "ip-name"
              }
            ],
            "private_ip": "10.0.0.145",
            "public_dns": "ec2-54-228-182-111.eu-west-1.compute.amazonaws.com",
            "public_ip": "54.228.182.111",
            "root_block_device": [
              {
                "delete_on_termination": true,
                "device_name": "/dev/sda1",
                "encrypted": false,
                "iops": 100,
                "kms_key_id": "",
                "tags": {},
                "throughput": 0,
                "volume_id": "vol-0db0b9e22d8552067",
                "volume_size": 8,
                "volume_type": "gp2"
              }
            ],
            "secondary_private_ips": [],
            "security_groups": [],
            "source_dest_check": true,
            "spot_instance_request_id": "",
            "subnet_id": "subnet-080074bab54408a0a",
            "tags": {
              "Name": "euw1-main-jvb-3.dev.meet.alve.live"
            },
            "tags_all": {
              "Name": "euw1-main-jvb-3.dev.meet.alve.live"
            },
            "tenancy": "default",
            "timeouts": null,
            "user_data": "cccf620e7b70114c57e5071da63c2ee10ba5c013",
            "user_data_base64": null,
            "user_data_replace_on_change": false,
            "volume_tags": null,
            "vpc_security_group_ids": [
              "sg-0fefbbddff394c5a7"
            ]
          },
          "sensitive_attributes": [],
          "private": "eyJlMmJmYjczMC1lY2FhLTExZTYtOGY4OC0zNDM2M2JjN2M0YzAiOnsiY3JlYXRlIjo2MDAwMDAwMDAwMDAsImRlbGV0ZSI6MTIwMDAwMDAwMDAwMCwidXBkYXRlIjo2MDAwMDAwMDAwMDB9LCJzY2hlbWFfdmVyc2lvbiI6IjEifQ==",
          "dependencies": [
            "aws_internet_gateway.main",
            "aws_key_pair.ssh_key",
            "aws_route_table.main_route_table",
            "aws_route_table_association.route_table_association",
            "aws_security_group.jitsi",
            "aws_subnet.main",
            "aws_vpc.main",
            "data.aws_ami.latest_ubuntu",
            "random_id.jicofo_auth_password",
            "random_id.jicofo_component_secret",
            "random_id.jvb_auth_password",
            "random_id.jwt_app_secret"
          ],
          "create_before_destroy": true
        }
      ]
    },
    {
      "mode": "managed",
      "type": "aws_internet_gateway",
      "name": "main",
      "provider": "provider[\"registry.terraform.io/hashicorp/aws\"]",
      "instances": [
        {
          "schema_version": 0,
          "attributes": {
            "arn": "arn:aws:ec2:eu-west-1:716052451530:internet-gateway/igw-0695fdd2c5fa6d02e",
            "id": "igw-0695fdd2c5fa6d02e",
            "owner_id": "716052451530",
            "tags": {
              "Name": "InternetGateway Jitsi"
            },
            "tags_all": {
              "Name": "InternetGateway Jitsi"
            },
            "timeouts": null,
            "vpc_id": "vpc-0a7655ee6db79ef94"
          },
          "sensitive_attributes": [],
          "private": "eyJlMmJmYjczMC1lY2FhLTExZTYtOGY4OC0zNDM2M2JjN2M0YzAiOnsiY3JlYXRlIjoxMjAwMDAwMDAwMDAwLCJkZWxldGUiOjEyMDAwMDAwMDAwMDAsInVwZGF0ZSI6MTIwMDAwMDAwMDAwMH19",
          "dependencies": [
            "aws_vpc.main"
          ],
          "create_before_destroy": true
        }
      ]
    },
    {
      "mode": "managed",
      "type": "aws_key_pair",
      "name": "ssh_key",
      "provider": "provider[\"registry.terraform.io/hashicorp/aws\"]",
      "instances": [
        {
          "schema_version": 1,
          "attributes": {
            "arn": "arn:aws:ec2:eu-west-1:716052451530:key-pair/jitsi-dev.meet.alve.live",
            "fingerprint": "58:f5:f9:24:50:0e:6f:d7:69:e7:f1:68:4e:8a:a7:3d",
            "id": "jitsi-dev.meet.alve.live",
            "key_name": "jitsi-dev.meet.alve.live",
            "key_name_prefix": "",
            "key_pair_id": "key-0845b9a93064b79bf",
            "key_type": "rsa",
            "public_key": "ssh-rsa AAAAB3NzaC1yc2EAAAADAQABAAACAQCwDXy8QucFDD7ySs9+B2YaXjDVkedjBgehkRe9Z0dFBgXBqcA67yaSdMQRp8Qx/C5EL/K58fQKne8Xij30w4DpQzmxZ5ftzzJJMHDrXgc1Ys58K1MqKeEh1ZPEheLtcm4/qgdRF+e0YR459nLejcCWNAL7j9ZS9e8+JkYh5n4udK3vttZ4+R9/FFweqP2OmVP2UkM8eDZWugE8nsU8+967g/sMoCLSvniLFSSTXDYZ/xH+FEY2B9ZlRXzwV7XaUkHN5YLSb150hGSg9jusM39nNt0UEqjg4L1etjMXTqOzRwZTvihtXvTs7mHtXiDtVFfuwvkiFieheIzNNwC1MkDpwf3ivAhP0hSk/VQ4lxUkgMhp2GafBS+Zz63Bq2+okcfCJIMLqsKRnutCdqF6XZkaeOqRg6k2iNPXSYMras9x2Joq3zsnUXZjdF8WbBZzAjx7hW6/yyAi7Q/WHOCP4/S+L/lACDNZcDkP03z/5HSBIep/OSBFYbgut5VqDNXVy4GefoiLqSQL76wA3UAE9NyALs5VS+edyQNwErqt28Jyd3+ALbybR1IS9LtXXo7Wnz5sdtjTJ7fpP/3IhcpgNf6kQqNKxwHOPih4yhQN/RuNHBIhc/jxib+/9p9zuqlgyhfX15P/cTTZj/MdQQOSrdTJ3fEK6j6JFYbm6KX1FJOspw== ufuk.ocak.1903@gmail.com",
            "tags": {},
            "tags_all": {}
          },
          "sensitive_attributes": [],
          "private": "eyJzY2hlbWFfdmVyc2lvbiI6IjEifQ==",
          "create_before_destroy": true
        }
      ]
    },
    {
      "mode": "managed",
      "type": "aws_route53_record",
      "name": "master_a",
      "provider": "provider[\"registry.terraform.io/hashicorp/aws\"]",
      "instances": [
        {
          "index_key": 0,
          "schema_version": 2,
          "attributes": {
            "alias": [],
            "allow_overwrite": true,
            "cidr_routing_policy": [],
            "failover_routing_policy": [],
            "fqdn": "euw1-main-xmpp-1.dev.meet.alve.live",
            "geolocation_routing_policy": [],
            "health_check_id": "",
            "id": "Z02529332UIKCXA9OIX2X_euw1-main-xmpp-1_A",
            "latency_routing_policy": [],
            "multivalue_answer_routing_policy": false,
            "name": "euw1-main-xmpp-1",
            "records": [
              "34.248.154.128"
            ],
            "set_identifier": "",
            "ttl": 300,
            "type": "A",
            "weighted_routing_policy": [],
            "zone_id": "Z02529332UIKCXA9OIX2X"
          },
          "sensitive_attributes": [],
          "private": "eyJzY2hlbWFfdmVyc2lvbiI6IjIifQ==",
          "dependencies": [
            "aws_eip.lb",
            "aws_instance.services",
            "aws_internet_gateway.main",
            "aws_key_pair.ssh_key",
            "aws_route53_zone.public",
            "aws_route_table.main_route_table",
            "aws_route_table_association.route_table_association",
            "aws_security_group.jitsi",
            "aws_subnet.main",
            "aws_vpc.main",
            "data.aws_ami.latest_ubuntu",
            "random_id.jicofo_auth_password",
            "random_id.jicofo_component_secret",
            "random_id.jvb_auth_password",
            "random_id.jwt_app_secret"
          ]
        },
        {
          "index_key": 1,
          "schema_version": 2,
          "attributes": {
            "alias": [],
            "allow_overwrite": true,
            "cidr_routing_policy": [],
            "failover_routing_policy": [],
            "fqdn": "euw1-main-jicofo-1.dev.meet.alve.live",
            "geolocation_routing_policy": [],
            "health_check_id": "",
            "id": "Z02529332UIKCXA9OIX2X_euw1-main-jicofo-1_A",
            "latency_routing_policy": [],
            "multivalue_answer_routing_policy": false,
            "name": "euw1-main-jicofo-1",
            "records": [
              "52.49.93.133"
            ],
            "set_identifier": "",
            "ttl": 300,
            "type": "A",
            "weighted_routing_policy": [],
            "zone_id": "Z02529332UIKCXA9OIX2X"
          },
          "sensitive_attributes": [],
          "private": "eyJzY2hlbWFfdmVyc2lvbiI6IjIifQ==",
          "dependencies": [
            "aws_eip.lb",
            "aws_instance.services",
            "aws_internet_gateway.main",
            "aws_key_pair.ssh_key",
            "aws_route53_zone.public",
            "aws_route_table.main_route_table",
            "aws_route_table_association.route_table_association",
            "aws_security_group.jitsi",
            "aws_subnet.main",
            "aws_vpc.main",
            "data.aws_ami.latest_ubuntu",
            "random_id.jicofo_auth_password",
            "random_id.jicofo_component_secret",
            "random_id.jvb_auth_password",
            "random_id.jwt_app_secret"
          ]
        },
        {
          "index_key": 2,
          "schema_version": 2,
          "attributes": {
            "alias": [],
            "allow_overwrite": true,
            "cidr_routing_policy": [],
            "failover_routing_policy": [],
            "fqdn": "euw1-main-jvb-1.dev.meet.alve.live",
            "geolocation_routing_policy": [],
            "health_check_id": "",
            "id": "Z02529332UIKCXA9OIX2X_euw1-main-jvb-1_A",
            "latency_routing_policy": [],
            "multivalue_answer_routing_policy": false,
            "name": "euw1-main-jvb-1",
            "records": [
              "3.255.15.132"
            ],
            "set_identifier": "",
            "ttl": 300,
            "type": "A",
            "weighted_routing_policy": [],
            "zone_id": "Z02529332UIKCXA9OIX2X"
          },
          "sensitive_attributes": [],
          "private": "eyJzY2hlbWFfdmVyc2lvbiI6IjIifQ==",
          "dependencies": [
            "aws_eip.lb",
            "aws_instance.services",
            "aws_internet_gateway.main",
            "aws_key_pair.ssh_key",
            "aws_route53_zone.public",
            "aws_route_table.main_route_table",
            "aws_route_table_association.route_table_association",
            "aws_security_group.jitsi",
            "aws_subnet.main",
            "aws_vpc.main",
            "data.aws_ami.latest_ubuntu",
            "random_id.jicofo_auth_password",
            "random_id.jicofo_component_secret",
            "random_id.jvb_auth_password",
            "random_id.jwt_app_secret"
          ]
        },
        {
          "index_key": 3,
          "schema_version": 2,
          "attributes": {
            "alias": [],
            "allow_overwrite": true,
            "cidr_routing_policy": [],
            "failover_routing_policy": [],
            "fqdn": "euw1-main-jvb-2.dev.meet.alve.live",
            "geolocation_routing_policy": [],
            "health_check_id": "",
            "id": "Z02529332UIKCXA9OIX2X_euw1-main-jvb-2_A",
            "latency_routing_policy": [],
            "multivalue_answer_routing_policy": false,
            "name": "euw1-main-jvb-2",
            "records": [
              "34.248.80.72"
            ],
            "set_identifier": "",
            "ttl": 300,
            "type": "A",
            "weighted_routing_policy": [],
            "zone_id": "Z02529332UIKCXA9OIX2X"
          },
          "sensitive_attributes": [],
          "private": "eyJzY2hlbWFfdmVyc2lvbiI6IjIifQ==",
          "dependencies": [
            "aws_eip.lb",
            "aws_instance.services",
            "aws_internet_gateway.main",
            "aws_key_pair.ssh_key",
            "aws_route53_zone.public",
            "aws_route_table.main_route_table",
            "aws_route_table_association.route_table_association",
            "aws_security_group.jitsi",
            "aws_subnet.main",
            "aws_vpc.main",
            "data.aws_ami.latest_ubuntu",
            "random_id.jicofo_auth_password",
            "random_id.jicofo_component_secret",
            "random_id.jvb_auth_password",
            "random_id.jwt_app_secret"
          ]
        },
        {
          "index_key": 4,
          "schema_version": 2,
          "attributes": {
            "alias": [],
            "allow_overwrite": true,
            "cidr_routing_policy": [],
            "failover_routing_policy": [],
            "fqdn": "euw1-main-jvb-3.dev.meet.alve.live",
            "geolocation_routing_policy": [],
            "health_check_id": "",
            "id": "Z02529332UIKCXA9OIX2X_euw1-main-jvb-3_A",
            "latency_routing_policy": [],
            "multivalue_answer_routing_policy": false,
            "name": "euw1-main-jvb-3",
            "records": [
              "54.228.182.111"
            ],
            "set_identifier": "",
            "ttl": 300,
            "type": "A",
            "weighted_routing_policy": [],
            "zone_id": "Z02529332UIKCXA9OIX2X"
          },
          "sensitive_attributes": [],
          "private": "eyJzY2hlbWFfdmVyc2lvbiI6IjIifQ==",
          "dependencies": [
            "aws_eip.lb",
            "aws_instance.services",
            "aws_internet_gateway.main",
            "aws_key_pair.ssh_key",
            "aws_route53_zone.public",
            "aws_route_table.main_route_table",
            "aws_route_table_association.route_table_association",
            "aws_security_group.jitsi",
            "aws_subnet.main",
            "aws_vpc.main",
            "data.aws_ami.latest_ubuntu",
            "random_id.jicofo_auth_password",
            "random_id.jicofo_component_secret",
            "random_id.jvb_auth_password",
            "random_id.jwt_app_secret"
          ]
        }
      ]
    },
    {
      "mode": "managed",
      "type": "aws_route53_zone",
      "name": "public",
      "provider": "provider[\"registry.terraform.io/hashicorp/aws\"]",
      "instances": [
        {
          "schema_version": 0,
          "attributes": {
            "arn": "arn:aws:route53:::hostedzone/Z02529332UIKCXA9OIX2X",
            "comment": "Managed by Terraform",
            "delegation_set_id": "",
            "force_destroy": false,
            "id": "Z02529332UIKCXA9OIX2X",
            "name": "dev.meet.alve.live",
            "name_servers": [
              "ns-1088.awsdns-08.org",
              "ns-1679.awsdns-17.co.uk",
              "ns-181.awsdns-22.com",
              "ns-965.awsdns-56.net"
            ],
            "primary_name_server": "ns-1088.awsdns-08.org",
            "tags": {},
            "tags_all": {},
            "vpc": [],
            "zone_id": "Z02529332UIKCXA9OIX2X"
          },
          "sensitive_attributes": [],
          "private": "bnVsbA==",
          "create_before_destroy": true
        }
      ]
    },
    {
      "mode": "managed",
      "type": "aws_route_table",
      "name": "main_route_table",
      "provider": "provider[\"registry.terraform.io/hashicorp/aws\"]",
      "instances": [
        {
          "schema_version": 0,
          "attributes": {
            "arn": "arn:aws:ec2:eu-west-1:716052451530:route-table/rtb-0b0a914371b3bb043",
            "id": "rtb-0b0a914371b3bb043",
            "owner_id": "716052451530",
            "propagating_vgws": [],
            "route": [
              {
                "carrier_gateway_id": "",
                "cidr_block": "0.0.0.0/0",
                "core_network_arn": "",
                "destination_prefix_list_id": "",
                "egress_only_gateway_id": "",
                "gateway_id": "igw-0695fdd2c5fa6d02e",
                "ipv6_cidr_block": "",
                "local_gateway_id": "",
                "nat_gateway_id": "",
                "network_interface_id": "",
                "transit_gateway_id": "",
                "vpc_endpoint_id": "",
                "vpc_peering_connection_id": ""
              }
            ],
            "tags": {
              "Name": "Main"
            },
            "tags_all": {
              "Name": "Main"
            },
            "timeouts": null,
            "vpc_id": "vpc-0a7655ee6db79ef94"
          },
          "sensitive_attributes": [],
          "private": "eyJlMmJmYjczMC1lY2FhLTExZTYtOGY4OC0zNDM2M2JjN2M0YzAiOnsiY3JlYXRlIjozMDAwMDAwMDAwMDAsImRlbGV0ZSI6MzAwMDAwMDAwMDAwLCJ1cGRhdGUiOjEyMDAwMDAwMDAwMH19",
          "dependencies": [
            "aws_internet_gateway.main",
            "aws_vpc.main"
          ],
          "create_before_destroy": true
        }
      ]
    },
    {
      "mode": "managed",
      "type": "aws_route_table_association",
      "name": "route_table_association",
      "provider": "provider[\"registry.terraform.io/hashicorp/aws\"]",
      "instances": [
        {
          "schema_version": 0,
          "attributes": {
            "gateway_id": "",
            "id": "rtbassoc-00f200eb64a5dfd5d",
            "route_table_id": "rtb-0b0a914371b3bb043",
            "subnet_id": "subnet-080074bab54408a0a",
            "timeouts": null
          },
          "sensitive_attributes": [],
          "private": "eyJlMmJmYjczMC1lY2FhLTExZTYtOGY4OC0zNDM2M2JjN2M0YzAiOnsiY3JlYXRlIjozMDAwMDAwMDAwMDAsImRlbGV0ZSI6MzAwMDAwMDAwMDAwLCJ1cGRhdGUiOjEyMDAwMDAwMDAwMH19",
          "dependencies": [
            "aws_internet_gateway.main",
            "aws_route_table.main_route_table",
            "aws_subnet.main",
            "aws_vpc.main"
          ],
          "create_before_destroy": true
        }
      ]
    },
    {
      "mode": "managed",
      "type": "aws_security_group",
      "name": "jitsi",
      "provider": "provider[\"registry.terraform.io/hashicorp/aws\"]",
      "instances": [
        {
          "schema_version": 1,
          "attributes": {
            "arn": "arn:aws:ec2:eu-west-1:716052451530:security-group/sg-0fefbbddff394c5a7",
            "description": "Jitsi",
            "egress": [
              {
                "cidr_blocks": [
                  "0.0.0.0/0"
                ],
                "description": "",
                "from_port": 0,
                "ipv6_cidr_blocks": [],
                "prefix_list_ids": [],
                "protocol": "-1",
                "security_groups": [],
                "self": false,
                "to_port": 0
              }
            ],
            "id": "sg-0fefbbddff394c5a7",
            "ingress": [
              {
                "cidr_blocks": [
                  "0.0.0.0/0"
                ],
                "description": "",
                "from_port": 10000,
                "ipv6_cidr_blocks": [],
                "prefix_list_ids": [],
                "protocol": "udp",
                "security_groups": [],
                "self": false,
                "to_port": 10000
              },
              {
                "cidr_blocks": [
                  "0.0.0.0/0"
                ],
                "description": "",
                "from_port": 22,
                "ipv6_cidr_blocks": [],
                "prefix_list_ids": [],
                "protocol": "tcp",
                "security_groups": [],
                "self": false,
                "to_port": 22
              },
              {
                "cidr_blocks": [
                  "0.0.0.0/0"
                ],
                "description": "",
                "from_port": 443,
                "ipv6_cidr_blocks": [],
                "prefix_list_ids": [],
                "protocol": "tcp",
                "security_groups": [],
                "self": false,
                "to_port": 443
              },
              {
                "cidr_blocks": [
                  "0.0.0.0/0"
                ],
                "description": "",
                "from_port": 5222,
                "ipv6_cidr_blocks": [],
                "prefix_list_ids": [],
                "protocol": "tcp",
                "security_groups": [],
                "self": false,
                "to_port": 5222
              },
              {
                "cidr_blocks": [
                  "0.0.0.0/0"
                ],
                "description": "",
                "from_port": 5269,
                "ipv6_cidr_blocks": [],
                "prefix_list_ids": [],
                "protocol": "tcp",
                "security_groups": [],
                "self": false,
                "to_port": 5269
              },
              {
                "cidr_blocks": [
                  "0.0.0.0/0"
                ],
                "description": "",
                "from_port": 5280,
                "ipv6_cidr_blocks": [],
                "prefix_list_ids": [],
                "protocol": "tcp",
                "security_groups": [],
                "self": false,
                "to_port": 5280
              },
              {
                "cidr_blocks": [
                  "0.0.0.0/0"
                ],
                "description": "",
                "from_port": 5347,
                "ipv6_cidr_blocks": [],
                "prefix_list_ids": [],
                "protocol": "tcp",
                "security_groups": [],
                "self": false,
                "to_port": 5347
              },
              {
                "cidr_blocks": [
                  "0.0.0.0/0"
                ],
                "description": "",
                "from_port": 8080,
                "ipv6_cidr_blocks": [],
                "prefix_list_ids": [],
                "protocol": "tcp",
                "security_groups": [],
                "self": false,
                "to_port": 8080
              },
              {
                "cidr_blocks": [
                  "0.0.0.0/0"
                ],
                "description": "",
                "from_port": 80,
                "ipv6_cidr_blocks": [],
                "prefix_list_ids": [],
                "protocol": "tcp",
                "security_groups": [],
                "self": false,
                "to_port": 80
              },
              {
                "cidr_blocks": [
                  "0.0.0.0/0"
                ],
                "description": "",
                "from_port": 8888,
                "ipv6_cidr_blocks": [],
                "prefix_list_ids": [],
                "protocol": "tcp",
                "security_groups": [],
                "self": false,
                "to_port": 8888
              }
            ],
            "name": "Jitsi sg",
            "name_prefix": "",
            "owner_id": "716052451530",
            "revoke_rules_on_delete": false,
            "tags": {
              "Name": "Jitsi sg"
            },
            "tags_all": {
              "Name": "Jitsi sg"
            },
            "timeouts": null,
            "vpc_id": "vpc-0a7655ee6db79ef94"
          },
          "sensitive_attributes": [],
          "private": "eyJlMmJmYjczMC1lY2FhLTExZTYtOGY4OC0zNDM2M2JjN2M0YzAiOnsiY3JlYXRlIjo2MDAwMDAwMDAwMDAsImRlbGV0ZSI6OTAwMDAwMDAwMDAwfSwic2NoZW1hX3ZlcnNpb24iOiIxIn0=",
          "dependencies": [
            "aws_vpc.main"
          ],
          "create_before_destroy": true
        }
      ]
    },
    {
      "mode": "managed",
      "type": "aws_subnet",
      "name": "main",
      "provider": "provider[\"registry.terraform.io/hashicorp/aws\"]",
      "instances": [
        {
          "schema_version": 1,
          "attributes": {
            "arn": "arn:aws:ec2:eu-west-1:716052451530:subnet/subnet-080074bab54408a0a",
            "assign_ipv6_address_on_creation": false,
            "availability_zone": "eu-west-1a",
            "availability_zone_id": "euw1-az2",
            "cidr_block": "10.0.0.0/24",
            "customer_owned_ipv4_pool": "",
            "enable_dns64": false,
            "enable_lni_at_device_index": 0,
            "enable_resource_name_dns_a_record_on_launch": false,
            "enable_resource_name_dns_aaaa_record_on_launch": false,
            "id": "subnet-080074bab54408a0a",
            "ipv6_cidr_block": "",
            "ipv6_cidr_block_association_id": "",
            "ipv6_native": false,
            "map_customer_owned_ip_on_launch": false,
            "map_public_ip_on_launch": false,
            "outpost_arn": "",
            "owner_id": "716052451530",
            "private_dns_hostname_type_on_launch": "ip-name",
            "tags": {
              "Name": "Subnet Jitsi"
            },
            "tags_all": {
              "Name": "Subnet Jitsi"
            },
            "timeouts": null,
            "vpc_id": "vpc-0a7655ee6db79ef94"
          },
          "sensitive_attributes": [],
          "private": "eyJlMmJmYjczMC1lY2FhLTExZTYtOGY4OC0zNDM2M2JjN2M0YzAiOnsiY3JlYXRlIjo2MDAwMDAwMDAwMDAsImRlbGV0ZSI6MTIwMDAwMDAwMDAwMH0sInNjaGVtYV92ZXJzaW9uIjoiMSJ9",
          "dependencies": [
            "aws_vpc.main"
          ],
          "create_before_destroy": true
        }
      ]
    },
    {
      "mode": "managed",
      "type": "aws_vpc",
      "name": "main",
      "provider": "provider[\"registry.terraform.io/hashicorp/aws\"]",
      "instances": [
        {
          "schema_version": 1,
          "attributes": {
            "arn": "arn:aws:ec2:eu-west-1:716052451530:vpc/vpc-0a7655ee6db79ef94",
            "assign_generated_ipv6_cidr_block": false,
            "cidr_block": "10.0.0.0/16",
            "default_network_acl_id": "acl-084801cafe899c245",
            "default_route_table_id": "rtb-078cf8e17953557b2",
            "default_security_group_id": "sg-0ed3d1c8809078191",
            "dhcp_options_id": "dopt-0a91b022c513b5717",
            "enable_dns_hostnames": true,
            "enable_dns_support": true,
            "enable_network_address_usage_metrics": false,
            "id": "vpc-0a7655ee6db79ef94",
            "instance_tenancy": "default",
            "ipv4_ipam_pool_id": null,
            "ipv4_netmask_length": null,
            "ipv6_association_id": "",
            "ipv6_cidr_block": "",
            "ipv6_cidr_block_network_border_group": "",
            "ipv6_ipam_pool_id": "",
            "ipv6_netmask_length": 0,
            "main_route_table_id": "rtb-078cf8e17953557b2",
            "owner_id": "716052451530",
            "tags": {
              "Name": "Main vpc Jitsi"
            },
            "tags_all": {
              "Name": "Main vpc Jitsi"
            }
          },
          "sensitive_attributes": [],
          "private": "eyJzY2hlbWFfdmVyc2lvbiI6IjEifQ==",
          "create_before_destroy": true
        }
      ]
    },
    {
      "mode": "managed",
      "type": "cloudflare_record",
      "name": "public_ns",
      "provider": "provider[\"registry.terraform.io/cloudflare/cloudflare\"]",
      "instances": [
        {
          "index_key": 0,
          "schema_version": 2,
          "attributes": {
            "allow_overwrite": false,
            "comment": "",
            "created_on": "2023-12-29T17:40:16.872015Z",
            "data": [],
            "hostname": "dev.meet.alve.live",
            "id": "32c9615d773096c15145c67dc387d07b",
            "metadata": {
              "auto_added": "false",
              "managed_by_apps": "false",
              "managed_by_argo_tunnel": "false",
              "source": "primary"
            },
            "modified_on": "2023-12-29T17:40:16.872015Z",
            "name": "dev.meet",
            "priority": null,
            "proxiable": false,
            "proxied": false,
            "tags": [],
            "timeouts": null,
            "ttl": 86400,
            "type": "NS",
            "value": "ns-1088.awsdns-08.org",
            "zone_id": "af263e6d9efc2a0e8534567c4f0b6be7"
          },
          "sensitive_attributes": [],
          "private": "eyJlMmJmYjczMC1lY2FhLTExZTYtOGY4OC0zNDM2M2JjN2M0YzAiOnsiY3JlYXRlIjozMDAwMDAwMDAwMCwidXBkYXRlIjozMDAwMDAwMDAwMH0sInNjaGVtYV92ZXJzaW9uIjoiMiJ9",
          "dependencies": [
            "aws_route53_zone.public",
            "data.cloudflare_zone.public"
          ]
        },
        {
          "index_key": 1,
          "schema_version": 2,
          "attributes": {
            "allow_overwrite": false,
            "comment": "",
            "created_on": "2023-12-29T17:40:16.59408Z",
            "data": [],
            "hostname": "dev.meet.alve.live",
            "id": "f6f98cd7e8b48d7eb1afa699c50bd33d",
            "metadata": {
              "auto_added": "false",
              "managed_by_apps": "false",
              "managed_by_argo_tunnel": "false",
              "source": "primary"
            },
            "modified_on": "2023-12-29T17:40:16.59408Z",
            "name": "dev.meet",
            "priority": null,
            "proxiable": false,
            "proxied": false,
            "tags": [],
            "timeouts": null,
            "ttl": 86400,
            "type": "NS",
            "value": "ns-1679.awsdns-17.co.uk",
            "zone_id": "af263e6d9efc2a0e8534567c4f0b6be7"
          },
          "sensitive_attributes": [],
          "private": "eyJlMmJmYjczMC1lY2FhLTExZTYtOGY4OC0zNDM2M2JjN2M0YzAiOnsiY3JlYXRlIjozMDAwMDAwMDAwMCwidXBkYXRlIjozMDAwMDAwMDAwMH0sInNjaGVtYV92ZXJzaW9uIjoiMiJ9",
          "dependencies": [
            "aws_route53_zone.public",
            "data.cloudflare_zone.public"
          ]
        },
        {
          "index_key": 2,
          "schema_version": 2,
          "attributes": {
            "allow_overwrite": false,
            "comment": "",
            "created_on": "2023-12-29T17:40:16.776673Z",
            "data": [],
            "hostname": "dev.meet.alve.live",
            "id": "5839c27bb56444bb83d0f4b8043f3850",
            "metadata": {
              "auto_added": "false",
              "managed_by_apps": "false",
              "managed_by_argo_tunnel": "false",
              "source": "primary"
            },
            "modified_on": "2023-12-29T17:40:16.776673Z",
            "name": "dev.meet",
            "priority": null,
            "proxiable": false,
            "proxied": false,
            "tags": [],
            "timeouts": null,
            "ttl": 86400,
            "type": "NS",
            "value": "ns-181.awsdns-22.com",
            "zone_id": "af263e6d9efc2a0e8534567c4f0b6be7"
          },
          "sensitive_attributes": [],
          "private": "eyJlMmJmYjczMC1lY2FhLTExZTYtOGY4OC0zNDM2M2JjN2M0YzAiOnsiY3JlYXRlIjozMDAwMDAwMDAwMCwidXBkYXRlIjozMDAwMDAwMDAwMH0sInNjaGVtYV92ZXJzaW9uIjoiMiJ9",
          "dependencies": [
            "aws_route53_zone.public",
            "data.cloudflare_zone.public"
          ]
        },
        {
          "index_key": 3,
          "schema_version": 2,
          "attributes": {
            "allow_overwrite": false,
            "comment": "",
            "created_on": "2023-12-29T17:40:16.724195Z",
            "data": [],
            "hostname": "dev.meet.alve.live",
            "id": "3abfb7ed591130cf773e838fbaf355d0",
            "metadata": {
              "auto_added": "false",
              "managed_by_apps": "false",
              "managed_by_argo_tunnel": "false",
              "source": "primary"
            },
            "modified_on": "2023-12-29T17:40:16.724195Z",
            "name": "dev.meet",
            "priority": null,
            "proxiable": false,
            "proxied": false,
            "tags": [],
            "timeouts": null,
            "ttl": 86400,
            "type": "NS",
            "value": "ns-965.awsdns-56.net",
            "zone_id": "af263e6d9efc2a0e8534567c4f0b6be7"
          },
          "sensitive_attributes": [],
          "private": "eyJlMmJmYjczMC1lY2FhLTExZTYtOGY4OC0zNDM2M2JjN2M0YzAiOnsiY3JlYXRlIjozMDAwMDAwMDAwMCwidXBkYXRlIjozMDAwMDAwMDAwMH0sInNjaGVtYV92ZXJzaW9uIjoiMiJ9",
          "dependencies": [
            "aws_route53_zone.public",
            "data.cloudflare_zone.public"
          ]
        }
      ]
    },
    {
      "mode": "managed",
      "type": "random_id",
      "name": "jicofo_auth_password",
      "provider": "provider[\"registry.terraform.io/hashicorp/random\"]",
      "instances": [
        {
          "schema_version": 0,
          "attributes": {
            "b64_std": "4pIfnElx8/w39hVZ+yogAw==",
            "b64_url": "4pIfnElx8_w39hVZ-yogAw",
            "byte_length": 16,
            "dec": "301164243525758304059287576049881849859",
            "hex": "e2921f9c4971f3fc37f61559fb2a2003",
            "id": "4pIfnElx8_w39hVZ-yogAw",
            "keepers": null,
            "prefix": null
          },
          "sensitive_attributes": [],
          "create_before_destroy": true
        }
      ]
    },
    {
      "mode": "managed",
      "type": "random_id",
      "name": "jicofo_component_secret",
      "provider": "provider[\"registry.terraform.io/hashicorp/random\"]",
      "instances": [
        {
          "schema_version": 0,
          "attributes": {
            "b64_std": "GFOmYKGF4+ONZvTIItuvtg==",
            "b64_url": "GFOmYKGF4-ONZvTIItuvtg",
            "byte_length": 16,
            "dec": "32335807073983129079563103099831431094",
            "hex": "1853a660a185e3e38d66f4c822dbafb6",
            "id": "GFOmYKGF4-ONZvTIItuvtg",
            "keepers": null,
            "prefix": null
          },
          "sensitive_attributes": [],
          "create_before_destroy": true
        }
      ]
    },
    {
      "mode": "managed",
      "type": "random_id",
      "name": "jvb_auth_password",
      "provider": "provider[\"registry.terraform.io/hashicorp/random\"]",
      "instances": [
        {
          "schema_version": 0,
          "attributes": {
            "b64_std": "AyeSjxl9Tgg3UpRY2idb7Q==",
            "b64_url": "AyeSjxl9Tgg3UpRY2idb7Q",
            "byte_length": 16,
            "dec": "4193156134155588049037766229628509165",
            "hex": "0327928f197d4e0837529458da275bed",
            "id": "AyeSjxl9Tgg3UpRY2idb7Q",
            "keepers": null,
            "prefix": null
          },
          "sensitive_attributes": [],
          "create_before_destroy": true
        }
      ]
    },
    {
      "mode": "managed",
      "type": "random_id",
      "name": "jwt_app_secret",
      "provider": "provider[\"registry.terraform.io/hashicorp/random\"]",
      "instances": [
        {
          "schema_version": 0,
          "attributes": {
            "b64_std": "9iB5SRl/8L5K97Ug/8A9fg==",
            "b64_url": "9iB5SRl_8L5K97Ug_8A9fg",
            "byte_length": 16,
            "dec": "327158700425672120314731387431975665022",
            "hex": "f6207949197ff0be4af7b520ffc03d7e",
            "id": "9iB5SRl_8L5K97Ug_8A9fg",
            "keepers": null,
            "prefix": null
          },
          "sensitive_attributes": [],
          "create_before_destroy": true
        }
      ]
    }
  ],
  "check_results": null
}
