{
  "version": 4,
  "terraform_version": "1.6.6",
  "serial": 772,
  "lineage": "966cfc14-174d-fdab-deed-ff79ebddab92",
  "outputs": {
    "endpoints": {
      "value": [
        "https://euw1-main-xmpp-1.dev.meet.alve.live",
        "https://euw1-main-jicofo-1.dev.meet.alve.live",
        "https://euw1-main-jvb-1.dev.meet.alve.live",
        "https://euw1-main-jvb-2.dev.meet.alve.live",
        "https://euw1-main-jvb-3.dev.meet.alve.live"
      ],
      "type": [
        "tuple",
        [
          "string",
          "string",
          "string",
          "string",
          "string"
        ]
      ]
    },
    "install_scripts": {
      "value": [
        "#!/bin/bash\nset -e\n\n# Install Docker\nsudo apt update\nsudo apt-get -y install apt-transport-https ca-certificates curl software-properties-common\ncurl -fsSL https://download.docker.com/linux/ubuntu/gpg | sudo apt-key add -\nsudo add-apt-repository -y \"deb [arch=amd64] https://download.docker.com/linux/ubuntu $(lsb_release -cs) stable\"\nsudo apt update\nsudo apt-get -y install docker-ce\nsudo usermod -a -G docker $(whoami)\nsudo apt-get install docker-compose -y\n\n# Add user 'jitsi'\nsudo adduser jitsi\nsudo usermod -a -G docker jitsi\n\n# Grant sudo privileges to the user 'jitsi'\n# sudo usermod -aG sudo jitsi\n\n# Switch to the user 'jitsi'\nsu - jitsi\ncd ~\n\n# Clone repository\ngit clone https://accountsosoci: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@github.com/alvelive/docker-jitsi-meet.git\ncd docker-jitsi-meet\n\n# Create ENV\ncat \u003c\u003cEOT \u003e.env\nPUBLIC_URL=\"https://euw1-main-xmpp-1.dev.meet.alve.live\"\nLOG_LEVEL=\"trace\"\nCONFIG=\"~/.jitsi-meet-cfg\"\nHTTP_PORT=\"8000\"\nHTTPS_PORT=\"8443\"\nTZ=\"UTC\"\nETHERPAD_TITLE=\"Alve\"\nETHERPAD_DEFAULT_PAD_TEXT=\"Welcome to Alve!\\n\\n\"\nETHERPAD_SKIN_NAME=\"colibris\"\nETHERPAD_SKIN_VARIANTS=\"super-light-toolbar super-light-editor light-background full-width-editor\"\n\n# Frontend (web service)\nDEPLOYMENTINFO_ENVIRONMENT=\"production\"\nDEPLOYMENTINFO_ENVIRONMENT_TYPE=\"cloud\"\nDEPLOYMENTINFO_REGION=\"euw1\"\nDEPLOYMENTINFO_SHARD=\"main\"\nDEPLOYMENTINFO_USERREGION=\"euw1\"\n\n# Prosody\nENABLE_OCTO=\"true\"\nENABLE_AUTH=\"true\"\nENABLE_LETSENCRYPT=\"true\"\nLETSENCRYPT_DOMAIN=\"euw1-main-xmpp-1.dev.meet.alve.live\"\nLETSENCRYPT_EMAIL=\"accounts@osoci.com\"\n\n# XMPP server (prosody service)\nENABLE_S2S=\"true\"\nXMPP_DOMAIN=\"euw1-main-xmpp.dev.meet.alve.live\"\nXMPP_AUTH_DOMAIN=\"auth.euw1-main-xmpp.dev.meet.alve.live\"\nXMPP_GUEST_DOMAIN=\"guest.euw1-main-xmpp.dev.meet.alve.live\"\nXMPP_MUC_DOMAIN=\"muc.euw1-main-xmpp.dev.meet.alve.live\"\nXMPP_INTERNAL_MUC_DOMAIN=\"internal-muc.euw1-main-xmpp.dev.meet.alve.live\"\nJWT_APP_ID=\"alve-jitsi\"\nJWT_APP_SECRET=\"da3a88e5015190b703d255bbb1a56707\"\nJWT_ALLOW_EMPTY=\"false\"\n\n# Focus component (jicofo service)\nJICOFO_OCTO_REGION=\"euw1\"\nJICOFO_AUTH_PASSWORD=\"7614017cc7503a75b9535a9c31803399\"\nENABLE_VISITORS=\"false\"\n\n# Video Bridge (jvb service)\nENABLE_COLIBRI_WEBSOCKET=\"false\"\nJVB_XMPP_SERVER=\"euw1-main-xmpp.dev.meet.alve.live\"\nJVB_AUTH_PASSWORD=\"6116a19d0042d4b8a053687468dacf98\"\n\n# Secrets\nJICOFO_COMPONENT_SECRET=\"f6ba6dfb1b96e99cdfd45e50845b2f00\"\n\nEOT\n\n# Export env to current session\nsource .env\n\n# Copy custom plugins to config dir\nmkdir -p ~/$CONFIG/prosody\ncp -R ./custom-prosody-plugins ~/$CONFIG/prosody/prosody-plugins-custom\n\n# Generate required config directories\nmkdir -p ~/$CONFIG/{web,transcripts,prosody/config,jicofo,jvb,jigasi,jibri}\n\n# Start services in selected profiles\ndocker compose --profile xmpp up -d --build\n",
        "#!/bin/bash\nset -e\n\n# Install Docker\nsudo apt update\nsudo apt-get -y install apt-transport-https ca-certificates curl software-properties-common\ncurl -fsSL https://download.docker.com/linux/ubuntu/gpg | sudo apt-key add -\nsudo add-apt-repository -y \"deb [arch=amd64] https://download.docker.com/linux/ubuntu $(lsb_release -cs) stable\"\nsudo apt update\nsudo apt-get -y install docker-ce\nsudo usermod -a -G docker $(whoami)\nsudo apt-get install docker-compose -y\n\n# Add user 'jitsi'\nsudo adduser jitsi\nsudo usermod -a -G docker jitsi\n\n# Grant sudo privileges to the user 'jitsi'\n# sudo usermod -aG sudo jitsi\n\n# Switch to the user 'jitsi'\nsu - jitsi\ncd ~\n\n# Clone repository\ngit clone https://accountsosoci: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@github.com/alvelive/docker-jitsi-meet.git\ncd docker-jitsi-meet\n\n# Create ENV\ncat \u003c\u003cEOT \u003e.env\nPUBLIC_URL=\"https://euw1-main-jicofo-1.dev.meet.alve.live\"\nLOG_LEVEL=\"trace\"\nCONFIG=\"~/.jitsi-meet-cfg\"\nHTTP_PORT=\"8000\"\nHTTPS_PORT=\"8443\"\nTZ=\"UTC\"\nETHERPAD_TITLE=\"Alve\"\nETHERPAD_DEFAULT_PAD_TEXT=\"Welcome to Alve!\\n\\n\"\nETHERPAD_SKIN_NAME=\"colibris\"\nETHERPAD_SKIN_VARIANTS=\"super-light-toolbar super-light-editor light-background full-width-editor\"\n\n# Frontend (web service)\nDEPLOYMENTINFO_ENVIRONMENT=\"production\"\nDEPLOYMENTINFO_ENVIRONMENT_TYPE=\"cloud\"\nDEPLOYMENTINFO_REGION=\"euw1\"\nDEPLOYMENTINFO_SHARD=\"main\"\nDEPLOYMENTINFO_USERREGION=\"euw1\"\n\n# Prosody\nENABLE_OCTO=\"true\"\nENABLE_AUTH=\"true\"\nENABLE_LETSENCRYPT=\"true\"\nLETSENCRYPT_DOMAIN=\"euw1-main-jicofo-1.dev.meet.alve.live\"\nLETSENCRYPT_EMAIL=\"accounts@osoci.com\"\n\n# XMPP server (prosody service)\nENABLE_S2S=\"true\"\nXMPP_DOMAIN=\"euw1-main-xmpp.dev.meet.alve.live\"\nXMPP_AUTH_DOMAIN=\"auth.euw1-main-xmpp.dev.meet.alve.live\"\nXMPP_GUEST_DOMAIN=\"guest.euw1-main-xmpp.dev.meet.alve.live\"\nXMPP_MUC_DOMAIN=\"muc.euw1-main-xmpp.dev.meet.alve.live\"\nXMPP_INTERNAL_MUC_DOMAIN=\"internal-muc.euw1-main-xmpp.dev.meet.alve.live\"\nJWT_APP_ID=\"alve-jitsi\"\nJWT_APP_SECRET=\"da3a88e5015190b703d255bbb1a56707\"\nJWT_ALLOW_EMPTY=\"false\"\n\n# Focus component (jicofo service)\nJICOFO_OCTO_REGION=\"euw1\"\nJICOFO_AUTH_PASSWORD=\"7614017cc7503a75b9535a9c31803399\"\nENABLE_VISITORS=\"false\"\n\n# Video Bridge (jvb service)\nENABLE_COLIBRI_WEBSOCKET=\"false\"\nJVB_XMPP_SERVER=\"euw1-main-xmpp.dev.meet.alve.live\"\nJVB_AUTH_PASSWORD=\"6116a19d0042d4b8a053687468dacf98\"\n\n# Secrets\nJICOFO_COMPONENT_SECRET=\"f6ba6dfb1b96e99cdfd45e50845b2f00\"\n\nEOT\n\n# Export env to current session\nsource .env\n\n# Copy custom plugins to config dir\nmkdir -p ~/$CONFIG/prosody\ncp -R ./custom-prosody-plugins ~/$CONFIG/prosody/prosody-plugins-custom\n\n# Generate required config directories\nmkdir -p ~/$CONFIG/{web,transcripts,prosody/config,jicofo,jvb,jigasi,jibri}\n\n# Start services in selected profiles\ndocker compose --profile jicofo up -d --build\n",
        "#!/bin/bash\nset -e\n\n# Install Docker\nsudo apt update\nsudo apt-get -y install apt-transport-https ca-certificates curl software-properties-common\ncurl -fsSL https://download.docker.com/linux/ubuntu/gpg | sudo apt-key add -\nsudo add-apt-repository -y \"deb [arch=amd64] https://download.docker.com/linux/ubuntu $(lsb_release -cs) stable\"\nsudo apt update\nsudo apt-get -y install docker-ce\nsudo usermod -a -G docker $(whoami)\nsudo apt-get install docker-compose -y\n\n# Add user 'jitsi'\nsudo adduser jitsi\nsudo usermod -a -G docker jitsi\n\n# Grant sudo privileges to the user 'jitsi'\n# sudo usermod -aG sudo jitsi\n\n# Switch to the user 'jitsi'\nsu - jitsi\ncd ~\n\n# Clone repository\ngit clone https://accountsosoci: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@github.com/alvelive/docker-jitsi-meet.git\ncd docker-jitsi-meet\n\n# Create ENV\ncat \u003c\u003cEOT \u003e.env\nPUBLIC_URL=\"https://euw1-main-jvb-1.dev.meet.alve.live\"\nLOG_LEVEL=\"trace\"\nCONFIG=\"~/.jitsi-meet-cfg\"\nHTTP_PORT=\"8000\"\nHTTPS_PORT=\"8443\"\nTZ=\"UTC\"\nETHERPAD_TITLE=\"Alve\"\nETHERPAD_DEFAULT_PAD_TEXT=\"Welcome to Alve!\\n\\n\"\nETHERPAD_SKIN_NAME=\"colibris\"\nETHERPAD_SKIN_VARIANTS=\"super-light-toolbar super-light-editor light-background full-width-editor\"\n\n# Frontend (web service)\nDEPLOYMENTINFO_ENVIRONMENT=\"production\"\nDEPLOYMENTINFO_ENVIRONMENT_TYPE=\"cloud\"\nDEPLOYMENTINFO_REGION=\"euw1\"\nDEPLOYMENTINFO_SHARD=\"main\"\nDEPLOYMENTINFO_USERREGION=\"euw1\"\n\n# Prosody\nENABLE_OCTO=\"true\"\nENABLE_AUTH=\"true\"\nENABLE_LETSENCRYPT=\"true\"\nLETSENCRYPT_DOMAIN=\"euw1-main-jvb-1.dev.meet.alve.live\"\nLETSENCRYPT_EMAIL=\"accounts@osoci.com\"\n\n# XMPP server (prosody service)\nENABLE_S2S=\"true\"\nXMPP_DOMAIN=\"euw1-main-xmpp.dev.meet.alve.live\"\nXMPP_AUTH_DOMAIN=\"auth.euw1-main-xmpp.dev.meet.alve.live\"\nXMPP_GUEST_DOMAIN=\"guest.euw1-main-xmpp.dev.meet.alve.live\"\nXMPP_MUC_DOMAIN=\"muc.euw1-main-xmpp.dev.meet.alve.live\"\nXMPP_INTERNAL_MUC_DOMAIN=\"internal-muc.euw1-main-xmpp.dev.meet.alve.live\"\nJWT_APP_ID=\"alve-jitsi\"\nJWT_APP_SECRET=\"da3a88e5015190b703d255bbb1a56707\"\nJWT_ALLOW_EMPTY=\"false\"\n\n# Focus component (jicofo service)\nJICOFO_OCTO_REGION=\"euw1\"\nJICOFO_AUTH_PASSWORD=\"7614017cc7503a75b9535a9c31803399\"\nENABLE_VISITORS=\"false\"\n\n# Video Bridge (jvb service)\nENABLE_COLIBRI_WEBSOCKET=\"false\"\nJVB_XMPP_SERVER=\"euw1-main-xmpp.dev.meet.alve.live\"\nJVB_AUTH_PASSWORD=\"6116a19d0042d4b8a053687468dacf98\"\n\n# Secrets\nJICOFO_COMPONENT_SECRET=\"f6ba6dfb1b96e99cdfd45e50845b2f00\"\n\nEOT\n\n# Export env to current session\nsource .env\n\n# Copy custom plugins to config dir\nmkdir -p ~/$CONFIG/prosody\ncp -R ./custom-prosody-plugins ~/$CONFIG/prosody/prosody-plugins-custom\n\n# Generate required config directories\nmkdir -p ~/$CONFIG/{web,transcripts,prosody/config,jicofo,jvb,jigasi,jibri}\n\n# Start services in selected profiles\ndocker compose --profile jvb up -d --build\n",
        "#!/bin/bash\nset -e\n\n# Install Docker\nsudo apt update\nsudo apt-get -y install apt-transport-https ca-certificates curl software-properties-common\ncurl -fsSL https://download.docker.com/linux/ubuntu/gpg | sudo apt-key add -\nsudo add-apt-repository -y \"deb [arch=amd64] https://download.docker.com/linux/ubuntu $(lsb_release -cs) stable\"\nsudo apt update\nsudo apt-get -y install docker-ce\nsudo usermod -a -G docker $(whoami)\nsudo apt-get install docker-compose -y\n\n# Add user 'jitsi'\nsudo adduser jitsi\nsudo usermod -a -G docker jitsi\n\n# Grant sudo privileges to the user 'jitsi'\n# sudo usermod -aG sudo jitsi\n\n# Switch to the user 'jitsi'\nsu - jitsi\ncd ~\n\n# Clone repository\ngit clone https://accountsosoci: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@github.com/alvelive/docker-jitsi-meet.git\ncd docker-jitsi-meet\n\n# Create ENV\ncat \u003c\u003cEOT \u003e.env\nPUBLIC_URL=\"https://euw1-main-jvb-2.dev.meet.alve.live\"\nLOG_LEVEL=\"trace\"\nCONFIG=\"~/.jitsi-meet-cfg\"\nHTTP_PORT=\"8000\"\nHTTPS_PORT=\"8443\"\nTZ=\"UTC\"\nETHERPAD_TITLE=\"Alve\"\nETHERPAD_DEFAULT_PAD_TEXT=\"Welcome to Alve!\\n\\n\"\nETHERPAD_SKIN_NAME=\"colibris\"\nETHERPAD_SKIN_VARIANTS=\"super-light-toolbar super-light-editor light-background full-width-editor\"\n\n# Frontend (web service)\nDEPLOYMENTINFO_ENVIRONMENT=\"production\"\nDEPLOYMENTINFO_ENVIRONMENT_TYPE=\"cloud\"\nDEPLOYMENTINFO_REGION=\"euw1\"\nDEPLOYMENTINFO_SHARD=\"main\"\nDEPLOYMENTINFO_USERREGION=\"euw1\"\n\n# Prosody\nENABLE_OCTO=\"true\"\nENABLE_AUTH=\"true\"\nENABLE_LETSENCRYPT=\"true\"\nLETSENCRYPT_DOMAIN=\"euw1-main-jvb-2.dev.meet.alve.live\"\nLETSENCRYPT_EMAIL=\"accounts@osoci.com\"\n\n# XMPP server (prosody service)\nENABLE_S2S=\"true\"\nXMPP_DOMAIN=\"euw1-main-xmpp.dev.meet.alve.live\"\nXMPP_AUTH_DOMAIN=\"auth.euw1-main-xmpp.dev.meet.alve.live\"\nXMPP_GUEST_DOMAIN=\"guest.euw1-main-xmpp.dev.meet.alve.live\"\nXMPP_MUC_DOMAIN=\"muc.euw1-main-xmpp.dev.meet.alve.live\"\nXMPP_INTERNAL_MUC_DOMAIN=\"internal-muc.euw1-main-xmpp.dev.meet.alve.live\"\nJWT_APP_ID=\"alve-jitsi\"\nJWT_APP_SECRET=\"da3a88e5015190b703d255bbb1a56707\"\nJWT_ALLOW_EMPTY=\"false\"\n\n# Focus component (jicofo service)\nJICOFO_OCTO_REGION=\"euw1\"\nJICOFO_AUTH_PASSWORD=\"7614017cc7503a75b9535a9c31803399\"\nENABLE_VISITORS=\"false\"\n\n# Video Bridge (jvb service)\nENABLE_COLIBRI_WEBSOCKET=\"false\"\nJVB_XMPP_SERVER=\"euw1-main-xmpp.dev.meet.alve.live\"\nJVB_AUTH_PASSWORD=\"6116a19d0042d4b8a053687468dacf98\"\n\n# Secrets\nJICOFO_COMPONENT_SECRET=\"f6ba6dfb1b96e99cdfd45e50845b2f00\"\n\nEOT\n\n# Export env to current session\nsource .env\n\n# Copy custom plugins to config dir\nmkdir -p ~/$CONFIG/prosody\ncp -R ./custom-prosody-plugins ~/$CONFIG/prosody/prosody-plugins-custom\n\n# Generate required config directories\nmkdir -p ~/$CONFIG/{web,transcripts,prosody/config,jicofo,jvb,jigasi,jibri}\n\n# Start services in selected profiles\ndocker compose --profile jvb up -d --build\n",
        "#!/bin/bash\nset -e\n\n# Install Docker\nsudo apt update\nsudo apt-get -y install apt-transport-https ca-certificates curl software-properties-common\ncurl -fsSL https://download.docker.com/linux/ubuntu/gpg | sudo apt-key add -\nsudo add-apt-repository -y \"deb [arch=amd64] https://download.docker.com/linux/ubuntu $(lsb_release -cs) stable\"\nsudo apt update\nsudo apt-get -y install docker-ce\nsudo usermod -a -G docker $(whoami)\nsudo apt-get install docker-compose -y\n\n# Add user 'jitsi'\nsudo adduser jitsi\nsudo usermod -a -G docker jitsi\n\n# Grant sudo privileges to the user 'jitsi'\n# sudo usermod -aG sudo jitsi\n\n# Switch to the user 'jitsi'\nsu - jitsi\ncd ~\n\n# Clone repository\ngit clone https://accountsosoci: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@github.com/alvelive/docker-jitsi-meet.git\ncd docker-jitsi-meet\n\n# Create ENV\ncat \u003c\u003cEOT \u003e.env\nPUBLIC_URL=\"https://euw1-main-jvb-3.dev.meet.alve.live\"\nLOG_LEVEL=\"trace\"\nCONFIG=\"~/.jitsi-meet-cfg\"\nHTTP_PORT=\"8000\"\nHTTPS_PORT=\"8443\"\nTZ=\"UTC\"\nETHERPAD_TITLE=\"Alve\"\nETHERPAD_DEFAULT_PAD_TEXT=\"Welcome to Alve!\\n\\n\"\nETHERPAD_SKIN_NAME=\"colibris\"\nETHERPAD_SKIN_VARIANTS=\"super-light-toolbar super-light-editor light-background full-width-editor\"\n\n# Frontend (web service)\nDEPLOYMENTINFO_ENVIRONMENT=\"production\"\nDEPLOYMENTINFO_ENVIRONMENT_TYPE=\"cloud\"\nDEPLOYMENTINFO_REGION=\"euw1\"\nDEPLOYMENTINFO_SHARD=\"main\"\nDEPLOYMENTINFO_USERREGION=\"euw1\"\n\n# Prosody\nENABLE_OCTO=\"true\"\nENABLE_AUTH=\"true\"\nENABLE_LETSENCRYPT=\"true\"\nLETSENCRYPT_DOMAIN=\"euw1-main-jvb-3.dev.meet.alve.live\"\nLETSENCRYPT_EMAIL=\"accounts@osoci.com\"\n\n# XMPP server (prosody service)\nENABLE_S2S=\"true\"\nXMPP_DOMAIN=\"euw1-main-xmpp.dev.meet.alve.live\"\nXMPP_AUTH_DOMAIN=\"auth.euw1-main-xmpp.dev.meet.alve.live\"\nXMPP_GUEST_DOMAIN=\"guest.euw1-main-xmpp.dev.meet.alve.live\"\nXMPP_MUC_DOMAIN=\"muc.euw1-main-xmpp.dev.meet.alve.live\"\nXMPP_INTERNAL_MUC_DOMAIN=\"internal-muc.euw1-main-xmpp.dev.meet.alve.live\"\nJWT_APP_ID=\"alve-jitsi\"\nJWT_APP_SECRET=\"da3a88e5015190b703d255bbb1a56707\"\nJWT_ALLOW_EMPTY=\"false\"\n\n# Focus component (jicofo service)\nJICOFO_OCTO_REGION=\"euw1\"\nJICOFO_AUTH_PASSWORD=\"7614017cc7503a75b9535a9c31803399\"\nENABLE_VISITORS=\"false\"\n\n# Video Bridge (jvb service)\nENABLE_COLIBRI_WEBSOCKET=\"false\"\nJVB_XMPP_SERVER=\"euw1-main-xmpp.dev.meet.alve.live\"\nJVB_AUTH_PASSWORD=\"6116a19d0042d4b8a053687468dacf98\"\n\n# Secrets\nJICOFO_COMPONENT_SECRET=\"f6ba6dfb1b96e99cdfd45e50845b2f00\"\n\nEOT\n\n# Export env to current session\nsource .env\n\n# Copy custom plugins to config dir\nmkdir -p ~/$CONFIG/prosody\ncp -R ./custom-prosody-plugins ~/$CONFIG/prosody/prosody-plugins-custom\n\n# Generate required config directories\nmkdir -p ~/$CONFIG/{web,transcripts,prosody/config,jicofo,jvb,jigasi,jibri}\n\n# Start services in selected profiles\ndocker compose --profile jvb up -d --build\n"
      ],
      "type": [
        "tuple",
        [
          "string",
          "string",
          "string",
          "string",
          "string"
        ]
      ]
    },
    "jwt_app_secret": {
      "value": "da3a88e5015190b703d255bbb1a56707",
      "type": "string"
    },
    "services": {
      "value": [
        "euw1-main-xmpp-1.dev.meet.alve.live",
        "euw1-main-jicofo-1.dev.meet.alve.live",
        "euw1-main-jvb-1.dev.meet.alve.live",
        "euw1-main-jvb-2.dev.meet.alve.live",
        "euw1-main-jvb-3.dev.meet.alve.live"
      ],
      "type": [
        "tuple",
        [
          "string",
          "string",
          "string",
          "string",
          "string"
        ]
      ]
    }
  },
  "resources": [
    {
      "mode": "data",
      "type": "aws_ami",
      "name": "latest_ubuntu",
      "provider": "provider[\"registry.terraform.io/hashicorp/aws\"]",
      "instances": [
        {
          "schema_version": 0,
          "attributes": {
            "architecture": "x86_64",
            "arn": "arn:aws:ec2:eu-west-1::image/ami-0905a3c97561e0b69",
            "block_device_mappings": [
              {
                "device_name": "/dev/sda1",
                "ebs": {
                  "delete_on_termination": "true",
                  "encrypted": "false",
                  "iops": "0",
                  "snapshot_id": "snap-000c4d65305cde84b",
                  "throughput": "0",
                  "volume_size": "8",
                  "volume_type": "gp2"
                },
                "no_device": "",
                "virtual_name": ""
              },
              {
                "device_name": "/dev/sdb",
                "ebs": {},
                "no_device": "",
                "virtual_name": "ephemeral0"
              },
              {
                "device_name": "/dev/sdc",
                "ebs": {},
                "no_device": "",
                "virtual_name": "ephemeral1"
              }
            ],
            "boot_mode": "legacy-bios",
            "creation_date": "2023-12-07T03:26:58.000Z",
            "deprecation_time": "2025-12-07T03:26:58.000Z",
            "description": "Canonical, Ubuntu, 22.04 LTS, amd64 jammy image build on 2023-12-07",
            "ena_support": true,
            "executable_users": null,
            "filter": [
              {
                "name": "name",
                "values": [
                  "ubuntu/images/*/ubuntu-jammy-22.04-*"
                ]
              }
            ],
            "hypervisor": "xen",
            "id": "ami-0905a3c97561e0b69",
            "image_id": "ami-0905a3c97561e0b69",
            "image_location": "amazon/ubuntu/images/hvm-ssd/ubuntu-jammy-22.04-amd64-server-20231207",
            "image_owner_alias": "amazon",
            "image_type": "machine",
            "imds_support": "",
            "include_deprecated": false,
            "kernel_id": "",
            "most_recent": true,
            "name": "ubuntu/images/hvm-ssd/ubuntu-jammy-22.04-amd64-server-20231207",
            "name_regex": null,
            "owner_id": "099720109477",
            "owners": [
              "099720109477"
            ],
            "platform": "",
            "platform_details": "Linux/UNIX",
            "product_codes": [],
            "public": true,
            "ramdisk_id": "",
            "root_device_name": "/dev/sda1",
            "root_device_type": "ebs",
            "root_snapshot_id": "snap-000c4d65305cde84b",
            "sriov_net_support": "simple",
            "state": "available",
            "state_reason": {
              "code": "UNSET",
              "message": "UNSET"
            },
            "tags": {},
            "timeouts": null,
            "tpm_support": "",
            "usage_operation": "RunInstances",
            "virtualization_type": "hvm"
          },
          "sensitive_attributes": []
        }
      ]
    },
    {
      "mode": "data",
      "type": "cloudflare_zone",
      "name": "public",
      "provider": "provider[\"registry.terraform.io/cloudflare/cloudflare\"]",
      "instances": [
        {
          "schema_version": 0,
          "attributes": {
            "account_id": "1bd00fa8d7f1fd4526dfd1853febdc52",
            "id": "af263e6d9efc2a0e8534567c4f0b6be7",
            "name": "alve.live",
            "name_servers": [
              "gracie.ns.cloudflare.com",
              "yew.ns.cloudflare.com"
            ],
            "paused": false,
            "plan": "Free Website",
            "status": "active",
            "vanity_name_servers": [],
            "zone_id": "af263e6d9efc2a0e8534567c4f0b6be7"
          },
          "sensitive_attributes": []
        }
      ]
    },
    {
      "mode": "managed",
      "type": "aws_eip",
      "name": "lb",
      "provider": "provider[\"registry.terraform.io/hashicorp/aws\"]",
      "instances": [
        {
          "index_key": 0,
          "schema_version": 0,
          "attributes": {
            "address": null,
            "allocation_id": "eipalloc-0f8f185c1c04d1248",
            "associate_with_private_ip": null,
            "association_id": "eipassoc-04af5aa55f1518e25",
            "carrier_ip": "",
            "customer_owned_ip": "",
            "customer_owned_ipv4_pool": "",
            "domain": "vpc",
            "id": "eipalloc-0f8f185c1c04d1248",
            "instance": "i-057de6fa89514caf8",
            "network_border_group": "eu-west-1",
            "network_interface": "eni-0071ea7cbe6ad439b",
            "private_dns": "ip-10-0-0-4.eu-west-1.compute.internal",
            "private_ip": "10.0.0.4",
            "public_dns": "ec2-63-34-186-121.eu-west-1.compute.amazonaws.com",
            "public_ip": "63.34.186.121",
            "public_ipv4_pool": "amazon",
            "tags": {},
            "tags_all": {},
            "timeouts": null,
            "vpc": true
          },
          "sensitive_attributes": [],
          "private": "eyJlMmJmYjczMC1lY2FhLTExZTYtOGY4OC0zNDM2M2JjN2M0YzAiOnsiZGVsZXRlIjoxODAwMDAwMDAwMDAsInJlYWQiOjkwMDAwMDAwMDAwMCwidXBkYXRlIjozMDAwMDAwMDAwMDB9fQ==",
          "dependencies": [
            "aws_instance.services",
            "aws_internet_gateway.main",
            "aws_key_pair.ssh_key",
            "aws_route_table.main_route_table",
            "aws_route_table_association.route_table_association",
            "aws_security_group.jitsi",
            "aws_subnet.main",
            "aws_vpc.main",
            "data.aws_ami.latest_ubuntu",
            "random_id.jicofo_auth_password",
            "random_id.jicofo_component_secret",
            "random_id.jvb_auth_password",
            "random_id.jwt_app_secret"
          ]
        },
        {
          "index_key": 1,
          "schema_version": 0,
          "attributes": {
            "address": null,
            "allocation_id": "eipalloc-0512618dc5965b661",
            "associate_with_private_ip": null,
            "association_id": "eipassoc-0651055fc05a5730b",
            "carrier_ip": "",
            "customer_owned_ip": "",
            "customer_owned_ipv4_pool": "",
            "domain": "vpc",
            "id": "eipalloc-0512618dc5965b661",
            "instance": "i-0ff102d7b18da6665",
            "network_border_group": "eu-west-1",
            "network_interface": "eni-04088fb6e86d991f4",
            "private_dns": "ip-10-0-0-20.eu-west-1.compute.internal",
            "private_ip": "10.0.0.20",
            "public_dns": "ec2-99-81-173-70.eu-west-1.compute.amazonaws.com",
            "public_ip": "99.81.173.70",
            "public_ipv4_pool": "amazon",
            "tags": {},
            "tags_all": {},
            "timeouts": null,
            "vpc": true
          },
          "sensitive_attributes": [],
          "private": "eyJlMmJmYjczMC1lY2FhLTExZTYtOGY4OC0zNDM2M2JjN2M0YzAiOnsiZGVsZXRlIjoxODAwMDAwMDAwMDAsInJlYWQiOjkwMDAwMDAwMDAwMCwidXBkYXRlIjozMDAwMDAwMDAwMDB9fQ==",
          "dependencies": [
            "aws_instance.services",
            "aws_internet_gateway.main",
            "aws_key_pair.ssh_key",
            "aws_route_table.main_route_table",
            "aws_route_table_association.route_table_association",
            "aws_security_group.jitsi",
            "aws_subnet.main",
            "aws_vpc.main",
            "data.aws_ami.latest_ubuntu",
            "random_id.jicofo_auth_password",
            "random_id.jicofo_component_secret",
            "random_id.jvb_auth_password",
            "random_id.jwt_app_secret"
          ]
        },
        {
          "index_key": 2,
          "schema_version": 0,
          "attributes": {
            "address": null,
            "allocation_id": "eipalloc-03f83c7b1837d30e1",
            "associate_with_private_ip": null,
            "association_id": "eipassoc-01c58c0639ac7ae79",
            "carrier_ip": "",
            "customer_owned_ip": "",
            "customer_owned_ipv4_pool": "",
            "domain": "vpc",
            "id": "eipalloc-03f83c7b1837d30e1",
            "instance": "i-032905b5cc365183b",
            "network_border_group": "eu-west-1",
            "network_interface": "eni-0700f46a906c2d9c2",
            "private_dns": "ip-10-0-0-17.eu-west-1.compute.internal",
            "private_ip": "10.0.0.17",
            "public_dns": "ec2-63-33-20-85.eu-west-1.compute.amazonaws.com",
            "public_ip": "63.33.20.85",
            "public_ipv4_pool": "amazon",
            "tags": {},
            "tags_all": {},
            "timeouts": null,
            "vpc": true
          },
          "sensitive_attributes": [],
          "private": "eyJlMmJmYjczMC1lY2FhLTExZTYtOGY4OC0zNDM2M2JjN2M0YzAiOnsiZGVsZXRlIjoxODAwMDAwMDAwMDAsInJlYWQiOjkwMDAwMDAwMDAwMCwidXBkYXRlIjozMDAwMDAwMDAwMDB9fQ==",
          "dependencies": [
            "aws_instance.services",
            "aws_internet_gateway.main",
            "aws_key_pair.ssh_key",
            "aws_route_table.main_route_table",
            "aws_route_table_association.route_table_association",
            "aws_security_group.jitsi",
            "aws_subnet.main",
            "aws_vpc.main",
            "data.aws_ami.latest_ubuntu",
            "random_id.jicofo_auth_password",
            "random_id.jicofo_component_secret",
            "random_id.jvb_auth_password",
            "random_id.jwt_app_secret"
          ]
        },
        {
          "index_key": 3,
          "schema_version": 0,
          "attributes": {
            "address": null,
            "allocation_id": "eipalloc-0686468fd934d728e",
            "associate_with_private_ip": null,
            "association_id": "eipassoc-08ab024e5dc5cd8be",
            "carrier_ip": "",
            "customer_owned_ip": "",
            "customer_owned_ipv4_pool": "",
            "domain": "vpc",
            "id": "eipalloc-0686468fd934d728e",
            "instance": "i-0be60564df55ae323",
            "network_border_group": "eu-west-1",
            "network_interface": "eni-0fd3dfee37db3053b",
            "private_dns": "ip-10-0-0-157.eu-west-1.compute.internal",
            "private_ip": "10.0.0.157",
            "public_dns": "ec2-34-252-128-45.eu-west-1.compute.amazonaws.com",
            "public_ip": "34.252.128.45",
            "public_ipv4_pool": "amazon",
            "tags": {},
            "tags_all": {},
            "timeouts": null,
            "vpc": true
          },
          "sensitive_attributes": [],
          "private": "eyJlMmJmYjczMC1lY2FhLTExZTYtOGY4OC0zNDM2M2JjN2M0YzAiOnsiZGVsZXRlIjoxODAwMDAwMDAwMDAsInJlYWQiOjkwMDAwMDAwMDAwMCwidXBkYXRlIjozMDAwMDAwMDAwMDB9fQ==",
          "dependencies": [
            "aws_instance.services",
            "aws_internet_gateway.main",
            "aws_key_pair.ssh_key",
            "aws_route_table.main_route_table",
            "aws_route_table_association.route_table_association",
            "aws_security_group.jitsi",
            "aws_subnet.main",
            "aws_vpc.main",
            "data.aws_ami.latest_ubuntu",
            "random_id.jicofo_auth_password",
            "random_id.jicofo_component_secret",
            "random_id.jvb_auth_password",
            "random_id.jwt_app_secret"
          ]
        },
        {
          "index_key": 4,
          "schema_version": 0,
          "attributes": {
            "address": null,
            "allocation_id": "eipalloc-091ee55aaf6fd0a0a",
            "associate_with_private_ip": null,
            "association_id": "eipassoc-0e5c4424df5603bca",
            "carrier_ip": "",
            "customer_owned_ip": "",
            "customer_owned_ipv4_pool": "",
            "domain": "vpc",
            "id": "eipalloc-091ee55aaf6fd0a0a",
            "instance": "i-08541c80aba995374",
            "network_border_group": "eu-west-1",
            "network_interface": "eni-0b1c61767ee7ccfdb",
            "private_dns": "ip-10-0-0-21.eu-west-1.compute.internal",
            "private_ip": "10.0.0.21",
            "public_dns": "ec2-63-34-228-98.eu-west-1.compute.amazonaws.com",
            "public_ip": "63.34.228.98",
            "public_ipv4_pool": "amazon",
            "tags": {},
            "tags_all": {},
            "timeouts": null,
            "vpc": true
          },
          "sensitive_attributes": [],
          "private": "eyJlMmJmYjczMC1lY2FhLTExZTYtOGY4OC0zNDM2M2JjN2M0YzAiOnsiZGVsZXRlIjoxODAwMDAwMDAwMDAsInJlYWQiOjkwMDAwMDAwMDAwMCwidXBkYXRlIjozMDAwMDAwMDAwMDB9fQ==",
          "dependencies": [
            "aws_instance.services",
            "aws_internet_gateway.main",
            "aws_key_pair.ssh_key",
            "aws_route_table.main_route_table",
            "aws_route_table_association.route_table_association",
            "aws_security_group.jitsi",
            "aws_subnet.main",
            "aws_vpc.main",
            "data.aws_ami.latest_ubuntu",
            "random_id.jicofo_auth_password",
            "random_id.jicofo_component_secret",
            "random_id.jvb_auth_password",
            "random_id.jwt_app_secret"
          ]
        }
      ]
    },
    {
      "mode": "managed",
      "type": "aws_instance",
      "name": "services",
      "provider": "provider[\"registry.terraform.io/hashicorp/aws\"]",
      "instances": [
        {
          "index_key": 0,
          "schema_version": 1,
          "attributes": {
            "ami": "ami-0905a3c97561e0b69",
            "arn": "arn:aws:ec2:eu-west-1:716052451530:instance/i-057de6fa89514caf8",
            "associate_public_ip_address": true,
            "availability_zone": "eu-west-1b",
            "capacity_reservation_specification": [
              {
                "capacity_reservation_preference": "open",
                "capacity_reservation_target": []
              }
            ],
            "cpu_core_count": 1,
            "cpu_options": [
              {
                "amd_sev_snp": "",
                "core_count": 1,
                "threads_per_core": 1
              }
            ],
            "cpu_threads_per_core": 1,
            "credit_specification": [
              {
                "cpu_credits": "standard"
              }
            ],
            "disable_api_stop": false,
            "disable_api_termination": false,
            "ebs_block_device": [],
            "ebs_optimized": false,
            "enclave_options": [
              {
                "enabled": false
              }
            ],
            "ephemeral_block_device": [],
            "get_password_data": false,
            "hibernation": false,
            "host_id": "",
            "host_resource_group_arn": null,
            "iam_instance_profile": "",
            "id": "i-057de6fa89514caf8",
            "instance_initiated_shutdown_behavior": "stop",
            "instance_lifecycle": "",
            "instance_market_options": [],
            "instance_state": "running",
            "instance_type": "t2.micro",
            "ipv6_address_count": 0,
            "ipv6_addresses": [],
            "key_name": "jitsi-dev.meet.alve.live",
            "launch_template": [],
            "maintenance_options": [
              {
                "auto_recovery": "default"
              }
            ],
            "metadata_options": [
              {
                "http_endpoint": "enabled",
                "http_protocol_ipv6": "disabled",
                "http_put_response_hop_limit": 1,
                "http_tokens": "optional",
                "instance_metadata_tags": "disabled"
              }
            ],
            "monitoring": false,
            "network_interface": [],
            "outpost_arn": "",
            "password_data": "",
            "placement_group": "",
            "placement_partition_number": 0,
            "primary_network_interface_id": "eni-0071ea7cbe6ad439b",
            "private_dns": "ip-10-0-0-4.eu-west-1.compute.internal",
            "private_dns_name_options": [
              {
                "enable_resource_name_dns_a_record": false,
                "enable_resource_name_dns_aaaa_record": false,
                "hostname_type": "ip-name"
              }
            ],
            "private_ip": "10.0.0.4",
            "public_dns": "ec2-63-34-186-121.eu-west-1.compute.amazonaws.com",
            "public_ip": "63.34.186.121",
            "root_block_device": [
              {
                "delete_on_termination": true,
                "device_name": "/dev/sda1",
                "encrypted": false,
                "iops": 100,
                "kms_key_id": "",
                "tags": {},
                "throughput": 0,
                "volume_id": "vol-0d1578b6759cb972f",
                "volume_size": 8,
                "volume_type": "gp2"
              }
            ],
            "secondary_private_ips": [],
            "security_groups": [],
            "source_dest_check": true,
            "spot_instance_request_id": "",
            "subnet_id": "subnet-0b9e3fa60fe803681",
            "tags": {
              "Name": "euw1-main-xmpp-1.dev.meet.alve.live"
            },
            "tags_all": {
              "Name": "euw1-main-xmpp-1.dev.meet.alve.live"
            },
            "tenancy": "default",
            "timeouts": null,
            "user_data": "b4ef14554e56d4e714a51c10a8ee1cb19334cc94",
            "user_data_base64": null,
            "user_data_replace_on_change": false,
            "volume_tags": null,
            "vpc_security_group_ids": [
              "sg-0a8d234beacced9e2"
            ]
          },
          "sensitive_attributes": [],
          "private": "eyJlMmJmYjczMC1lY2FhLTExZTYtOGY4OC0zNDM2M2JjN2M0YzAiOnsiY3JlYXRlIjo2MDAwMDAwMDAwMDAsImRlbGV0ZSI6MTIwMDAwMDAwMDAwMCwidXBkYXRlIjo2MDAwMDAwMDAwMDB9LCJzY2hlbWFfdmVyc2lvbiI6IjEifQ==",
          "dependencies": [
            "aws_internet_gateway.main",
            "aws_key_pair.ssh_key",
            "aws_route_table.main_route_table",
            "aws_route_table_association.route_table_association",
            "aws_security_group.jitsi",
            "aws_subnet.main",
            "aws_vpc.main",
            "data.aws_ami.latest_ubuntu",
            "random_id.jicofo_auth_password",
            "random_id.jicofo_component_secret",
            "random_id.jvb_auth_password",
            "random_id.jwt_app_secret"
          ],
          "create_before_destroy": true
        },
        {
          "index_key": 1,
          "schema_version": 1,
          "attributes": {
            "ami": "ami-0905a3c97561e0b69",
            "arn": "arn:aws:ec2:eu-west-1:716052451530:instance/i-0ff102d7b18da6665",
            "associate_public_ip_address": true,
            "availability_zone": "eu-west-1b",
            "capacity_reservation_specification": [
              {
                "capacity_reservation_preference": "open",
                "capacity_reservation_target": []
              }
            ],
            "cpu_core_count": 1,
            "cpu_options": [
              {
                "amd_sev_snp": "",
                "core_count": 1,
                "threads_per_core": 1
              }
            ],
            "cpu_threads_per_core": 1,
            "credit_specification": [
              {
                "cpu_credits": "standard"
              }
            ],
            "disable_api_stop": false,
            "disable_api_termination": false,
            "ebs_block_device": [],
            "ebs_optimized": false,
            "enclave_options": [
              {
                "enabled": false
              }
            ],
            "ephemeral_block_device": [],
            "get_password_data": false,
            "hibernation": false,
            "host_id": "",
            "host_resource_group_arn": null,
            "iam_instance_profile": "",
            "id": "i-0ff102d7b18da6665",
            "instance_initiated_shutdown_behavior": "stop",
            "instance_lifecycle": "",
            "instance_market_options": [],
            "instance_state": "running",
            "instance_type": "t2.micro",
            "ipv6_address_count": 0,
            "ipv6_addresses": [],
            "key_name": "jitsi-dev.meet.alve.live",
            "launch_template": [],
            "maintenance_options": [
              {
                "auto_recovery": "default"
              }
            ],
            "metadata_options": [
              {
                "http_endpoint": "enabled",
                "http_protocol_ipv6": "disabled",
                "http_put_response_hop_limit": 1,
                "http_tokens": "optional",
                "instance_metadata_tags": "disabled"
              }
            ],
            "monitoring": false,
            "network_interface": [],
            "outpost_arn": "",
            "password_data": "",
            "placement_group": "",
            "placement_partition_number": 0,
            "primary_network_interface_id": "eni-04088fb6e86d991f4",
            "private_dns": "ip-10-0-0-20.eu-west-1.compute.internal",
            "private_dns_name_options": [
              {
                "enable_resource_name_dns_a_record": false,
                "enable_resource_name_dns_aaaa_record": false,
                "hostname_type": "ip-name"
              }
            ],
            "private_ip": "10.0.0.20",
            "public_dns": "ec2-99-81-173-70.eu-west-1.compute.amazonaws.com",
            "public_ip": "99.81.173.70",
            "root_block_device": [
              {
                "delete_on_termination": true,
                "device_name": "/dev/sda1",
                "encrypted": false,
                "iops": 100,
                "kms_key_id": "",
                "tags": {},
                "throughput": 0,
                "volume_id": "vol-01af798de32c08ab4",
                "volume_size": 8,
                "volume_type": "gp2"
              }
            ],
            "secondary_private_ips": [],
            "security_groups": [],
            "source_dest_check": true,
            "spot_instance_request_id": "",
            "subnet_id": "subnet-0b9e3fa60fe803681",
            "tags": {
              "Name": "euw1-main-jicofo-1.dev.meet.alve.live"
            },
            "tags_all": {
              "Name": "euw1-main-jicofo-1.dev.meet.alve.live"
            },
            "tenancy": "default",
            "timeouts": null,
            "user_data": "d6a55b6835bcf3222b45430f1f65f99a9f852169",
            "user_data_base64": null,
            "user_data_replace_on_change": false,
            "volume_tags": null,
            "vpc_security_group_ids": [
              "sg-0a8d234beacced9e2"
            ]
          },
          "sensitive_attributes": [],
          "private": "eyJlMmJmYjczMC1lY2FhLTExZTYtOGY4OC0zNDM2M2JjN2M0YzAiOnsiY3JlYXRlIjo2MDAwMDAwMDAwMDAsImRlbGV0ZSI6MTIwMDAwMDAwMDAwMCwidXBkYXRlIjo2MDAwMDAwMDAwMDB9LCJzY2hlbWFfdmVyc2lvbiI6IjEifQ==",
          "dependencies": [
            "aws_internet_gateway.main",
            "aws_key_pair.ssh_key",
            "aws_route_table.main_route_table",
            "aws_route_table_association.route_table_association",
            "aws_security_group.jitsi",
            "aws_subnet.main",
            "aws_vpc.main",
            "data.aws_ami.latest_ubuntu",
            "random_id.jicofo_auth_password",
            "random_id.jicofo_component_secret",
            "random_id.jvb_auth_password",
            "random_id.jwt_app_secret"
          ],
          "create_before_destroy": true
        },
        {
          "index_key": 2,
          "schema_version": 1,
          "attributes": {
            "ami": "ami-0905a3c97561e0b69",
            "arn": "arn:aws:ec2:eu-west-1:716052451530:instance/i-032905b5cc365183b",
            "associate_public_ip_address": true,
            "availability_zone": "eu-west-1b",
            "capacity_reservation_specification": [
              {
                "capacity_reservation_preference": "open",
                "capacity_reservation_target": []
              }
            ],
            "cpu_core_count": 1,
            "cpu_options": [
              {
                "amd_sev_snp": "",
                "core_count": 1,
                "threads_per_core": 1
              }
            ],
            "cpu_threads_per_core": 1,
            "credit_specification": [
              {
                "cpu_credits": "standard"
              }
            ],
            "disable_api_stop": false,
            "disable_api_termination": false,
            "ebs_block_device": [],
            "ebs_optimized": false,
            "enclave_options": [
              {
                "enabled": false
              }
            ],
            "ephemeral_block_device": [],
            "get_password_data": false,
            "hibernation": false,
            "host_id": "",
            "host_resource_group_arn": null,
            "iam_instance_profile": "",
            "id": "i-032905b5cc365183b",
            "instance_initiated_shutdown_behavior": "stop",
            "instance_lifecycle": "",
            "instance_market_options": [],
            "instance_state": "running",
            "instance_type": "t2.micro",
            "ipv6_address_count": 0,
            "ipv6_addresses": [],
            "key_name": "jitsi-dev.meet.alve.live",
            "launch_template": [],
            "maintenance_options": [
              {
                "auto_recovery": "default"
              }
            ],
            "metadata_options": [
              {
                "http_endpoint": "enabled",
                "http_protocol_ipv6": "disabled",
                "http_put_response_hop_limit": 1,
                "http_tokens": "optional",
                "instance_metadata_tags": "disabled"
              }
            ],
            "monitoring": false,
            "network_interface": [],
            "outpost_arn": "",
            "password_data": "",
            "placement_group": "",
            "placement_partition_number": 0,
            "primary_network_interface_id": "eni-0700f46a906c2d9c2",
            "private_dns": "ip-10-0-0-17.eu-west-1.compute.internal",
            "private_dns_name_options": [
              {
                "enable_resource_name_dns_a_record": false,
                "enable_resource_name_dns_aaaa_record": false,
                "hostname_type": "ip-name"
              }
            ],
            "private_ip": "10.0.0.17",
            "public_dns": "ec2-63-33-20-85.eu-west-1.compute.amazonaws.com",
            "public_ip": "63.33.20.85",
            "root_block_device": [
              {
                "delete_on_termination": true,
                "device_name": "/dev/sda1",
                "encrypted": false,
                "iops": 100,
                "kms_key_id": "",
                "tags": {},
                "throughput": 0,
                "volume_id": "vol-0e2190dd6305f90ee",
                "volume_size": 8,
                "volume_type": "gp2"
              }
            ],
            "secondary_private_ips": [],
            "security_groups": [],
            "source_dest_check": true,
            "spot_instance_request_id": "",
            "subnet_id": "subnet-0b9e3fa60fe803681",
            "tags": {
              "Name": "euw1-main-jvb-1.dev.meet.alve.live"
            },
            "tags_all": {
              "Name": "euw1-main-jvb-1.dev.meet.alve.live"
            },
            "tenancy": "default",
            "timeouts": null,
            "user_data": "d1d79875826c55007712eac1c6b52712ca5e5c16",
            "user_data_base64": null,
            "user_data_replace_on_change": false,
            "volume_tags": null,
            "vpc_security_group_ids": [
              "sg-0a8d234beacced9e2"
            ]
          },
          "sensitive_attributes": [],
          "private": "eyJlMmJmYjczMC1lY2FhLTExZTYtOGY4OC0zNDM2M2JjN2M0YzAiOnsiY3JlYXRlIjo2MDAwMDAwMDAwMDAsImRlbGV0ZSI6MTIwMDAwMDAwMDAwMCwidXBkYXRlIjo2MDAwMDAwMDAwMDB9LCJzY2hlbWFfdmVyc2lvbiI6IjEifQ==",
          "dependencies": [
            "aws_internet_gateway.main",
            "aws_key_pair.ssh_key",
            "aws_route_table.main_route_table",
            "aws_route_table_association.route_table_association",
            "aws_security_group.jitsi",
            "aws_subnet.main",
            "aws_vpc.main",
            "data.aws_ami.latest_ubuntu",
            "random_id.jicofo_auth_password",
            "random_id.jicofo_component_secret",
            "random_id.jvb_auth_password",
            "random_id.jwt_app_secret"
          ],
          "create_before_destroy": true
        },
        {
          "index_key": 3,
          "schema_version": 1,
          "attributes": {
            "ami": "ami-0905a3c97561e0b69",
            "arn": "arn:aws:ec2:eu-west-1:716052451530:instance/i-0be60564df55ae323",
            "associate_public_ip_address": true,
            "availability_zone": "eu-west-1b",
            "capacity_reservation_specification": [
              {
                "capacity_reservation_preference": "open",
                "capacity_reservation_target": []
              }
            ],
            "cpu_core_count": 1,
            "cpu_options": [
              {
                "amd_sev_snp": "",
                "core_count": 1,
                "threads_per_core": 1
              }
            ],
            "cpu_threads_per_core": 1,
            "credit_specification": [
              {
                "cpu_credits": "standard"
              }
            ],
            "disable_api_stop": false,
            "disable_api_termination": false,
            "ebs_block_device": [],
            "ebs_optimized": false,
            "enclave_options": [
              {
                "enabled": false
              }
            ],
            "ephemeral_block_device": [],
            "get_password_data": false,
            "hibernation": false,
            "host_id": "",
            "host_resource_group_arn": null,
            "iam_instance_profile": "",
            "id": "i-0be60564df55ae323",
            "instance_initiated_shutdown_behavior": "stop",
            "instance_lifecycle": "",
            "instance_market_options": [],
            "instance_state": "running",
            "instance_type": "t2.micro",
            "ipv6_address_count": 0,
            "ipv6_addresses": [],
            "key_name": "jitsi-dev.meet.alve.live",
            "launch_template": [],
            "maintenance_options": [
              {
                "auto_recovery": "default"
              }
            ],
            "metadata_options": [
              {
                "http_endpoint": "enabled",
                "http_protocol_ipv6": "disabled",
                "http_put_response_hop_limit": 1,
                "http_tokens": "optional",
                "instance_metadata_tags": "disabled"
              }
            ],
            "monitoring": false,
            "network_interface": [],
            "outpost_arn": "",
            "password_data": "",
            "placement_group": "",
            "placement_partition_number": 0,
            "primary_network_interface_id": "eni-0fd3dfee37db3053b",
            "private_dns": "ip-10-0-0-157.eu-west-1.compute.internal",
            "private_dns_name_options": [
              {
                "enable_resource_name_dns_a_record": false,
                "enable_resource_name_dns_aaaa_record": false,
                "hostname_type": "ip-name"
              }
            ],
            "private_ip": "10.0.0.157",
            "public_dns": "ec2-34-252-128-45.eu-west-1.compute.amazonaws.com",
            "public_ip": "34.252.128.45",
            "root_block_device": [
              {
                "delete_on_termination": true,
                "device_name": "/dev/sda1",
                "encrypted": false,
                "iops": 100,
                "kms_key_id": "",
                "tags": {},
                "throughput": 0,
                "volume_id": "vol-0c0a739537227ccd8",
                "volume_size": 8,
                "volume_type": "gp2"
              }
            ],
            "secondary_private_ips": [],
            "security_groups": [],
            "source_dest_check": true,
            "spot_instance_request_id": "",
            "subnet_id": "subnet-0b9e3fa60fe803681",
            "tags": {
              "Name": "euw1-main-jvb-2.dev.meet.alve.live"
            },
            "tags_all": {
              "Name": "euw1-main-jvb-2.dev.meet.alve.live"
            },
            "tenancy": "default",
            "timeouts": null,
            "user_data": "edabf636a355c10fd4d8596723191ae1baa7496f",
            "user_data_base64": null,
            "user_data_replace_on_change": false,
            "volume_tags": null,
            "vpc_security_group_ids": [
              "sg-0a8d234beacced9e2"
            ]
          },
          "sensitive_attributes": [],
          "private": "eyJlMmJmYjczMC1lY2FhLTExZTYtOGY4OC0zNDM2M2JjN2M0YzAiOnsiY3JlYXRlIjo2MDAwMDAwMDAwMDAsImRlbGV0ZSI6MTIwMDAwMDAwMDAwMCwidXBkYXRlIjo2MDAwMDAwMDAwMDB9LCJzY2hlbWFfdmVyc2lvbiI6IjEifQ==",
          "dependencies": [
            "aws_internet_gateway.main",
            "aws_key_pair.ssh_key",
            "aws_route_table.main_route_table",
            "aws_route_table_association.route_table_association",
            "aws_security_group.jitsi",
            "aws_subnet.main",
            "aws_vpc.main",
            "data.aws_ami.latest_ubuntu",
            "random_id.jicofo_auth_password",
            "random_id.jicofo_component_secret",
            "random_id.jvb_auth_password",
            "random_id.jwt_app_secret"
          ],
          "create_before_destroy": true
        },
        {
          "index_key": 4,
          "schema_version": 1,
          "attributes": {
            "ami": "ami-0905a3c97561e0b69",
            "arn": "arn:aws:ec2:eu-west-1:716052451530:instance/i-08541c80aba995374",
            "associate_public_ip_address": true,
            "availability_zone": "eu-west-1b",
            "capacity_reservation_specification": [
              {
                "capacity_reservation_preference": "open",
                "capacity_reservation_target": []
              }
            ],
            "cpu_core_count": 1,
            "cpu_options": [
              {
                "amd_sev_snp": "",
                "core_count": 1,
                "threads_per_core": 1
              }
            ],
            "cpu_threads_per_core": 1,
            "credit_specification": [
              {
                "cpu_credits": "standard"
              }
            ],
            "disable_api_stop": false,
            "disable_api_termination": false,
            "ebs_block_device": [],
            "ebs_optimized": false,
            "enclave_options": [
              {
                "enabled": false
              }
            ],
            "ephemeral_block_device": [],
            "get_password_data": false,
            "hibernation": false,
            "host_id": "",
            "host_resource_group_arn": null,
            "iam_instance_profile": "",
            "id": "i-08541c80aba995374",
            "instance_initiated_shutdown_behavior": "stop",
            "instance_lifecycle": "",
            "instance_market_options": [],
            "instance_state": "running",
            "instance_type": "t2.micro",
            "ipv6_address_count": 0,
            "ipv6_addresses": [],
            "key_name": "jitsi-dev.meet.alve.live",
            "launch_template": [],
            "maintenance_options": [
              {
                "auto_recovery": "default"
              }
            ],
            "metadata_options": [
              {
                "http_endpoint": "enabled",
                "http_protocol_ipv6": "disabled",
                "http_put_response_hop_limit": 1,
                "http_tokens": "optional",
                "instance_metadata_tags": "disabled"
              }
            ],
            "monitoring": false,
            "network_interface": [],
            "outpost_arn": "",
            "password_data": "",
            "placement_group": "",
            "placement_partition_number": 0,
            "primary_network_interface_id": "eni-0b1c61767ee7ccfdb",
            "private_dns": "ip-10-0-0-21.eu-west-1.compute.internal",
            "private_dns_name_options": [
              {
                "enable_resource_name_dns_a_record": false,
                "enable_resource_name_dns_aaaa_record": false,
                "hostname_type": "ip-name"
              }
            ],
            "private_ip": "10.0.0.21",
            "public_dns": "ec2-63-34-228-98.eu-west-1.compute.amazonaws.com",
            "public_ip": "63.34.228.98",
            "root_block_device": [
              {
                "delete_on_termination": true,
                "device_name": "/dev/sda1",
                "encrypted": false,
                "iops": 100,
                "kms_key_id": "",
                "tags": {},
                "throughput": 0,
                "volume_id": "vol-034f04a4b8b3604cd",
                "volume_size": 8,
                "volume_type": "gp2"
              }
            ],
            "secondary_private_ips": [],
            "security_groups": [],
            "source_dest_check": true,
            "spot_instance_request_id": "",
            "subnet_id": "subnet-0b9e3fa60fe803681",
            "tags": {
              "Name": "euw1-main-jvb-3.dev.meet.alve.live"
            },
            "tags_all": {
              "Name": "euw1-main-jvb-3.dev.meet.alve.live"
            },
            "tenancy": "default",
            "timeouts": null,
            "user_data": "9277e4248658e4b7af5cbf9904e25ca44d3b73d0",
            "user_data_base64": null,
            "user_data_replace_on_change": false,
            "volume_tags": null,
            "vpc_security_group_ids": [
              "sg-0a8d234beacced9e2"
            ]
          },
          "sensitive_attributes": [],
          "private": "eyJlMmJmYjczMC1lY2FhLTExZTYtOGY4OC0zNDM2M2JjN2M0YzAiOnsiY3JlYXRlIjo2MDAwMDAwMDAwMDAsImRlbGV0ZSI6MTIwMDAwMDAwMDAwMCwidXBkYXRlIjo2MDAwMDAwMDAwMDB9LCJzY2hlbWFfdmVyc2lvbiI6IjEifQ==",
          "dependencies": [
            "aws_internet_gateway.main",
            "aws_key_pair.ssh_key",
            "aws_route_table.main_route_table",
            "aws_route_table_association.route_table_association",
            "aws_security_group.jitsi",
            "aws_subnet.main",
            "aws_vpc.main",
            "data.aws_ami.latest_ubuntu",
            "random_id.jicofo_auth_password",
            "random_id.jicofo_component_secret",
            "random_id.jvb_auth_password",
            "random_id.jwt_app_secret"
          ],
          "create_before_destroy": true
        }
      ]
    },
    {
      "mode": "managed",
      "type": "aws_internet_gateway",
      "name": "main",
      "provider": "provider[\"registry.terraform.io/hashicorp/aws\"]",
      "instances": [
        {
          "schema_version": 0,
          "attributes": {
            "arn": "arn:aws:ec2:eu-west-1:716052451530:internet-gateway/igw-0355078064c04e406",
            "id": "igw-0355078064c04e406",
            "owner_id": "716052451530",
            "tags": {
              "Name": "InternetGateway Jitsi"
            },
            "tags_all": {
              "Name": "InternetGateway Jitsi"
            },
            "timeouts": null,
            "vpc_id": "vpc-026e07f1b3656901f"
          },
          "sensitive_attributes": [],
          "private": "eyJlMmJmYjczMC1lY2FhLTExZTYtOGY4OC0zNDM2M2JjN2M0YzAiOnsiY3JlYXRlIjoxMjAwMDAwMDAwMDAwLCJkZWxldGUiOjEyMDAwMDAwMDAwMDAsInVwZGF0ZSI6MTIwMDAwMDAwMDAwMH19",
          "dependencies": [
            "aws_vpc.main"
          ],
          "create_before_destroy": true
        }
      ]
    },
    {
      "mode": "managed",
      "type": "aws_key_pair",
      "name": "ssh_key",
      "provider": "provider[\"registry.terraform.io/hashicorp/aws\"]",
      "instances": [
        {
          "schema_version": 1,
          "attributes": {
            "arn": "arn:aws:ec2:eu-west-1:716052451530:key-pair/jitsi-dev.meet.alve.live",
            "fingerprint": "8a:d1:0f:65:dc:72:73:d4:d7:27:eb:ef:89:0a:cb:05",
            "id": "jitsi-dev.meet.alve.live",
            "key_name": "jitsi-dev.meet.alve.live",
            "key_name_prefix": "",
            "key_pair_id": "key-00a4d31911959c19c",
            "key_type": "rsa",
            "public_key": "ssh-rsa AAAAB3NzaC1yc2EAAAADAQABAAABgQDLAxd3pDaLdxCsYm7oyLs4eiOx3pbG2Wmw0gL2Iq4fc92yq4j9PPff9hHeDhkCqghq6LthFKdPIJd2i2lYhWTgZIgtMecheZ99WLZXlFkWwL0InzysE7g/gonI/JVYzJd1GTTdYFx0VD9JeyDA85nBR9MgTj/rmftjonK0vSYUxU8PCh+Pv76q5xynO8p8cD7TBfvRcYscsBRH1HxRd9bOF6IDirij77fzoGPuT/DuNTil0le5g02hGlUJXBjKqXL1fOitddVq+Ltup2pCFs+Q6q0UhpFe/HwmkGaSbNqodVm+ZaK1UnQY64BNyTxWmkQRaO0eHqRgvlkP47h7OmA5DOySXTONMeB1swR4/mAfpF+HJanGtMb1g+tEWVS3ygtkKtbg/fgDGzCtIsTTbewNj6lXMMHBB6peOQWpWw70gARIGxopRrt+CBz7+neer8pYt2pg9EJaD2+u3VkhHCVMmYR3DT4I8v4ugwNoLnpyKPPTtZVH29VnyVjNjr6Xuvk= alve@distopia.local",
            "tags": {},
            "tags_all": {}
          },
          "sensitive_attributes": [],
          "private": "eyJzY2hlbWFfdmVyc2lvbiI6IjEifQ==",
          "create_before_destroy": true
        }
      ]
    },
    {
      "mode": "managed",
      "type": "aws_route53_record",
      "name": "master_a",
      "provider": "provider[\"registry.terraform.io/hashicorp/aws\"]",
      "instances": [
        {
          "index_key": 0,
          "schema_version": 2,
          "attributes": {
            "alias": [],
            "allow_overwrite": true,
            "cidr_routing_policy": [],
            "failover_routing_policy": [],
            "fqdn": "euw1-main-xmpp-1.dev.meet.alve.live",
            "geolocation_routing_policy": [],
            "health_check_id": "",
            "id": "Z04256562HH86FN8FRGSQ_euw1-main-xmpp-1_A",
            "latency_routing_policy": [],
            "multivalue_answer_routing_policy": false,
            "name": "euw1-main-xmpp-1",
            "records": [
              "63.34.186.121"
            ],
            "set_identifier": "",
            "ttl": 300,
            "type": "A",
            "weighted_routing_policy": [],
            "zone_id": "Z04256562HH86FN8FRGSQ"
          },
          "sensitive_attributes": [],
          "private": "eyJzY2hlbWFfdmVyc2lvbiI6IjIifQ==",
          "dependencies": [
            "aws_eip.lb",
            "aws_instance.services",
            "aws_internet_gateway.main",
            "aws_key_pair.ssh_key",
            "aws_route53_zone.public",
            "aws_route_table.main_route_table",
            "aws_route_table_association.route_table_association",
            "aws_security_group.jitsi",
            "aws_subnet.main",
            "aws_vpc.main",
            "data.aws_ami.latest_ubuntu",
            "random_id.jicofo_auth_password",
            "random_id.jicofo_component_secret",
            "random_id.jvb_auth_password",
            "random_id.jwt_app_secret"
          ]
        },
        {
          "index_key": 1,
          "schema_version": 2,
          "attributes": {
            "alias": [],
            "allow_overwrite": true,
            "cidr_routing_policy": [],
            "failover_routing_policy": [],
            "fqdn": "euw1-main-jicofo-1.dev.meet.alve.live",
            "geolocation_routing_policy": [],
            "health_check_id": "",
            "id": "Z04256562HH86FN8FRGSQ_euw1-main-jicofo-1_A",
            "latency_routing_policy": [],
            "multivalue_answer_routing_policy": false,
            "name": "euw1-main-jicofo-1",
            "records": [
              "99.81.173.70"
            ],
            "set_identifier": "",
            "ttl": 300,
            "type": "A",
            "weighted_routing_policy": [],
            "zone_id": "Z04256562HH86FN8FRGSQ"
          },
          "sensitive_attributes": [],
          "private": "eyJzY2hlbWFfdmVyc2lvbiI6IjIifQ==",
          "dependencies": [
            "aws_eip.lb",
            "aws_instance.services",
            "aws_internet_gateway.main",
            "aws_key_pair.ssh_key",
            "aws_route53_zone.public",
            "aws_route_table.main_route_table",
            "aws_route_table_association.route_table_association",
            "aws_security_group.jitsi",
            "aws_subnet.main",
            "aws_vpc.main",
            "data.aws_ami.latest_ubuntu",
            "random_id.jicofo_auth_password",
            "random_id.jicofo_component_secret",
            "random_id.jvb_auth_password",
            "random_id.jwt_app_secret"
          ]
        },
        {
          "index_key": 2,
          "schema_version": 2,
          "attributes": {
            "alias": [],
            "allow_overwrite": true,
            "cidr_routing_policy": [],
            "failover_routing_policy": [],
            "fqdn": "euw1-main-jvb-1.dev.meet.alve.live",
            "geolocation_routing_policy": [],
            "health_check_id": "",
            "id": "Z04256562HH86FN8FRGSQ_euw1-main-jvb-1_A",
            "latency_routing_policy": [],
            "multivalue_answer_routing_policy": false,
            "name": "euw1-main-jvb-1",
            "records": [
              "63.33.20.85"
            ],
            "set_identifier": "",
            "ttl": 300,
            "type": "A",
            "weighted_routing_policy": [],
            "zone_id": "Z04256562HH86FN8FRGSQ"
          },
          "sensitive_attributes": [],
          "private": "eyJzY2hlbWFfdmVyc2lvbiI6IjIifQ==",
          "dependencies": [
            "aws_eip.lb",
            "aws_instance.services",
            "aws_internet_gateway.main",
            "aws_key_pair.ssh_key",
            "aws_route53_zone.public",
            "aws_route_table.main_route_table",
            "aws_route_table_association.route_table_association",
            "aws_security_group.jitsi",
            "aws_subnet.main",
            "aws_vpc.main",
            "data.aws_ami.latest_ubuntu",
            "random_id.jicofo_auth_password",
            "random_id.jicofo_component_secret",
            "random_id.jvb_auth_password",
            "random_id.jwt_app_secret"
          ]
        },
        {
          "index_key": 3,
          "schema_version": 2,
          "attributes": {
            "alias": [],
            "allow_overwrite": true,
            "cidr_routing_policy": [],
            "failover_routing_policy": [],
            "fqdn": "euw1-main-jvb-2.dev.meet.alve.live",
            "geolocation_routing_policy": [],
            "health_check_id": "",
            "id": "Z04256562HH86FN8FRGSQ_euw1-main-jvb-2_A",
            "latency_routing_policy": [],
            "multivalue_answer_routing_policy": false,
            "name": "euw1-main-jvb-2",
            "records": [
              "34.252.128.45"
            ],
            "set_identifier": "",
            "ttl": 300,
            "type": "A",
            "weighted_routing_policy": [],
            "zone_id": "Z04256562HH86FN8FRGSQ"
          },
          "sensitive_attributes": [],
          "private": "eyJzY2hlbWFfdmVyc2lvbiI6IjIifQ==",
          "dependencies": [
            "aws_eip.lb",
            "aws_instance.services",
            "aws_internet_gateway.main",
            "aws_key_pair.ssh_key",
            "aws_route53_zone.public",
            "aws_route_table.main_route_table",
            "aws_route_table_association.route_table_association",
            "aws_security_group.jitsi",
            "aws_subnet.main",
            "aws_vpc.main",
            "data.aws_ami.latest_ubuntu",
            "random_id.jicofo_auth_password",
            "random_id.jicofo_component_secret",
            "random_id.jvb_auth_password",
            "random_id.jwt_app_secret"
          ]
        },
        {
          "index_key": 4,
          "schema_version": 2,
          "attributes": {
            "alias": [],
            "allow_overwrite": true,
            "cidr_routing_policy": [],
            "failover_routing_policy": [],
            "fqdn": "euw1-main-jvb-3.dev.meet.alve.live",
            "geolocation_routing_policy": [],
            "health_check_id": "",
            "id": "Z04256562HH86FN8FRGSQ_euw1-main-jvb-3_A",
            "latency_routing_policy": [],
            "multivalue_answer_routing_policy": false,
            "name": "euw1-main-jvb-3",
            "records": [
              "63.34.228.98"
            ],
            "set_identifier": "",
            "ttl": 300,
            "type": "A",
            "weighted_routing_policy": [],
            "zone_id": "Z04256562HH86FN8FRGSQ"
          },
          "sensitive_attributes": [],
          "private": "eyJzY2hlbWFfdmVyc2lvbiI6IjIifQ==",
          "dependencies": [
            "aws_eip.lb",
            "aws_instance.services",
            "aws_internet_gateway.main",
            "aws_key_pair.ssh_key",
            "aws_route53_zone.public",
            "aws_route_table.main_route_table",
            "aws_route_table_association.route_table_association",
            "aws_security_group.jitsi",
            "aws_subnet.main",
            "aws_vpc.main",
            "data.aws_ami.latest_ubuntu",
            "random_id.jicofo_auth_password",
            "random_id.jicofo_component_secret",
            "random_id.jvb_auth_password",
            "random_id.jwt_app_secret"
          ]
        }
      ]
    },
    {
      "mode": "managed",
      "type": "aws_route53_zone",
      "name": "public",
      "provider": "provider[\"registry.terraform.io/hashicorp/aws\"]",
      "instances": [
        {
          "schema_version": 0,
          "attributes": {
            "arn": "arn:aws:route53:::hostedzone/Z04256562HH86FN8FRGSQ",
            "comment": "Managed by Terraform",
            "delegation_set_id": "",
            "force_destroy": false,
            "id": "Z04256562HH86FN8FRGSQ",
            "name": "dev.meet.alve.live",
            "name_servers": [
              "ns-123.awsdns-15.com",
              "ns-1290.awsdns-33.org",
              "ns-1559.awsdns-02.co.uk",
              "ns-701.awsdns-23.net"
            ],
            "primary_name_server": "ns-123.awsdns-15.com",
            "tags": {},
            "tags_all": {},
            "vpc": [],
            "zone_id": "Z04256562HH86FN8FRGSQ"
          },
          "sensitive_attributes": [],
          "private": "bnVsbA==",
          "create_before_destroy": true
        }
      ]
    },
    {
      "mode": "managed",
      "type": "aws_route_table",
      "name": "main_route_table",
      "provider": "provider[\"registry.terraform.io/hashicorp/aws\"]",
      "instances": [
        {
          "schema_version": 0,
          "attributes": {
            "arn": "arn:aws:ec2:eu-west-1:716052451530:route-table/rtb-0bcf7f03e7511fb3f",
            "id": "rtb-0bcf7f03e7511fb3f",
            "owner_id": "716052451530",
            "propagating_vgws": [],
            "route": [
              {
                "carrier_gateway_id": "",
                "cidr_block": "0.0.0.0/0",
                "core_network_arn": "",
                "destination_prefix_list_id": "",
                "egress_only_gateway_id": "",
                "gateway_id": "igw-0355078064c04e406",
                "ipv6_cidr_block": "",
                "local_gateway_id": "",
                "nat_gateway_id": "",
                "network_interface_id": "",
                "transit_gateway_id": "",
                "vpc_endpoint_id": "",
                "vpc_peering_connection_id": ""
              }
            ],
            "tags": {
              "Name": "Main"
            },
            "tags_all": {
              "Name": "Main"
            },
            "timeouts": null,
            "vpc_id": "vpc-026e07f1b3656901f"
          },
          "sensitive_attributes": [],
          "private": "eyJlMmJmYjczMC1lY2FhLTExZTYtOGY4OC0zNDM2M2JjN2M0YzAiOnsiY3JlYXRlIjozMDAwMDAwMDAwMDAsImRlbGV0ZSI6MzAwMDAwMDAwMDAwLCJ1cGRhdGUiOjEyMDAwMDAwMDAwMH19",
          "dependencies": [
            "aws_internet_gateway.main",
            "aws_vpc.main"
          ],
          "create_before_destroy": true
        }
      ]
    },
    {
      "mode": "managed",
      "type": "aws_route_table_association",
      "name": "route_table_association",
      "provider": "provider[\"registry.terraform.io/hashicorp/aws\"]",
      "instances": [
        {
          "schema_version": 0,
          "attributes": {
            "gateway_id": "",
            "id": "rtbassoc-03df141ce2e147848",
            "route_table_id": "rtb-0bcf7f03e7511fb3f",
            "subnet_id": "subnet-0b9e3fa60fe803681",
            "timeouts": null
          },
          "sensitive_attributes": [],
          "private": "eyJlMmJmYjczMC1lY2FhLTExZTYtOGY4OC0zNDM2M2JjN2M0YzAiOnsiY3JlYXRlIjozMDAwMDAwMDAwMDAsImRlbGV0ZSI6MzAwMDAwMDAwMDAwLCJ1cGRhdGUiOjEyMDAwMDAwMDAwMH19",
          "dependencies": [
            "aws_internet_gateway.main",
            "aws_route_table.main_route_table",
            "aws_subnet.main",
            "aws_vpc.main"
          ],
          "create_before_destroy": true
        }
      ]
    },
    {
      "mode": "managed",
      "type": "aws_security_group",
      "name": "jitsi",
      "provider": "provider[\"registry.terraform.io/hashicorp/aws\"]",
      "instances": [
        {
          "schema_version": 1,
          "attributes": {
            "arn": "arn:aws:ec2:eu-west-1:716052451530:security-group/sg-0a8d234beacced9e2",
            "description": "Jitsi",
            "egress": [
              {
                "cidr_blocks": [
                  "0.0.0.0/0"
                ],
                "description": "",
                "from_port": 0,
                "ipv6_cidr_blocks": [],
                "prefix_list_ids": [],
                "protocol": "-1",
                "security_groups": [],
                "self": false,
                "to_port": 0
              }
            ],
            "id": "sg-0a8d234beacced9e2",
            "ingress": [
              {
                "cidr_blocks": [
                  "0.0.0.0/0"
                ],
                "description": "",
                "from_port": 10000,
                "ipv6_cidr_blocks": [],
                "prefix_list_ids": [],
                "protocol": "udp",
                "security_groups": [],
                "self": false,
                "to_port": 10000
              },
              {
                "cidr_blocks": [
                  "0.0.0.0/0"
                ],
                "description": "",
                "from_port": 22,
                "ipv6_cidr_blocks": [],
                "prefix_list_ids": [],
                "protocol": "tcp",
                "security_groups": [],
                "self": false,
                "to_port": 22
              },
              {
                "cidr_blocks": [
                  "0.0.0.0/0"
                ],
                "description": "",
                "from_port": 443,
                "ipv6_cidr_blocks": [],
                "prefix_list_ids": [],
                "protocol": "tcp",
                "security_groups": [],
                "self": false,
                "to_port": 443
              },
              {
                "cidr_blocks": [
                  "0.0.0.0/0"
                ],
                "description": "",
                "from_port": 5222,
                "ipv6_cidr_blocks": [],
                "prefix_list_ids": [],
                "protocol": "tcp",
                "security_groups": [],
                "self": false,
                "to_port": 5222
              },
              {
                "cidr_blocks": [
                  "0.0.0.0/0"
                ],
                "description": "",
                "from_port": 5269,
                "ipv6_cidr_blocks": [],
                "prefix_list_ids": [],
                "protocol": "tcp",
                "security_groups": [],
                "self": false,
                "to_port": 5269
              },
              {
                "cidr_blocks": [
                  "0.0.0.0/0"
                ],
                "description": "",
                "from_port": 5280,
                "ipv6_cidr_blocks": [],
                "prefix_list_ids": [],
                "protocol": "tcp",
                "security_groups": [],
                "self": false,
                "to_port": 5280
              },
              {
                "cidr_blocks": [
                  "0.0.0.0/0"
                ],
                "description": "",
                "from_port": 5347,
                "ipv6_cidr_blocks": [],
                "prefix_list_ids": [],
                "protocol": "tcp",
                "security_groups": [],
                "self": false,
                "to_port": 5347
              },
              {
                "cidr_blocks": [
                  "0.0.0.0/0"
                ],
                "description": "",
                "from_port": 8080,
                "ipv6_cidr_blocks": [],
                "prefix_list_ids": [],
                "protocol": "tcp",
                "security_groups": [],
                "self": false,
                "to_port": 8080
              },
              {
                "cidr_blocks": [
                  "0.0.0.0/0"
                ],
                "description": "",
                "from_port": 80,
                "ipv6_cidr_blocks": [],
                "prefix_list_ids": [],
                "protocol": "tcp",
                "security_groups": [],
                "self": false,
                "to_port": 80
              },
              {
                "cidr_blocks": [
                  "0.0.0.0/0"
                ],
                "description": "",
                "from_port": 8888,
                "ipv6_cidr_blocks": [],
                "prefix_list_ids": [],
                "protocol": "tcp",
                "security_groups": [],
                "self": false,
                "to_port": 8888
              }
            ],
            "name": "Jitsi sg",
            "name_prefix": "",
            "owner_id": "716052451530",
            "revoke_rules_on_delete": false,
            "tags": {
              "Name": "Jitsi sg"
            },
            "tags_all": {
              "Name": "Jitsi sg"
            },
            "timeouts": null,
            "vpc_id": "vpc-026e07f1b3656901f"
          },
          "sensitive_attributes": [],
          "private": "eyJlMmJmYjczMC1lY2FhLTExZTYtOGY4OC0zNDM2M2JjN2M0YzAiOnsiY3JlYXRlIjo2MDAwMDAwMDAwMDAsImRlbGV0ZSI6OTAwMDAwMDAwMDAwfSwic2NoZW1hX3ZlcnNpb24iOiIxIn0=",
          "dependencies": [
            "aws_vpc.main"
          ],
          "create_before_destroy": true
        }
      ]
    },
    {
      "mode": "managed",
      "type": "aws_subnet",
      "name": "main",
      "provider": "provider[\"registry.terraform.io/hashicorp/aws\"]",
      "instances": [
        {
          "schema_version": 1,
          "attributes": {
            "arn": "arn:aws:ec2:eu-west-1:716052451530:subnet/subnet-0b9e3fa60fe803681",
            "assign_ipv6_address_on_creation": false,
            "availability_zone": "eu-west-1b",
            "availability_zone_id": "euw1-az3",
            "cidr_block": "10.0.0.0/24",
            "customer_owned_ipv4_pool": "",
            "enable_dns64": false,
            "enable_lni_at_device_index": 0,
            "enable_resource_name_dns_a_record_on_launch": false,
            "enable_resource_name_dns_aaaa_record_on_launch": false,
            "id": "subnet-0b9e3fa60fe803681",
            "ipv6_cidr_block": "",
            "ipv6_cidr_block_association_id": "",
            "ipv6_native": false,
            "map_customer_owned_ip_on_launch": false,
            "map_public_ip_on_launch": false,
            "outpost_arn": "",
            "owner_id": "716052451530",
            "private_dns_hostname_type_on_launch": "ip-name",
            "tags": {
              "Name": "Subnet Jitsi"
            },
            "tags_all": {
              "Name": "Subnet Jitsi"
            },
            "timeouts": null,
            "vpc_id": "vpc-026e07f1b3656901f"
          },
          "sensitive_attributes": [],
          "private": "eyJlMmJmYjczMC1lY2FhLTExZTYtOGY4OC0zNDM2M2JjN2M0YzAiOnsiY3JlYXRlIjo2MDAwMDAwMDAwMDAsImRlbGV0ZSI6MTIwMDAwMDAwMDAwMH0sInNjaGVtYV92ZXJzaW9uIjoiMSJ9",
          "dependencies": [
            "aws_vpc.main"
          ],
          "create_before_destroy": true
        }
      ]
    },
    {
      "mode": "managed",
      "type": "aws_vpc",
      "name": "main",
      "provider": "provider[\"registry.terraform.io/hashicorp/aws\"]",
      "instances": [
        {
          "schema_version": 1,
          "attributes": {
            "arn": "arn:aws:ec2:eu-west-1:716052451530:vpc/vpc-026e07f1b3656901f",
            "assign_generated_ipv6_cidr_block": false,
            "cidr_block": "10.0.0.0/16",
            "default_network_acl_id": "acl-01d3263a90dc491a7",
            "default_route_table_id": "rtb-0d9319dd9db032b36",
            "default_security_group_id": "sg-097524eb776ec743e",
            "dhcp_options_id": "dopt-0a91b022c513b5717",
            "enable_dns_hostnames": true,
            "enable_dns_support": true,
            "enable_network_address_usage_metrics": false,
            "id": "vpc-026e07f1b3656901f",
            "instance_tenancy": "default",
            "ipv4_ipam_pool_id": null,
            "ipv4_netmask_length": null,
            "ipv6_association_id": "",
            "ipv6_cidr_block": "",
            "ipv6_cidr_block_network_border_group": "",
            "ipv6_ipam_pool_id": "",
            "ipv6_netmask_length": 0,
            "main_route_table_id": "rtb-0d9319dd9db032b36",
            "owner_id": "716052451530",
            "tags": {
              "Name": "Main vpc Jitsi"
            },
            "tags_all": {
              "Name": "Main vpc Jitsi"
            }
          },
          "sensitive_attributes": [],
          "private": "eyJzY2hlbWFfdmVyc2lvbiI6IjEifQ==",
          "create_before_destroy": true
        }
      ]
    },
    {
      "mode": "managed",
      "type": "cloudflare_record",
      "name": "public_ns",
      "provider": "provider[\"registry.terraform.io/cloudflare/cloudflare\"]",
      "instances": [
        {
          "index_key": 0,
          "schema_version": 2,
          "attributes": {
            "allow_overwrite": false,
            "comment": "",
            "created_on": "2023-12-29T14:41:00.581108Z",
            "data": [],
            "hostname": "dev.meet.alve.live",
            "id": "60769e47a8003ed6f2a11b9215875f78",
            "metadata": {
              "auto_added": "false",
              "managed_by_apps": "false",
              "managed_by_argo_tunnel": "false",
              "source": "primary"
            },
            "modified_on": "2023-12-29T14:41:00.581108Z",
            "name": "dev.meet",
            "priority": null,
            "proxiable": false,
            "proxied": false,
            "tags": [],
            "timeouts": null,
            "ttl": 86400,
            "type": "NS",
            "value": "ns-123.awsdns-15.com",
            "zone_id": "af263e6d9efc2a0e8534567c4f0b6be7"
          },
          "sensitive_attributes": [],
          "private": "eyJlMmJmYjczMC1lY2FhLTExZTYtOGY4OC0zNDM2M2JjN2M0YzAiOnsiY3JlYXRlIjozMDAwMDAwMDAwMCwidXBkYXRlIjozMDAwMDAwMDAwMH0sInNjaGVtYV92ZXJzaW9uIjoiMiJ9",
          "dependencies": [
            "aws_route53_zone.public",
            "data.cloudflare_zone.public"
          ]
        },
        {
          "index_key": 1,
          "schema_version": 2,
          "attributes": {
            "allow_overwrite": false,
            "comment": "",
            "created_on": "2023-12-29T14:41:00.663693Z",
            "data": [],
            "hostname": "dev.meet.alve.live",
            "id": "099f5fb927581358e37d92e61b1d4fe5",
            "metadata": {
              "auto_added": "false",
              "managed_by_apps": "false",
              "managed_by_argo_tunnel": "false",
              "source": "primary"
            },
            "modified_on": "2023-12-29T14:41:00.663693Z",
            "name": "dev.meet",
            "priority": null,
            "proxiable": false,
            "proxied": false,
            "tags": [],
            "timeouts": null,
            "ttl": 86400,
            "type": "NS",
            "value": "ns-1290.awsdns-33.org",
            "zone_id": "af263e6d9efc2a0e8534567c4f0b6be7"
          },
          "sensitive_attributes": [],
          "private": "eyJlMmJmYjczMC1lY2FhLTExZTYtOGY4OC0zNDM2M2JjN2M0YzAiOnsiY3JlYXRlIjozMDAwMDAwMDAwMCwidXBkYXRlIjozMDAwMDAwMDAwMH0sInNjaGVtYV92ZXJzaW9uIjoiMiJ9",
          "dependencies": [
            "aws_route53_zone.public",
            "data.cloudflare_zone.public"
          ]
        },
        {
          "index_key": 2,
          "schema_version": 2,
          "attributes": {
            "allow_overwrite": false,
            "comment": "",
            "created_on": "2023-12-29T14:41:00.624857Z",
            "data": [],
            "hostname": "dev.meet.alve.live",
            "id": "ab2574d0e8f8548c9688df3e1d46b990",
            "metadata": {
              "auto_added": "false",
              "managed_by_apps": "false",
              "managed_by_argo_tunnel": "false",
              "source": "primary"
            },
            "modified_on": "2023-12-29T14:41:00.624857Z",
            "name": "dev.meet",
            "priority": null,
            "proxiable": false,
            "proxied": false,
            "tags": [],
            "timeouts": null,
            "ttl": 86400,
            "type": "NS",
            "value": "ns-1559.awsdns-02.co.uk",
            "zone_id": "af263e6d9efc2a0e8534567c4f0b6be7"
          },
          "sensitive_attributes": [],
          "private": "eyJlMmJmYjczMC1lY2FhLTExZTYtOGY4OC0zNDM2M2JjN2M0YzAiOnsiY3JlYXRlIjozMDAwMDAwMDAwMCwidXBkYXRlIjozMDAwMDAwMDAwMH0sInNjaGVtYV92ZXJzaW9uIjoiMiJ9",
          "dependencies": [
            "aws_route53_zone.public",
            "data.cloudflare_zone.public"
          ]
        },
        {
          "index_key": 3,
          "schema_version": 2,
          "attributes": {
            "allow_overwrite": false,
            "comment": "",
            "created_on": "2023-12-29T14:41:00.394028Z",
            "data": [],
            "hostname": "dev.meet.alve.live",
            "id": "c3138ac5e51c1538e1a71c8d438a41dd",
            "metadata": {
              "auto_added": "false",
              "managed_by_apps": "false",
              "managed_by_argo_tunnel": "false",
              "source": "primary"
            },
            "modified_on": "2023-12-29T14:41:00.394028Z",
            "name": "dev.meet",
            "priority": null,
            "proxiable": false,
            "proxied": false,
            "tags": [],
            "timeouts": null,
            "ttl": 86400,
            "type": "NS",
            "value": "ns-701.awsdns-23.net",
            "zone_id": "af263e6d9efc2a0e8534567c4f0b6be7"
          },
          "sensitive_attributes": [],
          "private": "eyJlMmJmYjczMC1lY2FhLTExZTYtOGY4OC0zNDM2M2JjN2M0YzAiOnsiY3JlYXRlIjozMDAwMDAwMDAwMCwidXBkYXRlIjozMDAwMDAwMDAwMH0sInNjaGVtYV92ZXJzaW9uIjoiMiJ9",
          "dependencies": [
            "aws_route53_zone.public",
            "data.cloudflare_zone.public"
          ]
        }
      ]
    },
    {
      "mode": "managed",
      "type": "random_id",
      "name": "jicofo_auth_password",
      "provider": "provider[\"registry.terraform.io/hashicorp/random\"]",
      "instances": [
        {
          "schema_version": 0,
          "attributes": {
            "b64_std": "dhQBfMdQOnW5U1qcMYAzmQ==",
            "b64_url": "dhQBfMdQOnW5U1qcMYAzmQ",
            "byte_length": 16,
            "dec": "156952779608177032064564147606989583257",
            "hex": "7614017cc7503a75b9535a9c31803399",
            "id": "dhQBfMdQOnW5U1qcMYAzmQ",
            "keepers": null,
            "prefix": null
          },
          "sensitive_attributes": [],
          "create_before_destroy": true
        }
      ]
    },
    {
      "mode": "managed",
      "type": "random_id",
      "name": "jicofo_component_secret",
      "provider": "provider[\"registry.terraform.io/hashicorp/random\"]",
      "instances": [
        {
          "schema_version": 0,
          "attributes": {
            "b64_std": "9rpt+xuW6Zzf1F5QhFsvAA==",
            "b64_url": "9rpt-xuW6Zzf1F5QhFsvAA",
            "byte_length": 16,
            "dec": "327958084856230909128997870599352823552",
            "hex": "f6ba6dfb1b96e99cdfd45e50845b2f00",
            "id": "9rpt-xuW6Zzf1F5QhFsvAA",
            "keepers": null,
            "prefix": null
          },
          "sensitive_attributes": [],
          "create_before_destroy": true
        }
      ]
    },
    {
      "mode": "managed",
      "type": "random_id",
      "name": "jvb_auth_password",
      "provider": "provider[\"registry.terraform.io/hashicorp/random\"]",
      "instances": [
        {
          "schema_version": 0,
          "attributes": {
            "b64_std": "YRahnQBC1LigU2h0aNrPmA==",
            "b64_url": "YRahnQBC1LigU2h0aNrPmA",
            "byte_length": 16,
            "dec": "129052624028873102189478749231487045528",
            "hex": "6116a19d0042d4b8a053687468dacf98",
            "id": "YRahnQBC1LigU2h0aNrPmA",
            "keepers": null,
            "prefix": null
          },
          "sensitive_attributes": [],
          "create_before_destroy": true
        }
      ]
    },
    {
      "mode": "managed",
      "type": "random_id",
      "name": "jwt_app_secret",
      "provider": "provider[\"registry.terraform.io/hashicorp/random\"]",
      "instances": [
        {
          "schema_version": 0,
          "attributes": {
            "b64_std": "2jqI5QFRkLcD0lW7saVnBw==",
            "b64_url": "2jqI5QFRkLcD0lW7saVnBw",
            "byte_length": 16,
            "dec": "290075632850270084087208879217434781447",
            "hex": "da3a88e5015190b703d255bbb1a56707",
            "id": "2jqI5QFRkLcD0lW7saVnBw",
            "keepers": null,
            "prefix": null
          },
          "sensitive_attributes": [],
          "create_before_destroy": true
        }
      ]
    }
  ],
  "check_results": null
}
