{
  "version": 4,
  "terraform_version": "1.6.6",
  "serial": 620,
  "lineage": "966cfc14-174d-fdab-deed-ff79ebddab92",
  "outputs": {
    "endpoints": {
      "value": [
        "https://euw1-main-xmpp-1.dev.meet.alve.live",
        "https://euw1-main-jicofo-1.dev.meet.alve.live",
        "https://euw1-main-jvb-1.dev.meet.alve.live",
        "https://euw1-main-jvb-2.dev.meet.alve.live",
        "https://euw1-main-jvb-3.dev.meet.alve.live"
      ],
      "type": [
        "tuple",
        [
          "string",
          "string",
          "string",
          "string",
          "string"
        ]
      ]
    },
    "install_scripts": {
      "value": [
        "#!/bin/bash\nset -e\n\n# Install Docker\nsudo apt update\nsudo apt-get -y install apt-transport-https ca-certificates curl software-properties-common\ncurl -fsSL https://download.docker.com/linux/ubuntu/gpg | sudo apt-key add -\nsudo add-apt-repository -y \"deb [arch=amd64] https://download.docker.com/linux/ubuntu $(lsb_release -cs) stable\"\nsudo apt update\nsudo apt-get -y install docker-ce\nsudo usermod -a -G docker $(whoami)\nsudo apt-get install docker-compose -y\n\n# Add user 'jitsi'\nsudo adduser jitsi\nsudo usermod -a -G docker jitsi\n\n# Grant sudo privileges to the user 'jitsi'\n# sudo usermod -aG sudo jitsi\n\n# Switch to the user 'jitsi'\nsu - jitsi\ncd ~\n\n# Clone repository\ngit clone https://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@github.com/alvelive/docker-jitsi-meet.git\ncd docker-jitsi-meet\n\n# Create ENV\ncat \u003c\u003cEOT \u003e.env\nPUBLIC_URL=https://euw1-main-xmpp-1.dev.meet.alve.live\nLOG_LEVEL=trace\nCONFIG=~/.jitsi-meet-cfg\nHTTP_PORT=8000\nHTTPS_PORT=8443\nTZ=UTC\nETHERPAD_TITLE=\"Alve\"\nETHERPAD_DEFAULT_PAD_TEXT=\"Welcome to Alve!\\n\\n\"\nETHERPAD_SKIN_NAME=colibris\nETHERPAD_SKIN_VARIANTS=\"super-light-toolbar super-light-editor light-background full-width-editor\"\n\n# Frontend (web service)\nDEPLOYMENTINFO_ENVIRONMENT=production\nDEPLOYMENTINFO_ENVIRONMENT_TYPE=cloud\nDEPLOYMENTINFO_REGION=euw1\nDEPLOYMENTINFO_SHARD=main\nDEPLOYMENTINFO_USERREGION=euw1\n\n# Prosody\nENABLE_OCTO=true\nENABLE_AUTH=true\nENABLE_LETSENCRYPT=true\nLETSENCRYPT_DOMAIN=euw1-main-xmpp-1.dev.meet.alve.live\nLETSENCRYPT_EMAIL=accounts@osoci.com\n\n# XMPP server (prosody service)\nENABLE_S2S=true\nXMPP_DOMAIN=euw1-main-xmpp.dev.meet.alve.live\nXMPP_AUTH_DOMAIN=auth.euw1-main-xmpp.dev.meet.alve.live\nXMPP_GUEST_DOMAIN=guest.euw1-main-xmpp.dev.meet.alve.live\nXMPP_MUC_DOMAIN=muc.euw1-main-xmpp.dev.meet.alve.live\nXMPP_INTERNAL_MUC_DOMAIN=internal-muc.euw1-main-xmpp.dev.meet.alve.live\nJWT_APP_ID=alve-jitsi\nJWT_APP_SECRET=554f5ad005073a15f51829f533a49401\nJWT_ALLOW_EMPTY=false\n\n# Focus component (jicofo service)\nJICOFO_OCTO_REGION=euw1\nJICOFO_AUTH_PASSWORD=e4b0690a420c3bdfe7a5c60121e30a84\nENABLE_VISITORS=false\n\n# Video Bridge (jvb service)\nENABLE_COLIBRI_WEBSOCKET=false\nJVB_XMPP_SERVER=euw1-main-xmpp.dev.meet.alve.live\nJVB_AUTH_PASSWORD=ada5505357ae6efbdccd0468589c811d\n\n# Secrets\nJICOFO_COMPONENT_SECRET=61db6656e7ea16c99fdba1747a2e7ed8\n\nEOT\n\n# Export env to current session\nexport $(cat .env | xargs)\n\n# Copy custom plugins to config dir\nmkdir -p ~/$CONFIG/prosody\ncp -R ./custom-prosody-plugins ~/$CONFIG/prosody/prosody-plugins-custom\n\n# Generate required config directories\nmkdir -p ~/$CONFIG/{web,transcripts,prosody/config,jicofo,jvb,jigasi,jibri}\n\n# Start services in selected profiles\ndocker compose up --profile xmpp -d --build\n",
        "#!/bin/bash\nset -e\n\n# Install Docker\nsudo apt update\nsudo apt-get -y install apt-transport-https ca-certificates curl software-properties-common\ncurl -fsSL https://download.docker.com/linux/ubuntu/gpg | sudo apt-key add -\nsudo add-apt-repository -y \"deb [arch=amd64] https://download.docker.com/linux/ubuntu $(lsb_release -cs) stable\"\nsudo apt update\nsudo apt-get -y install docker-ce\nsudo usermod -a -G docker $(whoami)\nsudo apt-get install docker-compose -y\n\n# Add user 'jitsi'\nsudo adduser jitsi\nsudo usermod -a -G docker jitsi\n\n# Grant sudo privileges to the user 'jitsi'\n# sudo usermod -aG sudo jitsi\n\n# Switch to the user 'jitsi'\nsu - jitsi\ncd ~\n\n# Clone repository\ngit clone https://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@github.com/alvelive/docker-jitsi-meet.git\ncd docker-jitsi-meet\n\n# Create ENV\ncat \u003c\u003cEOT \u003e.env\nPUBLIC_URL=https://euw1-main-jicofo-1.dev.meet.alve.live\nLOG_LEVEL=trace\nCONFIG=~/.jitsi-meet-cfg\nHTTP_PORT=8000\nHTTPS_PORT=8443\nTZ=UTC\nETHERPAD_TITLE=\"Alve\"\nETHERPAD_DEFAULT_PAD_TEXT=\"Welcome to Alve!\\n\\n\"\nETHERPAD_SKIN_NAME=colibris\nETHERPAD_SKIN_VARIANTS=\"super-light-toolbar super-light-editor light-background full-width-editor\"\n\n# Frontend (web service)\nDEPLOYMENTINFO_ENVIRONMENT=production\nDEPLOYMENTINFO_ENVIRONMENT_TYPE=cloud\nDEPLOYMENTINFO_REGION=euw1\nDEPLOYMENTINFO_SHARD=main\nDEPLOYMENTINFO_USERREGION=euw1\n\n# Prosody\nENABLE_OCTO=true\nENABLE_AUTH=true\nENABLE_LETSENCRYPT=true\nLETSENCRYPT_DOMAIN=euw1-main-jicofo-1.dev.meet.alve.live\nLETSENCRYPT_EMAIL=accounts@osoci.com\n\n# XMPP server (prosody service)\nENABLE_S2S=true\nXMPP_DOMAIN=euw1-main-xmpp.dev.meet.alve.live\nXMPP_AUTH_DOMAIN=auth.euw1-main-xmpp.dev.meet.alve.live\nXMPP_GUEST_DOMAIN=guest.euw1-main-xmpp.dev.meet.alve.live\nXMPP_MUC_DOMAIN=muc.euw1-main-xmpp.dev.meet.alve.live\nXMPP_INTERNAL_MUC_DOMAIN=internal-muc.euw1-main-xmpp.dev.meet.alve.live\nJWT_APP_ID=alve-jitsi\nJWT_APP_SECRET=554f5ad005073a15f51829f533a49401\nJWT_ALLOW_EMPTY=false\n\n# Focus component (jicofo service)\nJICOFO_OCTO_REGION=euw1\nJICOFO_AUTH_PASSWORD=e4b0690a420c3bdfe7a5c60121e30a84\nENABLE_VISITORS=false\n\n# Video Bridge (jvb service)\nENABLE_COLIBRI_WEBSOCKET=false\nJVB_XMPP_SERVER=euw1-main-xmpp.dev.meet.alve.live\nJVB_AUTH_PASSWORD=ada5505357ae6efbdccd0468589c811d\n\n# Secrets\nJICOFO_COMPONENT_SECRET=61db6656e7ea16c99fdba1747a2e7ed8\n\nEOT\n\n# Export env to current session\nexport $(cat .env | xargs)\n\n# Copy custom plugins to config dir\nmkdir -p ~/$CONFIG/prosody\ncp -R ./custom-prosody-plugins ~/$CONFIG/prosody/prosody-plugins-custom\n\n# Generate required config directories\nmkdir -p ~/$CONFIG/{web,transcripts,prosody/config,jicofo,jvb,jigasi,jibri}\n\n# Start services in selected profiles\ndocker compose up --profile jicofo -d --build\n",
        "#!/bin/bash\nset -e\n\n# Install Docker\nsudo apt update\nsudo apt-get -y install apt-transport-https ca-certificates curl software-properties-common\ncurl -fsSL https://download.docker.com/linux/ubuntu/gpg | sudo apt-key add -\nsudo add-apt-repository -y \"deb [arch=amd64] https://download.docker.com/linux/ubuntu $(lsb_release -cs) stable\"\nsudo apt update\nsudo apt-get -y install docker-ce\nsudo usermod -a -G docker $(whoami)\nsudo apt-get install docker-compose -y\n\n# Add user 'jitsi'\nsudo adduser jitsi\nsudo usermod -a -G docker jitsi\n\n# Grant sudo privileges to the user 'jitsi'\n# sudo usermod -aG sudo jitsi\n\n# Switch to the user 'jitsi'\nsu - jitsi\ncd ~\n\n# Clone repository\ngit clone https://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@github.com/alvelive/docker-jitsi-meet.git\ncd docker-jitsi-meet\n\n# Create ENV\ncat \u003c\u003cEOT \u003e.env\nPUBLIC_URL=https://euw1-main-jvb-1.dev.meet.alve.live\nLOG_LEVEL=trace\nCONFIG=~/.jitsi-meet-cfg\nHTTP_PORT=8000\nHTTPS_PORT=8443\nTZ=UTC\nETHERPAD_TITLE=\"Alve\"\nETHERPAD_DEFAULT_PAD_TEXT=\"Welcome to Alve!\\n\\n\"\nETHERPAD_SKIN_NAME=colibris\nETHERPAD_SKIN_VARIANTS=\"super-light-toolbar super-light-editor light-background full-width-editor\"\n\n# Frontend (web service)\nDEPLOYMENTINFO_ENVIRONMENT=production\nDEPLOYMENTINFO_ENVIRONMENT_TYPE=cloud\nDEPLOYMENTINFO_REGION=euw1\nDEPLOYMENTINFO_SHARD=main\nDEPLOYMENTINFO_USERREGION=euw1\n\n# Prosody\nENABLE_OCTO=true\nENABLE_AUTH=true\nENABLE_LETSENCRYPT=true\nLETSENCRYPT_DOMAIN=euw1-main-jvb-1.dev.meet.alve.live\nLETSENCRYPT_EMAIL=accounts@osoci.com\n\n# XMPP server (prosody service)\nENABLE_S2S=true\nXMPP_DOMAIN=euw1-main-xmpp.dev.meet.alve.live\nXMPP_AUTH_DOMAIN=auth.euw1-main-xmpp.dev.meet.alve.live\nXMPP_GUEST_DOMAIN=guest.euw1-main-xmpp.dev.meet.alve.live\nXMPP_MUC_DOMAIN=muc.euw1-main-xmpp.dev.meet.alve.live\nXMPP_INTERNAL_MUC_DOMAIN=internal-muc.euw1-main-xmpp.dev.meet.alve.live\nJWT_APP_ID=alve-jitsi\nJWT_APP_SECRET=554f5ad005073a15f51829f533a49401\nJWT_ALLOW_EMPTY=false\n\n# Focus component (jicofo service)\nJICOFO_OCTO_REGION=euw1\nJICOFO_AUTH_PASSWORD=e4b0690a420c3bdfe7a5c60121e30a84\nENABLE_VISITORS=false\n\n# Video Bridge (jvb service)\nENABLE_COLIBRI_WEBSOCKET=false\nJVB_XMPP_SERVER=euw1-main-xmpp.dev.meet.alve.live\nJVB_AUTH_PASSWORD=ada5505357ae6efbdccd0468589c811d\n\n# Secrets\nJICOFO_COMPONENT_SECRET=61db6656e7ea16c99fdba1747a2e7ed8\n\nEOT\n\n# Export env to current session\nexport $(cat .env | xargs)\n\n# Copy custom plugins to config dir\nmkdir -p ~/$CONFIG/prosody\ncp -R ./custom-prosody-plugins ~/$CONFIG/prosody/prosody-plugins-custom\n\n# Generate required config directories\nmkdir -p ~/$CONFIG/{web,transcripts,prosody/config,jicofo,jvb,jigasi,jibri}\n\n# Start services in selected profiles\ndocker compose up --profile jvb -d --build\n",
        "#!/bin/bash\nset -e\n\n# Install Docker\nsudo apt update\nsudo apt-get -y install apt-transport-https ca-certificates curl software-properties-common\ncurl -fsSL https://download.docker.com/linux/ubuntu/gpg | sudo apt-key add -\nsudo add-apt-repository -y \"deb [arch=amd64] https://download.docker.com/linux/ubuntu $(lsb_release -cs) stable\"\nsudo apt update\nsudo apt-get -y install docker-ce\nsudo usermod -a -G docker $(whoami)\nsudo apt-get install docker-compose -y\n\n# Add user 'jitsi'\nsudo adduser jitsi\nsudo usermod -a -G docker jitsi\n\n# Grant sudo privileges to the user 'jitsi'\n# sudo usermod -aG sudo jitsi\n\n# Switch to the user 'jitsi'\nsu - jitsi\ncd ~\n\n# Clone repository\ngit clone https://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@github.com/alvelive/docker-jitsi-meet.git\ncd docker-jitsi-meet\n\n# Create ENV\ncat \u003c\u003cEOT \u003e.env\nPUBLIC_URL=https://euw1-main-jvb-2.dev.meet.alve.live\nLOG_LEVEL=trace\nCONFIG=~/.jitsi-meet-cfg\nHTTP_PORT=8000\nHTTPS_PORT=8443\nTZ=UTC\nETHERPAD_TITLE=\"Alve\"\nETHERPAD_DEFAULT_PAD_TEXT=\"Welcome to Alve!\\n\\n\"\nETHERPAD_SKIN_NAME=colibris\nETHERPAD_SKIN_VARIANTS=\"super-light-toolbar super-light-editor light-background full-width-editor\"\n\n# Frontend (web service)\nDEPLOYMENTINFO_ENVIRONMENT=production\nDEPLOYMENTINFO_ENVIRONMENT_TYPE=cloud\nDEPLOYMENTINFO_REGION=euw1\nDEPLOYMENTINFO_SHARD=main\nDEPLOYMENTINFO_USERREGION=euw1\n\n# Prosody\nENABLE_OCTO=true\nENABLE_AUTH=true\nENABLE_LETSENCRYPT=true\nLETSENCRYPT_DOMAIN=euw1-main-jvb-2.dev.meet.alve.live\nLETSENCRYPT_EMAIL=accounts@osoci.com\n\n# XMPP server (prosody service)\nENABLE_S2S=true\nXMPP_DOMAIN=euw1-main-xmpp.dev.meet.alve.live\nXMPP_AUTH_DOMAIN=auth.euw1-main-xmpp.dev.meet.alve.live\nXMPP_GUEST_DOMAIN=guest.euw1-main-xmpp.dev.meet.alve.live\nXMPP_MUC_DOMAIN=muc.euw1-main-xmpp.dev.meet.alve.live\nXMPP_INTERNAL_MUC_DOMAIN=internal-muc.euw1-main-xmpp.dev.meet.alve.live\nJWT_APP_ID=alve-jitsi\nJWT_APP_SECRET=554f5ad005073a15f51829f533a49401\nJWT_ALLOW_EMPTY=false\n\n# Focus component (jicofo service)\nJICOFO_OCTO_REGION=euw1\nJICOFO_AUTH_PASSWORD=e4b0690a420c3bdfe7a5c60121e30a84\nENABLE_VISITORS=false\n\n# Video Bridge (jvb service)\nENABLE_COLIBRI_WEBSOCKET=false\nJVB_XMPP_SERVER=euw1-main-xmpp.dev.meet.alve.live\nJVB_AUTH_PASSWORD=ada5505357ae6efbdccd0468589c811d\n\n# Secrets\nJICOFO_COMPONENT_SECRET=61db6656e7ea16c99fdba1747a2e7ed8\n\nEOT\n\n# Export env to current session\nexport $(cat .env | xargs)\n\n# Copy custom plugins to config dir\nmkdir -p ~/$CONFIG/prosody\ncp -R ./custom-prosody-plugins ~/$CONFIG/prosody/prosody-plugins-custom\n\n# Generate required config directories\nmkdir -p ~/$CONFIG/{web,transcripts,prosody/config,jicofo,jvb,jigasi,jibri}\n\n# Start services in selected profiles\ndocker compose up --profile jvb -d --build\n",
        "#!/bin/bash\nset -e\n\n# Install Docker\nsudo apt update\nsudo apt-get -y install apt-transport-https ca-certificates curl software-properties-common\ncurl -fsSL https://download.docker.com/linux/ubuntu/gpg | sudo apt-key add -\nsudo add-apt-repository -y \"deb [arch=amd64] https://download.docker.com/linux/ubuntu $(lsb_release -cs) stable\"\nsudo apt update\nsudo apt-get -y install docker-ce\nsudo usermod -a -G docker $(whoami)\nsudo apt-get install docker-compose -y\n\n# Add user 'jitsi'\nsudo adduser jitsi\nsudo usermod -a -G docker jitsi\n\n# Grant sudo privileges to the user 'jitsi'\n# sudo usermod -aG sudo jitsi\n\n# Switch to the user 'jitsi'\nsu - jitsi\ncd ~\n\n# Clone repository\ngit clone https://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@github.com/alvelive/docker-jitsi-meet.git\ncd docker-jitsi-meet\n\n# Create ENV\ncat \u003c\u003cEOT \u003e.env\nPUBLIC_URL=https://euw1-main-jvb-3.dev.meet.alve.live\nLOG_LEVEL=trace\nCONFIG=~/.jitsi-meet-cfg\nHTTP_PORT=8000\nHTTPS_PORT=8443\nTZ=UTC\nETHERPAD_TITLE=\"Alve\"\nETHERPAD_DEFAULT_PAD_TEXT=\"Welcome to Alve!\\n\\n\"\nETHERPAD_SKIN_NAME=colibris\nETHERPAD_SKIN_VARIANTS=\"super-light-toolbar super-light-editor light-background full-width-editor\"\n\n# Frontend (web service)\nDEPLOYMENTINFO_ENVIRONMENT=production\nDEPLOYMENTINFO_ENVIRONMENT_TYPE=cloud\nDEPLOYMENTINFO_REGION=euw1\nDEPLOYMENTINFO_SHARD=main\nDEPLOYMENTINFO_USERREGION=euw1\n\n# Prosody\nENABLE_OCTO=true\nENABLE_AUTH=true\nENABLE_LETSENCRYPT=true\nLETSENCRYPT_DOMAIN=euw1-main-jvb-3.dev.meet.alve.live\nLETSENCRYPT_EMAIL=accounts@osoci.com\n\n# XMPP server (prosody service)\nENABLE_S2S=true\nXMPP_DOMAIN=euw1-main-xmpp.dev.meet.alve.live\nXMPP_AUTH_DOMAIN=auth.euw1-main-xmpp.dev.meet.alve.live\nXMPP_GUEST_DOMAIN=guest.euw1-main-xmpp.dev.meet.alve.live\nXMPP_MUC_DOMAIN=muc.euw1-main-xmpp.dev.meet.alve.live\nXMPP_INTERNAL_MUC_DOMAIN=internal-muc.euw1-main-xmpp.dev.meet.alve.live\nJWT_APP_ID=alve-jitsi\nJWT_APP_SECRET=554f5ad005073a15f51829f533a49401\nJWT_ALLOW_EMPTY=false\n\n# Focus component (jicofo service)\nJICOFO_OCTO_REGION=euw1\nJICOFO_AUTH_PASSWORD=e4b0690a420c3bdfe7a5c60121e30a84\nENABLE_VISITORS=false\n\n# Video Bridge (jvb service)\nENABLE_COLIBRI_WEBSOCKET=false\nJVB_XMPP_SERVER=euw1-main-xmpp.dev.meet.alve.live\nJVB_AUTH_PASSWORD=ada5505357ae6efbdccd0468589c811d\n\n# Secrets\nJICOFO_COMPONENT_SECRET=61db6656e7ea16c99fdba1747a2e7ed8\n\nEOT\n\n# Export env to current session\nexport $(cat .env | xargs)\n\n# Copy custom plugins to config dir\nmkdir -p ~/$CONFIG/prosody\ncp -R ./custom-prosody-plugins ~/$CONFIG/prosody/prosody-plugins-custom\n\n# Generate required config directories\nmkdir -p ~/$CONFIG/{web,transcripts,prosody/config,jicofo,jvb,jigasi,jibri}\n\n# Start services in selected profiles\ndocker compose up --profile jvb -d --build\n"
      ],
      "type": [
        "tuple",
        [
          "string",
          "string",
          "string",
          "string",
          "string"
        ]
      ]
    },
    "jwt_app_secret": {
      "value": "554f5ad005073a15f51829f533a49401",
      "type": "string"
    },
    "services": {
      "value": [
        "euw1-main-xmpp-1.dev.meet.alve.live",
        "euw1-main-jicofo-1.dev.meet.alve.live",
        "euw1-main-jvb-1.dev.meet.alve.live",
        "euw1-main-jvb-2.dev.meet.alve.live",
        "euw1-main-jvb-3.dev.meet.alve.live"
      ],
      "type": [
        "tuple",
        [
          "string",
          "string",
          "string",
          "string",
          "string"
        ]
      ]
    }
  },
  "resources": [
    {
      "mode": "data",
      "type": "aws_ami",
      "name": "latest_ubuntu",
      "provider": "provider[\"registry.terraform.io/hashicorp/aws\"]",
      "instances": [
        {
          "schema_version": 0,
          "attributes": {
            "architecture": "x86_64",
            "arn": "arn:aws:ec2:eu-west-1::image/ami-0905a3c97561e0b69",
            "block_device_mappings": [
              {
                "device_name": "/dev/sda1",
                "ebs": {
                  "delete_on_termination": "true",
                  "encrypted": "false",
                  "iops": "0",
                  "snapshot_id": "snap-000c4d65305cde84b",
                  "throughput": "0",
                  "volume_size": "8",
                  "volume_type": "gp2"
                },
                "no_device": "",
                "virtual_name": ""
              },
              {
                "device_name": "/dev/sdb",
                "ebs": {},
                "no_device": "",
                "virtual_name": "ephemeral0"
              },
              {
                "device_name": "/dev/sdc",
                "ebs": {},
                "no_device": "",
                "virtual_name": "ephemeral1"
              }
            ],
            "boot_mode": "legacy-bios",
            "creation_date": "2023-12-07T03:26:58.000Z",
            "deprecation_time": "2025-12-07T03:26:58.000Z",
            "description": "Canonical, Ubuntu, 22.04 LTS, amd64 jammy image build on 2023-12-07",
            "ena_support": true,
            "executable_users": null,
            "filter": [
              {
                "name": "name",
                "values": [
                  "ubuntu/images/*/ubuntu-jammy-22.04-*"
                ]
              }
            ],
            "hypervisor": "xen",
            "id": "ami-0905a3c97561e0b69",
            "image_id": "ami-0905a3c97561e0b69",
            "image_location": "amazon/ubuntu/images/hvm-ssd/ubuntu-jammy-22.04-amd64-server-20231207",
            "image_owner_alias": "amazon",
            "image_type": "machine",
            "imds_support": "",
            "include_deprecated": false,
            "kernel_id": "",
            "most_recent": true,
            "name": "ubuntu/images/hvm-ssd/ubuntu-jammy-22.04-amd64-server-20231207",
            "name_regex": null,
            "owner_id": "099720109477",
            "owners": [
              "099720109477"
            ],
            "platform": "",
            "platform_details": "Linux/UNIX",
            "product_codes": [],
            "public": true,
            "ramdisk_id": "",
            "root_device_name": "/dev/sda1",
            "root_device_type": "ebs",
            "root_snapshot_id": "snap-000c4d65305cde84b",
            "sriov_net_support": "simple",
            "state": "available",
            "state_reason": {
              "code": "UNSET",
              "message": "UNSET"
            },
            "tags": {},
            "timeouts": null,
            "tpm_support": "",
            "usage_operation": "RunInstances",
            "virtualization_type": "hvm"
          },
          "sensitive_attributes": []
        }
      ]
    },
    {
      "mode": "data",
      "type": "cloudflare_zone",
      "name": "public",
      "provider": "provider[\"registry.terraform.io/cloudflare/cloudflare\"]",
      "instances": [
        {
          "schema_version": 0,
          "attributes": {
            "account_id": "1bd00fa8d7f1fd4526dfd1853febdc52",
            "id": "af263e6d9efc2a0e8534567c4f0b6be7",
            "name": "alve.live",
            "name_servers": [
              "gracie.ns.cloudflare.com",
              "yew.ns.cloudflare.com"
            ],
            "paused": false,
            "plan": "Free Website",
            "status": "active",
            "vanity_name_servers": [],
            "zone_id": "af263e6d9efc2a0e8534567c4f0b6be7"
          },
          "sensitive_attributes": []
        }
      ]
    },
    {
      "mode": "managed",
      "type": "aws_eip",
      "name": "lb",
      "provider": "provider[\"registry.terraform.io/hashicorp/aws\"]",
      "instances": [
        {
          "index_key": 0,
          "schema_version": 0,
          "attributes": {
            "address": null,
            "allocation_id": "eipalloc-0d4c7c2f7952d4270",
            "associate_with_private_ip": null,
            "association_id": "eipassoc-0983e1d8fb790e29a",
            "carrier_ip": "",
            "customer_owned_ip": "",
            "customer_owned_ipv4_pool": "",
            "domain": "vpc",
            "id": "eipalloc-0d4c7c2f7952d4270",
            "instance": "i-0173608e7dc967732",
            "network_border_group": "eu-west-1",
            "network_interface": "eni-03b59da5d679e8b08",
            "private_dns": "ip-10-0-0-152.eu-west-1.compute.internal",
            "private_ip": "10.0.0.152",
            "public_dns": "ec2-63-35-200-79.eu-west-1.compute.amazonaws.com",
            "public_ip": "63.35.200.79",
            "public_ipv4_pool": "amazon",
            "tags": {},
            "tags_all": {},
            "timeouts": null,
            "vpc": true
          },
          "sensitive_attributes": [],
          "private": "eyJlMmJmYjczMC1lY2FhLTExZTYtOGY4OC0zNDM2M2JjN2M0YzAiOnsiZGVsZXRlIjoxODAwMDAwMDAwMDAsInJlYWQiOjkwMDAwMDAwMDAwMCwidXBkYXRlIjozMDAwMDAwMDAwMDB9fQ==",
          "dependencies": [
            "aws_instance.services",
            "aws_internet_gateway.main",
            "aws_key_pair.ssh_key",
            "aws_route_table.main_route_table",
            "aws_route_table_association.route_table_association",
            "aws_security_group.jitsi",
            "aws_subnet.main",
            "aws_vpc.main",
            "data.aws_ami.latest_ubuntu",
            "random_id.jicofo_auth_password",
            "random_id.jicofo_component_secret",
            "random_id.jvb_auth_password",
            "random_id.jwt_app_secret"
          ]
        },
        {
          "index_key": 1,
          "schema_version": 0,
          "attributes": {
            "address": null,
            "allocation_id": "eipalloc-0742e77580ca3310a",
            "associate_with_private_ip": null,
            "association_id": "eipassoc-0c36cb986e6626953",
            "carrier_ip": "",
            "customer_owned_ip": "",
            "customer_owned_ipv4_pool": "",
            "domain": "vpc",
            "id": "eipalloc-0742e77580ca3310a",
            "instance": "i-0ceb8353fb3a28f6b",
            "network_border_group": "eu-west-1",
            "network_interface": "eni-0bb0538db701240b0",
            "private_dns": "ip-10-0-0-7.eu-west-1.compute.internal",
            "private_ip": "10.0.0.7",
            "public_dns": "ec2-52-17-146-143.eu-west-1.compute.amazonaws.com",
            "public_ip": "52.17.146.143",
            "public_ipv4_pool": "amazon",
            "tags": {},
            "tags_all": {},
            "timeouts": null,
            "vpc": true
          },
          "sensitive_attributes": [],
          "private": "eyJlMmJmYjczMC1lY2FhLTExZTYtOGY4OC0zNDM2M2JjN2M0YzAiOnsiZGVsZXRlIjoxODAwMDAwMDAwMDAsInJlYWQiOjkwMDAwMDAwMDAwMCwidXBkYXRlIjozMDAwMDAwMDAwMDB9fQ==",
          "dependencies": [
            "aws_instance.services",
            "aws_internet_gateway.main",
            "aws_key_pair.ssh_key",
            "aws_route_table.main_route_table",
            "aws_route_table_association.route_table_association",
            "aws_security_group.jitsi",
            "aws_subnet.main",
            "aws_vpc.main",
            "data.aws_ami.latest_ubuntu",
            "random_id.jicofo_auth_password",
            "random_id.jicofo_component_secret",
            "random_id.jvb_auth_password",
            "random_id.jwt_app_secret"
          ]
        },
        {
          "index_key": 2,
          "schema_version": 0,
          "attributes": {
            "address": null,
            "allocation_id": "eipalloc-051ee8aa62573e019",
            "associate_with_private_ip": null,
            "association_id": "eipassoc-001b827f1c4137d8e",
            "carrier_ip": "",
            "customer_owned_ip": "",
            "customer_owned_ipv4_pool": "",
            "domain": "vpc",
            "id": "eipalloc-051ee8aa62573e019",
            "instance": "i-0f442c02e5ce6316a",
            "network_border_group": "eu-west-1",
            "network_interface": "eni-0b8af088826e63897",
            "private_dns": "ip-10-0-0-138.eu-west-1.compute.internal",
            "private_ip": "10.0.0.138",
            "public_dns": "ec2-54-77-72-161.eu-west-1.compute.amazonaws.com",
            "public_ip": "54.77.72.161",
            "public_ipv4_pool": "amazon",
            "tags": {},
            "tags_all": {},
            "timeouts": null,
            "vpc": true
          },
          "sensitive_attributes": [],
          "private": "eyJlMmJmYjczMC1lY2FhLTExZTYtOGY4OC0zNDM2M2JjN2M0YzAiOnsiZGVsZXRlIjoxODAwMDAwMDAwMDAsInJlYWQiOjkwMDAwMDAwMDAwMCwidXBkYXRlIjozMDAwMDAwMDAwMDB9fQ==",
          "dependencies": [
            "aws_instance.services",
            "aws_internet_gateway.main",
            "aws_key_pair.ssh_key",
            "aws_route_table.main_route_table",
            "aws_route_table_association.route_table_association",
            "aws_security_group.jitsi",
            "aws_subnet.main",
            "aws_vpc.main",
            "data.aws_ami.latest_ubuntu",
            "random_id.jicofo_auth_password",
            "random_id.jicofo_component_secret",
            "random_id.jvb_auth_password",
            "random_id.jwt_app_secret"
          ]
        },
        {
          "index_key": 3,
          "schema_version": 0,
          "attributes": {
            "address": null,
            "allocation_id": "eipalloc-0edb25dd58fafb2d7",
            "associate_with_private_ip": null,
            "association_id": "eipassoc-0b5160d4f4178c806",
            "carrier_ip": "",
            "customer_owned_ip": "",
            "customer_owned_ipv4_pool": "",
            "domain": "vpc",
            "id": "eipalloc-0edb25dd58fafb2d7",
            "instance": "i-0848c08b700300876",
            "network_border_group": "eu-west-1",
            "network_interface": "eni-007f57a87ccef02d4",
            "private_dns": "ip-10-0-0-18.eu-west-1.compute.internal",
            "private_ip": "10.0.0.18",
            "public_dns": "ec2-54-195-240-107.eu-west-1.compute.amazonaws.com",
            "public_ip": "54.195.240.107",
            "public_ipv4_pool": "amazon",
            "tags": {},
            "tags_all": {},
            "timeouts": null,
            "vpc": true
          },
          "sensitive_attributes": [],
          "private": "eyJlMmJmYjczMC1lY2FhLTExZTYtOGY4OC0zNDM2M2JjN2M0YzAiOnsiZGVsZXRlIjoxODAwMDAwMDAwMDAsInJlYWQiOjkwMDAwMDAwMDAwMCwidXBkYXRlIjozMDAwMDAwMDAwMDB9fQ==",
          "dependencies": [
            "aws_instance.services",
            "aws_internet_gateway.main",
            "aws_key_pair.ssh_key",
            "aws_route_table.main_route_table",
            "aws_route_table_association.route_table_association",
            "aws_security_group.jitsi",
            "aws_subnet.main",
            "aws_vpc.main",
            "data.aws_ami.latest_ubuntu",
            "random_id.jicofo_auth_password",
            "random_id.jicofo_component_secret",
            "random_id.jvb_auth_password",
            "random_id.jwt_app_secret"
          ]
        },
        {
          "index_key": 4,
          "schema_version": 0,
          "attributes": {
            "address": null,
            "allocation_id": "eipalloc-072ae0b84c65e8ee1",
            "associate_with_private_ip": null,
            "association_id": "eipassoc-016c8a6c260bacf7f",
            "carrier_ip": "",
            "customer_owned_ip": "",
            "customer_owned_ipv4_pool": "",
            "domain": "vpc",
            "id": "eipalloc-072ae0b84c65e8ee1",
            "instance": "i-0ace061f1f004a56a",
            "network_border_group": "eu-west-1",
            "network_interface": "eni-05e77d5e4b0ad4b01",
            "private_dns": "ip-10-0-0-69.eu-west-1.compute.internal",
            "private_ip": "10.0.0.69",
            "public_dns": "ec2-52-50-170-15.eu-west-1.compute.amazonaws.com",
            "public_ip": "52.50.170.15",
            "public_ipv4_pool": "amazon",
            "tags": {},
            "tags_all": {},
            "timeouts": null,
            "vpc": true
          },
          "sensitive_attributes": [],
          "private": "eyJlMmJmYjczMC1lY2FhLTExZTYtOGY4OC0zNDM2M2JjN2M0YzAiOnsiZGVsZXRlIjoxODAwMDAwMDAwMDAsInJlYWQiOjkwMDAwMDAwMDAwMCwidXBkYXRlIjozMDAwMDAwMDAwMDB9fQ==",
          "dependencies": [
            "aws_instance.services",
            "aws_internet_gateway.main",
            "aws_key_pair.ssh_key",
            "aws_route_table.main_route_table",
            "aws_route_table_association.route_table_association",
            "aws_security_group.jitsi",
            "aws_subnet.main",
            "aws_vpc.main",
            "data.aws_ami.latest_ubuntu",
            "random_id.jicofo_auth_password",
            "random_id.jicofo_component_secret",
            "random_id.jvb_auth_password",
            "random_id.jwt_app_secret"
          ]
        }
      ]
    },
    {
      "mode": "managed",
      "type": "aws_instance",
      "name": "services",
      "provider": "provider[\"registry.terraform.io/hashicorp/aws\"]",
      "instances": [
        {
          "index_key": 0,
          "schema_version": 1,
          "attributes": {
            "ami": "ami-0905a3c97561e0b69",
            "arn": "arn:aws:ec2:eu-west-1:716052451530:instance/i-0173608e7dc967732",
            "associate_public_ip_address": true,
            "availability_zone": "eu-west-1b",
            "capacity_reservation_specification": [
              {
                "capacity_reservation_preference": "open",
                "capacity_reservation_target": []
              }
            ],
            "cpu_core_count": 1,
            "cpu_options": [
              {
                "amd_sev_snp": "",
                "core_count": 1,
                "threads_per_core": 1
              }
            ],
            "cpu_threads_per_core": 1,
            "credit_specification": [
              {
                "cpu_credits": "standard"
              }
            ],
            "disable_api_stop": false,
            "disable_api_termination": false,
            "ebs_block_device": [],
            "ebs_optimized": false,
            "enclave_options": [
              {
                "enabled": false
              }
            ],
            "ephemeral_block_device": [],
            "get_password_data": false,
            "hibernation": false,
            "host_id": "",
            "host_resource_group_arn": null,
            "iam_instance_profile": "",
            "id": "i-0173608e7dc967732",
            "instance_initiated_shutdown_behavior": "stop",
            "instance_lifecycle": "",
            "instance_market_options": [],
            "instance_state": "running",
            "instance_type": "t2.micro",
            "ipv6_address_count": 0,
            "ipv6_addresses": [],
            "key_name": "jitsi-dev.meet.alve.live",
            "launch_template": [],
            "maintenance_options": [
              {
                "auto_recovery": "default"
              }
            ],
            "metadata_options": [
              {
                "http_endpoint": "enabled",
                "http_protocol_ipv6": "disabled",
                "http_put_response_hop_limit": 1,
                "http_tokens": "optional",
                "instance_metadata_tags": "disabled"
              }
            ],
            "monitoring": false,
            "network_interface": [],
            "outpost_arn": "",
            "password_data": "",
            "placement_group": "",
            "placement_partition_number": 0,
            "primary_network_interface_id": "eni-03b59da5d679e8b08",
            "private_dns": "ip-10-0-0-152.eu-west-1.compute.internal",
            "private_dns_name_options": [
              {
                "enable_resource_name_dns_a_record": false,
                "enable_resource_name_dns_aaaa_record": false,
                "hostname_type": "ip-name"
              }
            ],
            "private_ip": "10.0.0.152",
            "public_dns": "ec2-63-35-200-79.eu-west-1.compute.amazonaws.com",
            "public_ip": "63.35.200.79",
            "root_block_device": [
              {
                "delete_on_termination": true,
                "device_name": "/dev/sda1",
                "encrypted": false,
                "iops": 100,
                "kms_key_id": "",
                "tags": {},
                "throughput": 0,
                "volume_id": "vol-096c3c95d5fd3037a",
                "volume_size": 8,
                "volume_type": "gp2"
              }
            ],
            "secondary_private_ips": [],
            "security_groups": [],
            "source_dest_check": true,
            "spot_instance_request_id": "",
            "subnet_id": "subnet-0b5c4dea039e45e8e",
            "tags": {
              "Name": "euw1-main-xmpp-1.dev.meet.alve.live"
            },
            "tags_all": {
              "Name": "euw1-main-xmpp-1.dev.meet.alve.live"
            },
            "tenancy": "default",
            "timeouts": null,
            "user_data": "4f2aa5bcff61f034b4061917d57ed4ecac601e4c",
            "user_data_base64": null,
            "user_data_replace_on_change": false,
            "volume_tags": null,
            "vpc_security_group_ids": [
              "sg-097588162dcc892fd"
            ]
          },
          "sensitive_attributes": [],
          "private": "eyJlMmJmYjczMC1lY2FhLTExZTYtOGY4OC0zNDM2M2JjN2M0YzAiOnsiY3JlYXRlIjo2MDAwMDAwMDAwMDAsImRlbGV0ZSI6MTIwMDAwMDAwMDAwMCwidXBkYXRlIjo2MDAwMDAwMDAwMDB9LCJzY2hlbWFfdmVyc2lvbiI6IjEifQ==",
          "dependencies": [
            "aws_internet_gateway.main",
            "aws_key_pair.ssh_key",
            "aws_route_table.main_route_table",
            "aws_route_table_association.route_table_association",
            "aws_security_group.jitsi",
            "aws_subnet.main",
            "aws_vpc.main",
            "data.aws_ami.latest_ubuntu",
            "random_id.jicofo_auth_password",
            "random_id.jicofo_component_secret",
            "random_id.jvb_auth_password",
            "random_id.jwt_app_secret"
          ],
          "create_before_destroy": true
        },
        {
          "index_key": 1,
          "schema_version": 1,
          "attributes": {
            "ami": "ami-0905a3c97561e0b69",
            "arn": "arn:aws:ec2:eu-west-1:716052451530:instance/i-0ceb8353fb3a28f6b",
            "associate_public_ip_address": true,
            "availability_zone": "eu-west-1b",
            "capacity_reservation_specification": [
              {
                "capacity_reservation_preference": "open",
                "capacity_reservation_target": []
              }
            ],
            "cpu_core_count": 1,
            "cpu_options": [
              {
                "amd_sev_snp": "",
                "core_count": 1,
                "threads_per_core": 1
              }
            ],
            "cpu_threads_per_core": 1,
            "credit_specification": [
              {
                "cpu_credits": "standard"
              }
            ],
            "disable_api_stop": false,
            "disable_api_termination": false,
            "ebs_block_device": [],
            "ebs_optimized": false,
            "enclave_options": [
              {
                "enabled": false
              }
            ],
            "ephemeral_block_device": [],
            "get_password_data": false,
            "hibernation": false,
            "host_id": "",
            "host_resource_group_arn": null,
            "iam_instance_profile": "",
            "id": "i-0ceb8353fb3a28f6b",
            "instance_initiated_shutdown_behavior": "stop",
            "instance_lifecycle": "",
            "instance_market_options": [],
            "instance_state": "running",
            "instance_type": "t2.micro",
            "ipv6_address_count": 0,
            "ipv6_addresses": [],
            "key_name": "jitsi-dev.meet.alve.live",
            "launch_template": [],
            "maintenance_options": [
              {
                "auto_recovery": "default"
              }
            ],
            "metadata_options": [
              {
                "http_endpoint": "enabled",
                "http_protocol_ipv6": "disabled",
                "http_put_response_hop_limit": 1,
                "http_tokens": "optional",
                "instance_metadata_tags": "disabled"
              }
            ],
            "monitoring": false,
            "network_interface": [],
            "outpost_arn": "",
            "password_data": "",
            "placement_group": "",
            "placement_partition_number": 0,
            "primary_network_interface_id": "eni-0bb0538db701240b0",
            "private_dns": "ip-10-0-0-7.eu-west-1.compute.internal",
            "private_dns_name_options": [
              {
                "enable_resource_name_dns_a_record": false,
                "enable_resource_name_dns_aaaa_record": false,
                "hostname_type": "ip-name"
              }
            ],
            "private_ip": "10.0.0.7",
            "public_dns": "ec2-52-17-146-143.eu-west-1.compute.amazonaws.com",
            "public_ip": "52.17.146.143",
            "root_block_device": [
              {
                "delete_on_termination": true,
                "device_name": "/dev/sda1",
                "encrypted": false,
                "iops": 100,
                "kms_key_id": "",
                "tags": {},
                "throughput": 0,
                "volume_id": "vol-0dfb0cf531e52a23c",
                "volume_size": 8,
                "volume_type": "gp2"
              }
            ],
            "secondary_private_ips": [],
            "security_groups": [],
            "source_dest_check": true,
            "spot_instance_request_id": "",
            "subnet_id": "subnet-0b5c4dea039e45e8e",
            "tags": {
              "Name": "euw1-main-jicofo-1.dev.meet.alve.live"
            },
            "tags_all": {
              "Name": "euw1-main-jicofo-1.dev.meet.alve.live"
            },
            "tenancy": "default",
            "timeouts": null,
            "user_data": "dcc92b200ca5d2bfdddc6df84c59d98308fa6120",
            "user_data_base64": null,
            "user_data_replace_on_change": false,
            "volume_tags": null,
            "vpc_security_group_ids": [
              "sg-097588162dcc892fd"
            ]
          },
          "sensitive_attributes": [],
          "private": "eyJlMmJmYjczMC1lY2FhLTExZTYtOGY4OC0zNDM2M2JjN2M0YzAiOnsiY3JlYXRlIjo2MDAwMDAwMDAwMDAsImRlbGV0ZSI6MTIwMDAwMDAwMDAwMCwidXBkYXRlIjo2MDAwMDAwMDAwMDB9LCJzY2hlbWFfdmVyc2lvbiI6IjEifQ==",
          "dependencies": [
            "aws_internet_gateway.main",
            "aws_key_pair.ssh_key",
            "aws_route_table.main_route_table",
            "aws_route_table_association.route_table_association",
            "aws_security_group.jitsi",
            "aws_subnet.main",
            "aws_vpc.main",
            "data.aws_ami.latest_ubuntu",
            "random_id.jicofo_auth_password",
            "random_id.jicofo_component_secret",
            "random_id.jvb_auth_password",
            "random_id.jwt_app_secret"
          ],
          "create_before_destroy": true
        },
        {
          "index_key": 2,
          "schema_version": 1,
          "attributes": {
            "ami": "ami-0905a3c97561e0b69",
            "arn": "arn:aws:ec2:eu-west-1:716052451530:instance/i-0f442c02e5ce6316a",
            "associate_public_ip_address": true,
            "availability_zone": "eu-west-1b",
            "capacity_reservation_specification": [
              {
                "capacity_reservation_preference": "open",
                "capacity_reservation_target": []
              }
            ],
            "cpu_core_count": 1,
            "cpu_options": [
              {
                "amd_sev_snp": "",
                "core_count": 1,
                "threads_per_core": 1
              }
            ],
            "cpu_threads_per_core": 1,
            "credit_specification": [
              {
                "cpu_credits": "standard"
              }
            ],
            "disable_api_stop": false,
            "disable_api_termination": false,
            "ebs_block_device": [],
            "ebs_optimized": false,
            "enclave_options": [
              {
                "enabled": false
              }
            ],
            "ephemeral_block_device": [],
            "get_password_data": false,
            "hibernation": false,
            "host_id": "",
            "host_resource_group_arn": null,
            "iam_instance_profile": "",
            "id": "i-0f442c02e5ce6316a",
            "instance_initiated_shutdown_behavior": "stop",
            "instance_lifecycle": "",
            "instance_market_options": [],
            "instance_state": "running",
            "instance_type": "t2.micro",
            "ipv6_address_count": 0,
            "ipv6_addresses": [],
            "key_name": "jitsi-dev.meet.alve.live",
            "launch_template": [],
            "maintenance_options": [
              {
                "auto_recovery": "default"
              }
            ],
            "metadata_options": [
              {
                "http_endpoint": "enabled",
                "http_protocol_ipv6": "disabled",
                "http_put_response_hop_limit": 1,
                "http_tokens": "optional",
                "instance_metadata_tags": "disabled"
              }
            ],
            "monitoring": false,
            "network_interface": [],
            "outpost_arn": "",
            "password_data": "",
            "placement_group": "",
            "placement_partition_number": 0,
            "primary_network_interface_id": "eni-0b8af088826e63897",
            "private_dns": "ip-10-0-0-138.eu-west-1.compute.internal",
            "private_dns_name_options": [
              {
                "enable_resource_name_dns_a_record": false,
                "enable_resource_name_dns_aaaa_record": false,
                "hostname_type": "ip-name"
              }
            ],
            "private_ip": "10.0.0.138",
            "public_dns": "ec2-54-77-72-161.eu-west-1.compute.amazonaws.com",
            "public_ip": "54.77.72.161",
            "root_block_device": [
              {
                "delete_on_termination": true,
                "device_name": "/dev/sda1",
                "encrypted": false,
                "iops": 100,
                "kms_key_id": "",
                "tags": {},
                "throughput": 0,
                "volume_id": "vol-050b51b55bf4ad745",
                "volume_size": 8,
                "volume_type": "gp2"
              }
            ],
            "secondary_private_ips": [],
            "security_groups": [],
            "source_dest_check": true,
            "spot_instance_request_id": "",
            "subnet_id": "subnet-0b5c4dea039e45e8e",
            "tags": {
              "Name": "euw1-main-jvb-1.dev.meet.alve.live"
            },
            "tags_all": {
              "Name": "euw1-main-jvb-1.dev.meet.alve.live"
            },
            "tenancy": "default",
            "timeouts": null,
            "user_data": "8d6381b2192e09d9a3b1108a81920ddce2faa77e",
            "user_data_base64": null,
            "user_data_replace_on_change": false,
            "volume_tags": null,
            "vpc_security_group_ids": [
              "sg-097588162dcc892fd"
            ]
          },
          "sensitive_attributes": [],
          "private": "eyJlMmJmYjczMC1lY2FhLTExZTYtOGY4OC0zNDM2M2JjN2M0YzAiOnsiY3JlYXRlIjo2MDAwMDAwMDAwMDAsImRlbGV0ZSI6MTIwMDAwMDAwMDAwMCwidXBkYXRlIjo2MDAwMDAwMDAwMDB9LCJzY2hlbWFfdmVyc2lvbiI6IjEifQ==",
          "dependencies": [
            "aws_internet_gateway.main",
            "aws_key_pair.ssh_key",
            "aws_route_table.main_route_table",
            "aws_route_table_association.route_table_association",
            "aws_security_group.jitsi",
            "aws_subnet.main",
            "aws_vpc.main",
            "data.aws_ami.latest_ubuntu",
            "random_id.jicofo_auth_password",
            "random_id.jicofo_component_secret",
            "random_id.jvb_auth_password",
            "random_id.jwt_app_secret"
          ],
          "create_before_destroy": true
        },
        {
          "index_key": 3,
          "schema_version": 1,
          "attributes": {
            "ami": "ami-0905a3c97561e0b69",
            "arn": "arn:aws:ec2:eu-west-1:716052451530:instance/i-0848c08b700300876",
            "associate_public_ip_address": true,
            "availability_zone": "eu-west-1b",
            "capacity_reservation_specification": [
              {
                "capacity_reservation_preference": "open",
                "capacity_reservation_target": []
              }
            ],
            "cpu_core_count": 1,
            "cpu_options": [
              {
                "amd_sev_snp": "",
                "core_count": 1,
                "threads_per_core": 1
              }
            ],
            "cpu_threads_per_core": 1,
            "credit_specification": [
              {
                "cpu_credits": "standard"
              }
            ],
            "disable_api_stop": false,
            "disable_api_termination": false,
            "ebs_block_device": [],
            "ebs_optimized": false,
            "enclave_options": [
              {
                "enabled": false
              }
            ],
            "ephemeral_block_device": [],
            "get_password_data": false,
            "hibernation": false,
            "host_id": "",
            "host_resource_group_arn": null,
            "iam_instance_profile": "",
            "id": "i-0848c08b700300876",
            "instance_initiated_shutdown_behavior": "stop",
            "instance_lifecycle": "",
            "instance_market_options": [],
            "instance_state": "running",
            "instance_type": "t2.micro",
            "ipv6_address_count": 0,
            "ipv6_addresses": [],
            "key_name": "jitsi-dev.meet.alve.live",
            "launch_template": [],
            "maintenance_options": [
              {
                "auto_recovery": "default"
              }
            ],
            "metadata_options": [
              {
                "http_endpoint": "enabled",
                "http_protocol_ipv6": "disabled",
                "http_put_response_hop_limit": 1,
                "http_tokens": "optional",
                "instance_metadata_tags": "disabled"
              }
            ],
            "monitoring": false,
            "network_interface": [],
            "outpost_arn": "",
            "password_data": "",
            "placement_group": "",
            "placement_partition_number": 0,
            "primary_network_interface_id": "eni-007f57a87ccef02d4",
            "private_dns": "ip-10-0-0-18.eu-west-1.compute.internal",
            "private_dns_name_options": [
              {
                "enable_resource_name_dns_a_record": false,
                "enable_resource_name_dns_aaaa_record": false,
                "hostname_type": "ip-name"
              }
            ],
            "private_ip": "10.0.0.18",
            "public_dns": "ec2-54-195-240-107.eu-west-1.compute.amazonaws.com",
            "public_ip": "54.195.240.107",
            "root_block_device": [
              {
                "delete_on_termination": true,
                "device_name": "/dev/sda1",
                "encrypted": false,
                "iops": 100,
                "kms_key_id": "",
                "tags": {},
                "throughput": 0,
                "volume_id": "vol-0326f4e07e9d10c56",
                "volume_size": 8,
                "volume_type": "gp2"
              }
            ],
            "secondary_private_ips": [],
            "security_groups": [],
            "source_dest_check": true,
            "spot_instance_request_id": "",
            "subnet_id": "subnet-0b5c4dea039e45e8e",
            "tags": {
              "Name": "euw1-main-jvb-2.dev.meet.alve.live"
            },
            "tags_all": {
              "Name": "euw1-main-jvb-2.dev.meet.alve.live"
            },
            "tenancy": "default",
            "timeouts": null,
            "user_data": "73920b115ab35e00f1e8707ad414ee76ac6f0393",
            "user_data_base64": null,
            "user_data_replace_on_change": false,
            "volume_tags": null,
            "vpc_security_group_ids": [
              "sg-097588162dcc892fd"
            ]
          },
          "sensitive_attributes": [],
          "private": "eyJlMmJmYjczMC1lY2FhLTExZTYtOGY4OC0zNDM2M2JjN2M0YzAiOnsiY3JlYXRlIjo2MDAwMDAwMDAwMDAsImRlbGV0ZSI6MTIwMDAwMDAwMDAwMCwidXBkYXRlIjo2MDAwMDAwMDAwMDB9LCJzY2hlbWFfdmVyc2lvbiI6IjEifQ==",
          "dependencies": [
            "aws_internet_gateway.main",
            "aws_key_pair.ssh_key",
            "aws_route_table.main_route_table",
            "aws_route_table_association.route_table_association",
            "aws_security_group.jitsi",
            "aws_subnet.main",
            "aws_vpc.main",
            "data.aws_ami.latest_ubuntu",
            "random_id.jicofo_auth_password",
            "random_id.jicofo_component_secret",
            "random_id.jvb_auth_password",
            "random_id.jwt_app_secret"
          ],
          "create_before_destroy": true
        },
        {
          "index_key": 4,
          "schema_version": 1,
          "attributes": {
            "ami": "ami-0905a3c97561e0b69",
            "arn": "arn:aws:ec2:eu-west-1:716052451530:instance/i-0ace061f1f004a56a",
            "associate_public_ip_address": true,
            "availability_zone": "eu-west-1b",
            "capacity_reservation_specification": [
              {
                "capacity_reservation_preference": "open",
                "capacity_reservation_target": []
              }
            ],
            "cpu_core_count": 1,
            "cpu_options": [
              {
                "amd_sev_snp": "",
                "core_count": 1,
                "threads_per_core": 1
              }
            ],
            "cpu_threads_per_core": 1,
            "credit_specification": [
              {
                "cpu_credits": "standard"
              }
            ],
            "disable_api_stop": false,
            "disable_api_termination": false,
            "ebs_block_device": [],
            "ebs_optimized": false,
            "enclave_options": [
              {
                "enabled": false
              }
            ],
            "ephemeral_block_device": [],
            "get_password_data": false,
            "hibernation": false,
            "host_id": "",
            "host_resource_group_arn": null,
            "iam_instance_profile": "",
            "id": "i-0ace061f1f004a56a",
            "instance_initiated_shutdown_behavior": "stop",
            "instance_lifecycle": "",
            "instance_market_options": [],
            "instance_state": "running",
            "instance_type": "t2.micro",
            "ipv6_address_count": 0,
            "ipv6_addresses": [],
            "key_name": "jitsi-dev.meet.alve.live",
            "launch_template": [],
            "maintenance_options": [
              {
                "auto_recovery": "default"
              }
            ],
            "metadata_options": [
              {
                "http_endpoint": "enabled",
                "http_protocol_ipv6": "disabled",
                "http_put_response_hop_limit": 1,
                "http_tokens": "optional",
                "instance_metadata_tags": "disabled"
              }
            ],
            "monitoring": false,
            "network_interface": [],
            "outpost_arn": "",
            "password_data": "",
            "placement_group": "",
            "placement_partition_number": 0,
            "primary_network_interface_id": "eni-05e77d5e4b0ad4b01",
            "private_dns": "ip-10-0-0-69.eu-west-1.compute.internal",
            "private_dns_name_options": [
              {
                "enable_resource_name_dns_a_record": false,
                "enable_resource_name_dns_aaaa_record": false,
                "hostname_type": "ip-name"
              }
            ],
            "private_ip": "10.0.0.69",
            "public_dns": "ec2-52-50-170-15.eu-west-1.compute.amazonaws.com",
            "public_ip": "52.50.170.15",
            "root_block_device": [
              {
                "delete_on_termination": true,
                "device_name": "/dev/sda1",
                "encrypted": false,
                "iops": 100,
                "kms_key_id": "",
                "tags": {},
                "throughput": 0,
                "volume_id": "vol-0e47cbe6609dab9fc",
                "volume_size": 8,
                "volume_type": "gp2"
              }
            ],
            "secondary_private_ips": [],
            "security_groups": [],
            "source_dest_check": true,
            "spot_instance_request_id": "",
            "subnet_id": "subnet-0b5c4dea039e45e8e",
            "tags": {
              "Name": "euw1-main-jvb-3.dev.meet.alve.live"
            },
            "tags_all": {
              "Name": "euw1-main-jvb-3.dev.meet.alve.live"
            },
            "tenancy": "default",
            "timeouts": null,
            "user_data": "0e6b7f4f6167210a714d73604ca035699e139d31",
            "user_data_base64": null,
            "user_data_replace_on_change": false,
            "volume_tags": null,
            "vpc_security_group_ids": [
              "sg-097588162dcc892fd"
            ]
          },
          "sensitive_attributes": [],
          "private": "eyJlMmJmYjczMC1lY2FhLTExZTYtOGY4OC0zNDM2M2JjN2M0YzAiOnsiY3JlYXRlIjo2MDAwMDAwMDAwMDAsImRlbGV0ZSI6MTIwMDAwMDAwMDAwMCwidXBkYXRlIjo2MDAwMDAwMDAwMDB9LCJzY2hlbWFfdmVyc2lvbiI6IjEifQ==",
          "dependencies": [
            "aws_internet_gateway.main",
            "aws_key_pair.ssh_key",
            "aws_route_table.main_route_table",
            "aws_route_table_association.route_table_association",
            "aws_security_group.jitsi",
            "aws_subnet.main",
            "aws_vpc.main",
            "data.aws_ami.latest_ubuntu",
            "random_id.jicofo_auth_password",
            "random_id.jicofo_component_secret",
            "random_id.jvb_auth_password",
            "random_id.jwt_app_secret"
          ],
          "create_before_destroy": true
        }
      ]
    },
    {
      "mode": "managed",
      "type": "aws_internet_gateway",
      "name": "main",
      "provider": "provider[\"registry.terraform.io/hashicorp/aws\"]",
      "instances": [
        {
          "schema_version": 0,
          "attributes": {
            "arn": "arn:aws:ec2:eu-west-1:716052451530:internet-gateway/igw-0d72ea21e799e18a0",
            "id": "igw-0d72ea21e799e18a0",
            "owner_id": "716052451530",
            "tags": {
              "Name": "InternetGateway Jitsi"
            },
            "tags_all": {
              "Name": "InternetGateway Jitsi"
            },
            "timeouts": null,
            "vpc_id": "vpc-0808d3ffdb9c5c7e0"
          },
          "sensitive_attributes": [],
          "private": "eyJlMmJmYjczMC1lY2FhLTExZTYtOGY4OC0zNDM2M2JjN2M0YzAiOnsiY3JlYXRlIjoxMjAwMDAwMDAwMDAwLCJkZWxldGUiOjEyMDAwMDAwMDAwMDAsInVwZGF0ZSI6MTIwMDAwMDAwMDAwMH19",
          "dependencies": [
            "aws_vpc.main"
          ],
          "create_before_destroy": true
        }
      ]
    },
    {
      "mode": "managed",
      "type": "aws_key_pair",
      "name": "ssh_key",
      "provider": "provider[\"registry.terraform.io/hashicorp/aws\"]",
      "instances": [
        {
          "schema_version": 1,
          "attributes": {
            "arn": "arn:aws:ec2:eu-west-1:716052451530:key-pair/jitsi-dev.meet.alve.live",
            "fingerprint": "8a:d1:0f:65:dc:72:73:d4:d7:27:eb:ef:89:0a:cb:05",
            "id": "jitsi-dev.meet.alve.live",
            "key_name": "jitsi-dev.meet.alve.live",
            "key_name_prefix": "",
            "key_pair_id": "key-07e511c7e4c4bda22",
            "key_type": "rsa",
            "public_key": "ssh-rsa AAAAB3NzaC1yc2EAAAADAQABAAABgQDLAxd3pDaLdxCsYm7oyLs4eiOx3pbG2Wmw0gL2Iq4fc92yq4j9PPff9hHeDhkCqghq6LthFKdPIJd2i2lYhWTgZIgtMecheZ99WLZXlFkWwL0InzysE7g/gonI/JVYzJd1GTTdYFx0VD9JeyDA85nBR9MgTj/rmftjonK0vSYUxU8PCh+Pv76q5xynO8p8cD7TBfvRcYscsBRH1HxRd9bOF6IDirij77fzoGPuT/DuNTil0le5g02hGlUJXBjKqXL1fOitddVq+Ltup2pCFs+Q6q0UhpFe/HwmkGaSbNqodVm+ZaK1UnQY64BNyTxWmkQRaO0eHqRgvlkP47h7OmA5DOySXTONMeB1swR4/mAfpF+HJanGtMb1g+tEWVS3ygtkKtbg/fgDGzCtIsTTbewNj6lXMMHBB6peOQWpWw70gARIGxopRrt+CBz7+neer8pYt2pg9EJaD2+u3VkhHCVMmYR3DT4I8v4ugwNoLnpyKPPTtZVH29VnyVjNjr6Xuvk= alve@distopia.local",
            "tags": {},
            "tags_all": {}
          },
          "sensitive_attributes": [],
          "private": "eyJzY2hlbWFfdmVyc2lvbiI6IjEifQ==",
          "create_before_destroy": true
        }
      ]
    },
    {
      "mode": "managed",
      "type": "aws_route53_record",
      "name": "master_a",
      "provider": "provider[\"registry.terraform.io/hashicorp/aws\"]",
      "instances": [
        {
          "index_key": 0,
          "schema_version": 2,
          "attributes": {
            "alias": [],
            "allow_overwrite": true,
            "cidr_routing_policy": [],
            "failover_routing_policy": [],
            "fqdn": "euw1-main-xmpp-1.dev.meet.alve.live",
            "geolocation_routing_policy": [],
            "health_check_id": "",
            "id": "Z0232405HEUV31J8EQEP_euw1-main-xmpp-1_A",
            "latency_routing_policy": [],
            "multivalue_answer_routing_policy": false,
            "name": "euw1-main-xmpp-1",
            "records": [
              "63.35.200.79"
            ],
            "set_identifier": "",
            "ttl": 300,
            "type": "A",
            "weighted_routing_policy": [],
            "zone_id": "Z0232405HEUV31J8EQEP"
          },
          "sensitive_attributes": [],
          "private": "eyJzY2hlbWFfdmVyc2lvbiI6IjIifQ==",
          "dependencies": [
            "aws_eip.lb",
            "aws_instance.services",
            "aws_internet_gateway.main",
            "aws_key_pair.ssh_key",
            "aws_route53_zone.public",
            "aws_route_table.main_route_table",
            "aws_route_table_association.route_table_association",
            "aws_security_group.jitsi",
            "aws_subnet.main",
            "aws_vpc.main",
            "data.aws_ami.latest_ubuntu",
            "random_id.jicofo_auth_password",
            "random_id.jicofo_component_secret",
            "random_id.jvb_auth_password",
            "random_id.jwt_app_secret"
          ]
        },
        {
          "index_key": 1,
          "schema_version": 2,
          "attributes": {
            "alias": [],
            "allow_overwrite": true,
            "cidr_routing_policy": [],
            "failover_routing_policy": [],
            "fqdn": "euw1-main-jicofo-1.dev.meet.alve.live",
            "geolocation_routing_policy": [],
            "health_check_id": "",
            "id": "Z0232405HEUV31J8EQEP_euw1-main-jicofo-1_A",
            "latency_routing_policy": [],
            "multivalue_answer_routing_policy": false,
            "name": "euw1-main-jicofo-1",
            "records": [
              "52.17.146.143"
            ],
            "set_identifier": "",
            "ttl": 300,
            "type": "A",
            "weighted_routing_policy": [],
            "zone_id": "Z0232405HEUV31J8EQEP"
          },
          "sensitive_attributes": [],
          "private": "eyJzY2hlbWFfdmVyc2lvbiI6IjIifQ==",
          "dependencies": [
            "aws_eip.lb",
            "aws_instance.services",
            "aws_internet_gateway.main",
            "aws_key_pair.ssh_key",
            "aws_route53_zone.public",
            "aws_route_table.main_route_table",
            "aws_route_table_association.route_table_association",
            "aws_security_group.jitsi",
            "aws_subnet.main",
            "aws_vpc.main",
            "data.aws_ami.latest_ubuntu",
            "random_id.jicofo_auth_password",
            "random_id.jicofo_component_secret",
            "random_id.jvb_auth_password",
            "random_id.jwt_app_secret"
          ]
        },
        {
          "index_key": 2,
          "schema_version": 2,
          "attributes": {
            "alias": [],
            "allow_overwrite": true,
            "cidr_routing_policy": [],
            "failover_routing_policy": [],
            "fqdn": "euw1-main-jvb-1.dev.meet.alve.live",
            "geolocation_routing_policy": [],
            "health_check_id": "",
            "id": "Z0232405HEUV31J8EQEP_euw1-main-jvb-1_A",
            "latency_routing_policy": [],
            "multivalue_answer_routing_policy": false,
            "name": "euw1-main-jvb-1",
            "records": [
              "54.77.72.161"
            ],
            "set_identifier": "",
            "ttl": 300,
            "type": "A",
            "weighted_routing_policy": [],
            "zone_id": "Z0232405HEUV31J8EQEP"
          },
          "sensitive_attributes": [],
          "private": "eyJzY2hlbWFfdmVyc2lvbiI6IjIifQ==",
          "dependencies": [
            "aws_eip.lb",
            "aws_instance.services",
            "aws_internet_gateway.main",
            "aws_key_pair.ssh_key",
            "aws_route53_zone.public",
            "aws_route_table.main_route_table",
            "aws_route_table_association.route_table_association",
            "aws_security_group.jitsi",
            "aws_subnet.main",
            "aws_vpc.main",
            "data.aws_ami.latest_ubuntu",
            "random_id.jicofo_auth_password",
            "random_id.jicofo_component_secret",
            "random_id.jvb_auth_password",
            "random_id.jwt_app_secret"
          ]
        },
        {
          "index_key": 3,
          "schema_version": 2,
          "attributes": {
            "alias": [],
            "allow_overwrite": true,
            "cidr_routing_policy": [],
            "failover_routing_policy": [],
            "fqdn": "euw1-main-jvb-2.dev.meet.alve.live",
            "geolocation_routing_policy": [],
            "health_check_id": "",
            "id": "Z0232405HEUV31J8EQEP_euw1-main-jvb-2_A",
            "latency_routing_policy": [],
            "multivalue_answer_routing_policy": false,
            "name": "euw1-main-jvb-2",
            "records": [
              "54.195.240.107"
            ],
            "set_identifier": "",
            "ttl": 300,
            "type": "A",
            "weighted_routing_policy": [],
            "zone_id": "Z0232405HEUV31J8EQEP"
          },
          "sensitive_attributes": [],
          "private": "eyJzY2hlbWFfdmVyc2lvbiI6IjIifQ==",
          "dependencies": [
            "aws_eip.lb",
            "aws_instance.services",
            "aws_internet_gateway.main",
            "aws_key_pair.ssh_key",
            "aws_route53_zone.public",
            "aws_route_table.main_route_table",
            "aws_route_table_association.route_table_association",
            "aws_security_group.jitsi",
            "aws_subnet.main",
            "aws_vpc.main",
            "data.aws_ami.latest_ubuntu",
            "random_id.jicofo_auth_password",
            "random_id.jicofo_component_secret",
            "random_id.jvb_auth_password",
            "random_id.jwt_app_secret"
          ]
        },
        {
          "index_key": 4,
          "schema_version": 2,
          "attributes": {
            "alias": [],
            "allow_overwrite": true,
            "cidr_routing_policy": [],
            "failover_routing_policy": [],
            "fqdn": "euw1-main-jvb-3.dev.meet.alve.live",
            "geolocation_routing_policy": [],
            "health_check_id": "",
            "id": "Z0232405HEUV31J8EQEP_euw1-main-jvb-3_A",
            "latency_routing_policy": [],
            "multivalue_answer_routing_policy": false,
            "name": "euw1-main-jvb-3",
            "records": [
              "52.50.170.15"
            ],
            "set_identifier": "",
            "ttl": 300,
            "type": "A",
            "weighted_routing_policy": [],
            "zone_id": "Z0232405HEUV31J8EQEP"
          },
          "sensitive_attributes": [],
          "private": "eyJzY2hlbWFfdmVyc2lvbiI6IjIifQ==",
          "dependencies": [
            "aws_eip.lb",
            "aws_instance.services",
            "aws_internet_gateway.main",
            "aws_key_pair.ssh_key",
            "aws_route53_zone.public",
            "aws_route_table.main_route_table",
            "aws_route_table_association.route_table_association",
            "aws_security_group.jitsi",
            "aws_subnet.main",
            "aws_vpc.main",
            "data.aws_ami.latest_ubuntu",
            "random_id.jicofo_auth_password",
            "random_id.jicofo_component_secret",
            "random_id.jvb_auth_password",
            "random_id.jwt_app_secret"
          ]
        }
      ]
    },
    {
      "mode": "managed",
      "type": "aws_route53_zone",
      "name": "public",
      "provider": "provider[\"registry.terraform.io/hashicorp/aws\"]",
      "instances": [
        {
          "schema_version": 0,
          "attributes": {
            "arn": "arn:aws:route53:::hostedzone/Z0232405HEUV31J8EQEP",
            "comment": "Managed by Terraform",
            "delegation_set_id": "",
            "force_destroy": false,
            "id": "Z0232405HEUV31J8EQEP",
            "name": "dev.meet.alve.live",
            "name_servers": [
              "ns-1218.awsdns-24.org",
              "ns-1969.awsdns-54.co.uk",
              "ns-705.awsdns-24.net",
              "ns-91.awsdns-11.com"
            ],
            "primary_name_server": "ns-1969.awsdns-54.co.uk",
            "tags": {},
            "tags_all": {},
            "vpc": [],
            "zone_id": "Z0232405HEUV31J8EQEP"
          },
          "sensitive_attributes": [],
          "private": "bnVsbA==",
          "create_before_destroy": true
        }
      ]
    },
    {
      "mode": "managed",
      "type": "aws_route_table",
      "name": "main_route_table",
      "provider": "provider[\"registry.terraform.io/hashicorp/aws\"]",
      "instances": [
        {
          "schema_version": 0,
          "attributes": {
            "arn": "arn:aws:ec2:eu-west-1:716052451530:route-table/rtb-0ca0104d24be94a6d",
            "id": "rtb-0ca0104d24be94a6d",
            "owner_id": "716052451530",
            "propagating_vgws": [],
            "route": [
              {
                "carrier_gateway_id": "",
                "cidr_block": "0.0.0.0/0",
                "core_network_arn": "",
                "destination_prefix_list_id": "",
                "egress_only_gateway_id": "",
                "gateway_id": "igw-0d72ea21e799e18a0",
                "ipv6_cidr_block": "",
                "local_gateway_id": "",
                "nat_gateway_id": "",
                "network_interface_id": "",
                "transit_gateway_id": "",
                "vpc_endpoint_id": "",
                "vpc_peering_connection_id": ""
              }
            ],
            "tags": {
              "Name": "Main"
            },
            "tags_all": {
              "Name": "Main"
            },
            "timeouts": null,
            "vpc_id": "vpc-0808d3ffdb9c5c7e0"
          },
          "sensitive_attributes": [],
          "private": "eyJlMmJmYjczMC1lY2FhLTExZTYtOGY4OC0zNDM2M2JjN2M0YzAiOnsiY3JlYXRlIjozMDAwMDAwMDAwMDAsImRlbGV0ZSI6MzAwMDAwMDAwMDAwLCJ1cGRhdGUiOjEyMDAwMDAwMDAwMH19",
          "dependencies": [
            "aws_internet_gateway.main",
            "aws_vpc.main"
          ],
          "create_before_destroy": true
        }
      ]
    },
    {
      "mode": "managed",
      "type": "aws_route_table_association",
      "name": "route_table_association",
      "provider": "provider[\"registry.terraform.io/hashicorp/aws\"]",
      "instances": [
        {
          "schema_version": 0,
          "attributes": {
            "gateway_id": "",
            "id": "rtbassoc-0064a483ccda233e7",
            "route_table_id": "rtb-0ca0104d24be94a6d",
            "subnet_id": "subnet-0b5c4dea039e45e8e",
            "timeouts": null
          },
          "sensitive_attributes": [],
          "private": "eyJlMmJmYjczMC1lY2FhLTExZTYtOGY4OC0zNDM2M2JjN2M0YzAiOnsiY3JlYXRlIjozMDAwMDAwMDAwMDAsImRlbGV0ZSI6MzAwMDAwMDAwMDAwLCJ1cGRhdGUiOjEyMDAwMDAwMDAwMH19",
          "dependencies": [
            "aws_internet_gateway.main",
            "aws_route_table.main_route_table",
            "aws_subnet.main",
            "aws_vpc.main"
          ],
          "create_before_destroy": true
        }
      ]
    },
    {
      "mode": "managed",
      "type": "aws_security_group",
      "name": "jitsi",
      "provider": "provider[\"registry.terraform.io/hashicorp/aws\"]",
      "instances": [
        {
          "schema_version": 1,
          "attributes": {
            "arn": "arn:aws:ec2:eu-west-1:716052451530:security-group/sg-097588162dcc892fd",
            "description": "Jitsi",
            "egress": [
              {
                "cidr_blocks": [
                  "0.0.0.0/0"
                ],
                "description": "",
                "from_port": 0,
                "ipv6_cidr_blocks": [],
                "prefix_list_ids": [],
                "protocol": "-1",
                "security_groups": [],
                "self": false,
                "to_port": 0
              }
            ],
            "id": "sg-097588162dcc892fd",
            "ingress": [
              {
                "cidr_blocks": [
                  "0.0.0.0/0"
                ],
                "description": "",
                "from_port": 10000,
                "ipv6_cidr_blocks": [],
                "prefix_list_ids": [],
                "protocol": "udp",
                "security_groups": [],
                "self": false,
                "to_port": 10000
              },
              {
                "cidr_blocks": [
                  "0.0.0.0/0"
                ],
                "description": "",
                "from_port": 22,
                "ipv6_cidr_blocks": [],
                "prefix_list_ids": [],
                "protocol": "tcp",
                "security_groups": [],
                "self": false,
                "to_port": 22
              },
              {
                "cidr_blocks": [
                  "0.0.0.0/0"
                ],
                "description": "",
                "from_port": 443,
                "ipv6_cidr_blocks": [],
                "prefix_list_ids": [],
                "protocol": "tcp",
                "security_groups": [],
                "self": false,
                "to_port": 443
              },
              {
                "cidr_blocks": [
                  "0.0.0.0/0"
                ],
                "description": "",
                "from_port": 5222,
                "ipv6_cidr_blocks": [],
                "prefix_list_ids": [],
                "protocol": "tcp",
                "security_groups": [],
                "self": false,
                "to_port": 5222
              },
              {
                "cidr_blocks": [
                  "0.0.0.0/0"
                ],
                "description": "",
                "from_port": 5269,
                "ipv6_cidr_blocks": [],
                "prefix_list_ids": [],
                "protocol": "tcp",
                "security_groups": [],
                "self": false,
                "to_port": 5269
              },
              {
                "cidr_blocks": [
                  "0.0.0.0/0"
                ],
                "description": "",
                "from_port": 5280,
                "ipv6_cidr_blocks": [],
                "prefix_list_ids": [],
                "protocol": "tcp",
                "security_groups": [],
                "self": false,
                "to_port": 5280
              },
              {
                "cidr_blocks": [
                  "0.0.0.0/0"
                ],
                "description": "",
                "from_port": 5347,
                "ipv6_cidr_blocks": [],
                "prefix_list_ids": [],
                "protocol": "tcp",
                "security_groups": [],
                "self": false,
                "to_port": 5347
              },
              {
                "cidr_blocks": [
                  "0.0.0.0/0"
                ],
                "description": "",
                "from_port": 8080,
                "ipv6_cidr_blocks": [],
                "prefix_list_ids": [],
                "protocol": "tcp",
                "security_groups": [],
                "self": false,
                "to_port": 8080
              },
              {
                "cidr_blocks": [
                  "0.0.0.0/0"
                ],
                "description": "",
                "from_port": 80,
                "ipv6_cidr_blocks": [],
                "prefix_list_ids": [],
                "protocol": "tcp",
                "security_groups": [],
                "self": false,
                "to_port": 80
              },
              {
                "cidr_blocks": [
                  "0.0.0.0/0"
                ],
                "description": "",
                "from_port": 8888,
                "ipv6_cidr_blocks": [],
                "prefix_list_ids": [],
                "protocol": "tcp",
                "security_groups": [],
                "self": false,
                "to_port": 8888
              }
            ],
            "name": "Jitsi sg",
            "name_prefix": "",
            "owner_id": "716052451530",
            "revoke_rules_on_delete": false,
            "tags": {
              "Name": "Jitsi sg"
            },
            "tags_all": {
              "Name": "Jitsi sg"
            },
            "timeouts": null,
            "vpc_id": "vpc-0808d3ffdb9c5c7e0"
          },
          "sensitive_attributes": [],
          "private": "eyJlMmJmYjczMC1lY2FhLTExZTYtOGY4OC0zNDM2M2JjN2M0YzAiOnsiY3JlYXRlIjo2MDAwMDAwMDAwMDAsImRlbGV0ZSI6OTAwMDAwMDAwMDAwfSwic2NoZW1hX3ZlcnNpb24iOiIxIn0=",
          "dependencies": [
            "aws_vpc.main"
          ],
          "create_before_destroy": true
        }
      ]
    },
    {
      "mode": "managed",
      "type": "aws_subnet",
      "name": "main",
      "provider": "provider[\"registry.terraform.io/hashicorp/aws\"]",
      "instances": [
        {
          "schema_version": 1,
          "attributes": {
            "arn": "arn:aws:ec2:eu-west-1:716052451530:subnet/subnet-0b5c4dea039e45e8e",
            "assign_ipv6_address_on_creation": false,
            "availability_zone": "eu-west-1b",
            "availability_zone_id": "euw1-az3",
            "cidr_block": "10.0.0.0/24",
            "customer_owned_ipv4_pool": "",
            "enable_dns64": false,
            "enable_lni_at_device_index": 0,
            "enable_resource_name_dns_a_record_on_launch": false,
            "enable_resource_name_dns_aaaa_record_on_launch": false,
            "id": "subnet-0b5c4dea039e45e8e",
            "ipv6_cidr_block": "",
            "ipv6_cidr_block_association_id": "",
            "ipv6_native": false,
            "map_customer_owned_ip_on_launch": false,
            "map_public_ip_on_launch": false,
            "outpost_arn": "",
            "owner_id": "716052451530",
            "private_dns_hostname_type_on_launch": "ip-name",
            "tags": {
              "Name": "Subnet Jitsi"
            },
            "tags_all": {
              "Name": "Subnet Jitsi"
            },
            "timeouts": null,
            "vpc_id": "vpc-0808d3ffdb9c5c7e0"
          },
          "sensitive_attributes": [],
          "private": "eyJlMmJmYjczMC1lY2FhLTExZTYtOGY4OC0zNDM2M2JjN2M0YzAiOnsiY3JlYXRlIjo2MDAwMDAwMDAwMDAsImRlbGV0ZSI6MTIwMDAwMDAwMDAwMH0sInNjaGVtYV92ZXJzaW9uIjoiMSJ9",
          "dependencies": [
            "aws_vpc.main"
          ],
          "create_before_destroy": true
        }
      ]
    },
    {
      "mode": "managed",
      "type": "aws_vpc",
      "name": "main",
      "provider": "provider[\"registry.terraform.io/hashicorp/aws\"]",
      "instances": [
        {
          "schema_version": 1,
          "attributes": {
            "arn": "arn:aws:ec2:eu-west-1:716052451530:vpc/vpc-0808d3ffdb9c5c7e0",
            "assign_generated_ipv6_cidr_block": false,
            "cidr_block": "10.0.0.0/16",
            "default_network_acl_id": "acl-009f3dea7e3b74f18",
            "default_route_table_id": "rtb-039b8265415a69873",
            "default_security_group_id": "sg-02cf8b4f9c9d6eba2",
            "dhcp_options_id": "dopt-0a91b022c513b5717",
            "enable_dns_hostnames": true,
            "enable_dns_support": true,
            "enable_network_address_usage_metrics": false,
            "id": "vpc-0808d3ffdb9c5c7e0",
            "instance_tenancy": "default",
            "ipv4_ipam_pool_id": null,
            "ipv4_netmask_length": null,
            "ipv6_association_id": "",
            "ipv6_cidr_block": "",
            "ipv6_cidr_block_network_border_group": "",
            "ipv6_ipam_pool_id": "",
            "ipv6_netmask_length": 0,
            "main_route_table_id": "rtb-039b8265415a69873",
            "owner_id": "716052451530",
            "tags": {
              "Name": "Main vpc Jitsi"
            },
            "tags_all": {
              "Name": "Main vpc Jitsi"
            }
          },
          "sensitive_attributes": [],
          "private": "eyJzY2hlbWFfdmVyc2lvbiI6IjEifQ==",
          "create_before_destroy": true
        }
      ]
    },
    {
      "mode": "managed",
      "type": "cloudflare_record",
      "name": "public_ns",
      "provider": "provider[\"registry.terraform.io/cloudflare/cloudflare\"]",
      "instances": [
        {
          "index_key": 0,
          "schema_version": 2,
          "attributes": {
            "allow_overwrite": false,
            "comment": "",
            "created_on": "2023-12-29T13:27:35.243067Z",
            "data": [],
            "hostname": "dev.meet.alve.live",
            "id": "ca429a835c3cbe45b26233fdb2bb5bcb",
            "metadata": {
              "auto_added": "false",
              "managed_by_apps": "false",
              "managed_by_argo_tunnel": "false",
              "source": "primary"
            },
            "modified_on": "2023-12-29T13:27:35.243067Z",
            "name": "dev.meet",
            "priority": null,
            "proxiable": false,
            "proxied": false,
            "tags": [],
            "timeouts": null,
            "ttl": 86400,
            "type": "NS",
            "value": "ns-1218.awsdns-24.org",
            "zone_id": "af263e6d9efc2a0e8534567c4f0b6be7"
          },
          "sensitive_attributes": [],
          "private": "eyJlMmJmYjczMC1lY2FhLTExZTYtOGY4OC0zNDM2M2JjN2M0YzAiOnsiY3JlYXRlIjozMDAwMDAwMDAwMCwidXBkYXRlIjozMDAwMDAwMDAwMH0sInNjaGVtYV92ZXJzaW9uIjoiMiJ9",
          "dependencies": [
            "aws_route53_zone.public",
            "data.cloudflare_zone.public"
          ]
        },
        {
          "index_key": 1,
          "schema_version": 2,
          "attributes": {
            "allow_overwrite": false,
            "comment": "",
            "created_on": "2023-12-29T13:27:35.209101Z",
            "data": [],
            "hostname": "dev.meet.alve.live",
            "id": "827eeb58fd5379d69483c8fd1b71967e",
            "metadata": {
              "auto_added": "false",
              "managed_by_apps": "false",
              "managed_by_argo_tunnel": "false",
              "source": "primary"
            },
            "modified_on": "2023-12-29T13:27:35.209101Z",
            "name": "dev.meet",
            "priority": null,
            "proxiable": false,
            "proxied": false,
            "tags": [],
            "timeouts": null,
            "ttl": 86400,
            "type": "NS",
            "value": "ns-1969.awsdns-54.co.uk",
            "zone_id": "af263e6d9efc2a0e8534567c4f0b6be7"
          },
          "sensitive_attributes": [],
          "private": "eyJlMmJmYjczMC1lY2FhLTExZTYtOGY4OC0zNDM2M2JjN2M0YzAiOnsiY3JlYXRlIjozMDAwMDAwMDAwMCwidXBkYXRlIjozMDAwMDAwMDAwMH0sInNjaGVtYV92ZXJzaW9uIjoiMiJ9",
          "dependencies": [
            "aws_route53_zone.public",
            "data.cloudflare_zone.public"
          ]
        },
        {
          "index_key": 2,
          "schema_version": 2,
          "attributes": {
            "allow_overwrite": false,
            "comment": "",
            "created_on": "2023-12-29T13:27:35.401529Z",
            "data": [],
            "hostname": "dev.meet.alve.live",
            "id": "3de780e899f6c97994c006f24e5b04de",
            "metadata": {
              "auto_added": "false",
              "managed_by_apps": "false",
              "managed_by_argo_tunnel": "false",
              "source": "primary"
            },
            "modified_on": "2023-12-29T13:27:35.401529Z",
            "name": "dev.meet",
            "priority": null,
            "proxiable": false,
            "proxied": false,
            "tags": [],
            "timeouts": null,
            "ttl": 86400,
            "type": "NS",
            "value": "ns-705.awsdns-24.net",
            "zone_id": "af263e6d9efc2a0e8534567c4f0b6be7"
          },
          "sensitive_attributes": [],
          "private": "eyJlMmJmYjczMC1lY2FhLTExZTYtOGY4OC0zNDM2M2JjN2M0YzAiOnsiY3JlYXRlIjozMDAwMDAwMDAwMCwidXBkYXRlIjozMDAwMDAwMDAwMH0sInNjaGVtYV92ZXJzaW9uIjoiMiJ9",
          "dependencies": [
            "aws_route53_zone.public",
            "data.cloudflare_zone.public"
          ]
        },
        {
          "index_key": 3,
          "schema_version": 2,
          "attributes": {
            "allow_overwrite": false,
            "comment": "",
            "created_on": "2023-12-29T13:27:35.281599Z",
            "data": [],
            "hostname": "dev.meet.alve.live",
            "id": "7795c9cedb6411d3b456b0829b117cfa",
            "metadata": {
              "auto_added": "false",
              "managed_by_apps": "false",
              "managed_by_argo_tunnel": "false",
              "source": "primary"
            },
            "modified_on": "2023-12-29T13:27:35.281599Z",
            "name": "dev.meet",
            "priority": null,
            "proxiable": false,
            "proxied": false,
            "tags": [],
            "timeouts": null,
            "ttl": 86400,
            "type": "NS",
            "value": "ns-91.awsdns-11.com",
            "zone_id": "af263e6d9efc2a0e8534567c4f0b6be7"
          },
          "sensitive_attributes": [],
          "private": "eyJlMmJmYjczMC1lY2FhLTExZTYtOGY4OC0zNDM2M2JjN2M0YzAiOnsiY3JlYXRlIjozMDAwMDAwMDAwMCwidXBkYXRlIjozMDAwMDAwMDAwMH0sInNjaGVtYV92ZXJzaW9uIjoiMiJ9",
          "dependencies": [
            "aws_route53_zone.public",
            "data.cloudflare_zone.public"
          ]
        }
      ]
    },
    {
      "mode": "managed",
      "type": "random_id",
      "name": "jicofo_auth_password",
      "provider": "provider[\"registry.terraform.io/hashicorp/random\"]",
      "instances": [
        {
          "schema_version": 0,
          "attributes": {
            "b64_std": "5LBpCkIMO9/npcYBIeMKhA==",
            "b64_url": "5LBpCkIMO9_npcYBIeMKhA",
            "byte_length": 16,
            "dec": "303979957751793757760709800628999883396",
            "hex": "e4b0690a420c3bdfe7a5c60121e30a84",
            "id": "5LBpCkIMO9_npcYBIeMKhA",
            "keepers": null,
            "prefix": null
          },
          "sensitive_attributes": [],
          "create_before_destroy": true
        }
      ]
    },
    {
      "mode": "managed",
      "type": "random_id",
      "name": "jicofo_component_secret",
      "provider": "provider[\"registry.terraform.io/hashicorp/random\"]",
      "instances": [
        {
          "schema_version": 0,
          "attributes": {
            "b64_std": "YdtmVufqFsmf26F0ei5+2A==",
            "b64_url": "YdtmVufqFsmf26F0ei5-2A",
            "byte_length": 16,
            "dec": "130074304294331549141331433251392093912",
            "hex": "61db6656e7ea16c99fdba1747a2e7ed8",
            "id": "YdtmVufqFsmf26F0ei5-2A",
            "keepers": null,
            "prefix": null
          },
          "sensitive_attributes": [],
          "create_before_destroy": true
        }
      ]
    },
    {
      "mode": "managed",
      "type": "random_id",
      "name": "jvb_auth_password",
      "provider": "provider[\"registry.terraform.io/hashicorp/random\"]",
      "instances": [
        {
          "schema_version": 0,
          "attributes": {
            "b64_std": "raVQU1eubvvczQRoWJyBHQ==",
            "b64_url": "raVQU1eubvvczQRoWJyBHQ",
            "byte_length": 16,
            "dec": "230814801448290546442066311889377067293",
            "hex": "ada5505357ae6efbdccd0468589c811d",
            "id": "raVQU1eubvvczQRoWJyBHQ",
            "keepers": null,
            "prefix": null
          },
          "sensitive_attributes": [],
          "create_before_destroy": true
        }
      ]
    },
    {
      "mode": "managed",
      "type": "random_id",
      "name": "jwt_app_secret",
      "provider": "provider[\"registry.terraform.io/hashicorp/random\"]",
      "instances": [
        {
          "schema_version": 0,
          "attributes": {
            "b64_std": "VU9a0AUHOhX1GCn1M6SUAQ==",
            "b64_url": "VU9a0AUHOhX1GCn1M6SUAQ",
            "byte_length": 16,
            "dec": "113396412991420394028940455850608464897",
            "hex": "554f5ad005073a15f51829f533a49401",
            "id": "VU9a0AUHOhX1GCn1M6SUAQ",
            "keepers": null,
            "prefix": null
          },
          "sensitive_attributes": [],
          "create_before_destroy": true
        }
      ]
    }
  ],
  "check_results": null
}
